{
  "version": 4,
  "terraform_version": "1.0.1",
  "serial": 248,
  "lineage": "99563dcb-aff3-443d-200f-7da0cd7375a2",
  "outputs": {
    "runners": {
      "value": {
        "lambda_syncer_name": "ce-ci-syncer"
      },
      "type": [
        "object",
        {
          "lambda_syncer_name": "string"
        }
      ]
    },
    "webhook": {
      "value": {
        "endpoint": "https://klkdr4lt93.execute-api.us-east-1.amazonaws.com/webhook",
        "secret": "d\u003eKH+BO#i1sD8hmv]a+0E)aa5=+v"
      },
      "type": [
        "object",
        {
          "endpoint": "string",
          "secret": "string"
        }
      ]
    }
  },
  "resources": [
    {
      "mode": "managed",
      "type": "random_password",
      "name": "random",
      "provider": "provider[\"registry.terraform.io/hashicorp/random\"]",
      "instances": [
        {
          "schema_version": 0,
          "attributes": {
            "id": "none",
            "keepers": null,
            "length": 28,
            "lower": true,
            "min_lower": 0,
            "min_numeric": 0,
            "min_special": 0,
            "min_upper": 0,
            "number": true,
            "override_special": null,
            "result": "d\u003eKH+BO#i1sD8hmv]a+0E)aa5=+v",
            "special": true,
            "upper": true
          },
          "sensitive_attributes": [],
          "private": "bnVsbA=="
        }
      ]
    },
    {
      "module": "module.runners",
      "mode": "managed",
      "type": "aws_resourcegroups_group",
      "name": "resourcegroups_group",
      "provider": "provider[\"registry.terraform.io/hashicorp/aws\"]",
      "instances": [
        {
          "schema_version": 0,
          "attributes": {
            "arn": "arn:aws:resource-groups:us-east-1:052730242331:group/ce-ci-group",
            "description": "",
            "id": "ce-ci-group",
            "name": "ce-ci-group",
            "resource_query": [
              {
                "query": "{\n  \"ResourceTypeFilters\": [\"AWS::AllSupported\"],\n  \"TagFilters\": [\n    {\n      \"Key\": \"Environment\",\n      \"Values\": [\"ce-ci\"]\n    }\n  ]\n}\n",
                "type": "TAG_FILTERS_1_0"
              }
            ],
            "tags": null,
            "tags_all": {}
          },
          "sensitive_attributes": [],
          "private": "bnVsbA=="
        }
      ]
    },
    {
      "module": "module.runners",
      "mode": "managed",
      "type": "aws_sqs_queue",
      "name": "queued_builds",
      "provider": "provider[\"registry.terraform.io/hashicorp/aws\"]",
      "instances": [
        {
          "schema_version": 0,
          "attributes": {
            "arn": "arn:aws:sqs:us-east-1:052730242331:ce-ci-queued-builds.fifo",
            "content_based_deduplication": true,
            "deduplication_scope": "queue",
            "delay_seconds": 30,
            "fifo_queue": true,
            "fifo_throughput_limit": "perQueue",
            "id": "https://sqs.us-east-1.amazonaws.com/052730242331/ce-ci-queued-builds.fifo",
            "kms_data_key_reuse_period_seconds": 300,
            "kms_master_key_id": "",
            "max_message_size": 262144,
            "message_retention_seconds": 345600,
            "name": "ce-ci-queued-builds.fifo",
            "name_prefix": "",
            "policy": "",
            "receive_wait_time_seconds": 10,
            "redrive_policy": "",
            "tags": {
              "Site": "CompilerExplorer"
            },
            "tags_all": {
              "Site": "CompilerExplorer"
            },
            "url": "https://sqs.us-east-1.amazonaws.com/052730242331/ce-ci-queued-builds.fifo",
            "visibility_timeout_seconds": 180
          },
          "sensitive_attributes": [],
          "private": "bnVsbA=="
        }
      ]
    },
    {
      "module": "module.runners",
      "mode": "managed",
      "type": "random_string",
      "name": "random",
      "provider": "provider[\"registry.terraform.io/hashicorp/random\"]",
      "instances": [
        {
          "schema_version": 1,
          "attributes": {
            "id": "qgz5z8rszjzy42ty7y0jkdrp",
            "keepers": null,
            "length": 24,
            "lower": true,
            "min_lower": 0,
            "min_numeric": 0,
            "min_special": 0,
            "min_upper": 0,
            "number": true,
            "override_special": null,
            "result": "qgz5z8rszjzy42ty7y0jkdrp",
            "special": false,
            "upper": false
          },
          "sensitive_attributes": [],
          "private": "eyJzY2hlbWFfdmVyc2lvbiI6IjEifQ=="
        }
      ]
    },
    {
      "module": "module.runners.module.runner_binaries",
      "mode": "data",
      "type": "aws_caller_identity",
      "name": "current",
      "provider": "provider[\"registry.terraform.io/hashicorp/aws\"]",
      "instances": [
        {
          "schema_version": 0,
          "attributes": {
            "account_id": "052730242331",
            "arn": "arn:aws:iam::052730242331:user/mattgodbolt",
            "id": "052730242331",
            "user_id": "AIDAJLHYMRG5C4ZB2YVMO"
          },
          "sensitive_attributes": []
        }
      ]
    },
    {
      "module": "module.runners.module.runner_binaries",
      "mode": "data",
      "type": "aws_iam_policy_document",
      "name": "lambda_assume_role_policy",
      "provider": "provider[\"registry.terraform.io/hashicorp/aws\"]",
      "instances": [
        {
          "schema_version": 0,
          "attributes": {
            "id": "3693445097",
            "json": "{\n  \"Version\": \"2012-10-17\",\n  \"Statement\": [\n    {\n      \"Sid\": \"\",\n      \"Effect\": \"Allow\",\n      \"Action\": \"sts:AssumeRole\",\n      \"Principal\": {\n        \"Service\": \"lambda.amazonaws.com\"\n      }\n    }\n  ]\n}",
            "override_json": null,
            "override_policy_documents": null,
            "policy_id": null,
            "source_json": null,
            "source_policy_documents": null,
            "statement": [
              {
                "actions": [
                  "sts:AssumeRole"
                ],
                "condition": [],
                "effect": "Allow",
                "not_actions": [],
                "not_principals": [],
                "not_resources": [],
                "principals": [
                  {
                    "identifiers": [
                      "lambda.amazonaws.com"
                    ],
                    "type": "Service"
                  }
                ],
                "resources": [],
                "sid": ""
              }
            ],
            "version": "2012-10-17"
          },
          "sensitive_attributes": []
        }
      ]
    },
    {
      "module": "module.runners.module.runner_binaries",
      "mode": "managed",
      "type": "aws_cloudwatch_event_rule",
      "name": "syncer",
      "provider": "provider[\"registry.terraform.io/hashicorp/aws\"]",
      "instances": [
        {
          "schema_version": 0,
          "attributes": {
            "arn": "arn:aws:events:us-east-1:052730242331:rule/ce-ci-syncer-rule",
            "description": "",
            "event_bus_name": "default",
            "event_pattern": null,
            "id": "ce-ci-syncer-rule",
            "is_enabled": true,
            "name": "ce-ci-syncer-rule",
            "name_prefix": "",
            "role_arn": "",
            "schedule_expression": "cron(27 * * * ? *)",
            "tags": {
              "Environment": "ce-ci",
              "Site": "CompilerExplorer"
            },
            "tags_all": {
              "Environment": "ce-ci",
              "Site": "CompilerExplorer"
            }
          },
          "sensitive_attributes": [],
          "private": "bnVsbA=="
        }
      ]
    },
    {
      "module": "module.runners.module.runner_binaries",
      "mode": "managed",
      "type": "aws_cloudwatch_event_target",
      "name": "syncer",
      "provider": "provider[\"registry.terraform.io/hashicorp/aws\"]",
      "instances": [
        {
          "schema_version": 1,
          "attributes": {
            "arn": "arn:aws:lambda:us-east-1:052730242331:function:ce-ci-syncer",
            "batch_target": [],
            "dead_letter_config": [],
            "ecs_target": [],
            "event_bus_name": "default",
            "http_target": [],
            "id": "ce-ci-syncer-rule-terraform-2021102603025978660000000a",
            "input": "",
            "input_path": "",
            "input_transformer": [],
            "kinesis_target": [],
            "redshift_target": [],
            "retry_policy": [],
            "role_arn": "",
            "rule": "ce-ci-syncer-rule",
            "run_command_targets": [],
            "sqs_target": [],
            "target_id": "terraform-2021102603025978660000000a"
          },
          "sensitive_attributes": [],
          "private": "eyJzY2hlbWFfdmVyc2lvbiI6IjEifQ==",
          "dependencies": [
            "module.runners.module.runner_binaries.aws_cloudwatch_event_rule.syncer",
            "module.runners.module.runner_binaries.aws_iam_role.syncer_lambda",
            "module.runners.module.runner_binaries.aws_lambda_function.syncer",
            "module.runners.module.runner_binaries.aws_s3_bucket.action_dist",
            "module.runners.module.runner_binaries.data.aws_iam_policy_document.lambda_assume_role_policy",
            "module.runners.random_string.random"
          ]
        }
      ]
    },
    {
      "module": "module.runners.module.runner_binaries",
      "mode": "managed",
      "type": "aws_cloudwatch_log_group",
      "name": "syncer",
      "provider": "provider[\"registry.terraform.io/hashicorp/aws\"]",
      "instances": [
        {
          "schema_version": 0,
          "attributes": {
            "arn": "arn:aws:logs:us-east-1:052730242331:log-group:/aws/lambda/ce-ci-syncer",
            "id": "/aws/lambda/ce-ci-syncer",
            "kms_key_id": "",
            "name": "/aws/lambda/ce-ci-syncer",
            "name_prefix": null,
            "retention_in_days": 180,
            "tags": {
              "Environment": "ce-ci",
              "Site": "CompilerExplorer"
            },
            "tags_all": {
              "Environment": "ce-ci",
              "Site": "CompilerExplorer"
            }
          },
          "sensitive_attributes": [],
          "private": "bnVsbA==",
          "dependencies": [
            "module.runners.module.runner_binaries.aws_iam_role.syncer_lambda",
            "module.runners.module.runner_binaries.aws_lambda_function.syncer",
            "module.runners.module.runner_binaries.aws_s3_bucket.action_dist",
            "module.runners.module.runner_binaries.data.aws_iam_policy_document.lambda_assume_role_policy",
            "module.runners.random_string.random"
          ]
        }
      ]
    },
    {
      "module": "module.runners.module.runner_binaries",
      "mode": "managed",
      "type": "aws_iam_role",
      "name": "syncer_lambda",
      "provider": "provider[\"registry.terraform.io/hashicorp/aws\"]",
      "instances": [
        {
          "schema_version": 0,
          "attributes": {
            "arn": "arn:aws:iam::052730242331:role/ce-ci/ce-ci-action-syncer-lambda-role",
            "assume_role_policy": "{\"Version\":\"2012-10-17\",\"Statement\":[{\"Sid\":\"\",\"Effect\":\"Allow\",\"Principal\":{\"Service\":\"lambda.amazonaws.com\"},\"Action\":\"sts:AssumeRole\"}]}",
            "create_date": "2021-10-26T03:02:14Z",
            "description": "",
            "force_detach_policies": false,
            "id": "ce-ci-action-syncer-lambda-role",
            "inline_policy": [
              {
                "name": "",
                "policy": ""
              }
            ],
            "managed_policy_arns": [],
            "max_session_duration": 3600,
            "name": "ce-ci-action-syncer-lambda-role",
            "name_prefix": "",
            "path": "/ce-ci/",
            "permissions_boundary": null,
            "tags": {
              "Environment": "ce-ci",
              "Site": "CompilerExplorer"
            },
            "tags_all": {
              "Environment": "ce-ci",
              "Site": "CompilerExplorer"
            },
            "unique_id": "AROAQYRXXUUN6QMTR7LYE"
          },
          "sensitive_attributes": [],
          "private": "bnVsbA==",
          "dependencies": [
            "module.runners.module.runner_binaries.data.aws_iam_policy_document.lambda_assume_role_policy"
          ]
        }
      ]
    },
    {
      "module": "module.runners.module.runner_binaries",
      "mode": "managed",
      "type": "aws_iam_role_policy",
      "name": "lambda_logging",
      "provider": "provider[\"registry.terraform.io/hashicorp/aws\"]",
      "instances": [
        {
          "schema_version": 0,
          "attributes": {
            "id": "ce-ci-action-syncer-lambda-role:ce-ci-lambda-logging-policy-syncer",
            "name": "ce-ci-lambda-logging-policy-syncer",
            "name_prefix": null,
            "policy": "{\n  \"Version\": \"2012-10-17\",\n  \"Statement\": [\n    {\n      \"Effect\": \"Allow\",\n      \"Action\": [\"logs:CreateLogStream\", \"logs:PutLogEvents\"],\n      \"Resource\": \"arn:aws:logs:us-east-1:052730242331:log-group:/aws/lambda/ce-ci-syncer*\"\n    }\n  ]\n}\n",
            "role": "ce-ci-action-syncer-lambda-role"
          },
          "sensitive_attributes": [],
          "private": "bnVsbA==",
          "dependencies": [
            "module.runners.module.runner_binaries.aws_cloudwatch_log_group.syncer",
            "module.runners.module.runner_binaries.aws_iam_role.syncer_lambda",
            "module.runners.module.runner_binaries.aws_lambda_function.syncer",
            "module.runners.module.runner_binaries.aws_s3_bucket.action_dist",
            "module.runners.module.runner_binaries.data.aws_iam_policy_document.lambda_assume_role_policy",
            "module.runners.random_string.random"
          ]
        }
      ]
    },
    {
      "module": "module.runners.module.runner_binaries",
      "mode": "managed",
      "type": "aws_iam_role_policy",
      "name": "syncer",
      "provider": "provider[\"registry.terraform.io/hashicorp/aws\"]",
      "instances": [
        {
          "schema_version": 0,
          "attributes": {
            "id": "ce-ci-action-syncer-lambda-role:ce-ci-lambda-syncer-s3-policy",
            "name": "ce-ci-lambda-syncer-s3-policy",
            "name_prefix": null,
            "policy": "{\n  \"Version\": \"2012-10-17\",\n  \"Statement\": [\n    {\n      \"Effect\": \"Allow\",\n      \"Action\": [\n        \"s3:GetObjectTagging\",\n        \"s3:GetObjectVersionTagging\",\n        \"s3:PutObject*\",\n        \"s3:RequestObjectTag*\"\n      ],\n      \"Resource\": [\"arn:aws:s3:::ce-ci-dist-qgz5z8rszjzy42ty7y0jkdrp/actions-runner-linux.tar.gz\"]\n    }\n  ]\n}\n",
            "role": "ce-ci-action-syncer-lambda-role"
          },
          "sensitive_attributes": [],
          "private": "bnVsbA==",
          "dependencies": [
            "module.runners.module.runner_binaries.aws_iam_role.syncer_lambda",
            "module.runners.module.runner_binaries.aws_s3_bucket.action_dist",
            "module.runners.module.runner_binaries.data.aws_iam_policy_document.lambda_assume_role_policy",
            "module.runners.random_string.random"
          ]
        }
      ]
    },
    {
      "module": "module.runners.module.runner_binaries",
      "mode": "managed",
      "type": "aws_lambda_function",
      "name": "syncer",
      "provider": "provider[\"registry.terraform.io/hashicorp/aws\"]",
      "instances": [
        {
          "schema_version": 0,
          "attributes": {
            "architectures": [
              "x86_64"
            ],
            "arn": "arn:aws:lambda:us-east-1:052730242331:function:ce-ci-syncer",
            "code_signing_config_arn": "",
            "dead_letter_config": [],
            "description": "",
            "environment": [
              {
                "variables": {
                  "GITHUB_RUNNER_ALLOW_PRERELEASE_BINARIES": "false",
                  "GITHUB_RUNNER_ARCHITECTURE": "x64",
                  "S3_BUCKET_NAME": "ce-ci-dist-qgz5z8rszjzy42ty7y0jkdrp",
                  "S3_OBJECT_KEY": "actions-runner-linux.tar.gz"
                }
              }
            ],
            "file_system_config": [],
            "filename": "lambdas-download/runner-binaries-syncer.zip",
            "function_name": "ce-ci-syncer",
            "handler": "index.handler",
            "id": "ce-ci-syncer",
            "image_config": [],
            "image_uri": "",
            "invoke_arn": "arn:aws:apigateway:us-east-1:lambda:path/2015-03-31/functions/arn:aws:lambda:us-east-1:052730242331:function:ce-ci-syncer/invocations",
            "kms_key_arn": "",
            "last_modified": "2021-10-26T03:02:53.833+0000",
            "layers": null,
            "memory_size": 256,
            "package_type": "Zip",
            "publish": false,
            "qualified_arn": "arn:aws:lambda:us-east-1:052730242331:function:ce-ci-syncer:$LATEST",
            "reserved_concurrent_executions": -1,
            "role": "arn:aws:iam::052730242331:role/ce-ci/ce-ci-action-syncer-lambda-role",
            "runtime": "nodejs14.x",
            "s3_bucket": null,
            "s3_key": null,
            "s3_object_version": null,
            "signing_job_arn": "",
            "signing_profile_version_arn": "",
            "source_code_hash": "49/HYMqu9DMu8QfZdS4VHie2d0i6fwFJD+42szSgHJY=",
            "source_code_size": 1004320,
            "tags": {
              "Environment": "ce-ci",
              "Site": "CompilerExplorer"
            },
            "tags_all": {
              "Environment": "ce-ci",
              "Site": "CompilerExplorer"
            },
            "timeout": 300,
            "timeouts": null,
            "tracing_config": [
              {
                "mode": "PassThrough"
              }
            ],
            "version": "$LATEST",
            "vpc_config": []
          },
          "sensitive_attributes": [],
          "private": "eyJlMmJmYjczMC1lY2FhLTExZTYtOGY4OC0zNDM2M2JjN2M0YzAiOnsiY3JlYXRlIjo2MDAwMDAwMDAwMDB9fQ==",
          "dependencies": [
            "module.runners.module.runner_binaries.aws_iam_role.syncer_lambda",
            "module.runners.module.runner_binaries.aws_s3_bucket.action_dist",
            "module.runners.module.runner_binaries.data.aws_iam_policy_document.lambda_assume_role_policy",
            "module.runners.random_string.random"
          ]
        }
      ]
    },
    {
      "module": "module.runners.module.runner_binaries",
      "mode": "managed",
      "type": "aws_lambda_permission",
      "name": "on_deploy",
      "provider": "provider[\"registry.terraform.io/hashicorp/aws\"]",
      "instances": [
        {
          "schema_version": 0,
          "attributes": {
            "action": "lambda:InvokeFunction",
            "event_source_token": "",
            "function_name": "arn:aws:lambda:us-east-1:052730242331:function:ce-ci-syncer",
            "id": "AllowExecutionFromS3Bucket",
            "principal": "s3.amazonaws.com",
            "qualifier": "",
            "source_account": "052730242331",
            "source_arn": "arn:aws:s3:::ce-ci-dist-qgz5z8rszjzy42ty7y0jkdrp",
            "statement_id": "AllowExecutionFromS3Bucket",
            "statement_id_prefix": null
          },
          "sensitive_attributes": [],
          "private": "bnVsbA==",
          "dependencies": [
            "module.runners.module.runner_binaries.aws_iam_role.syncer_lambda",
            "module.runners.module.runner_binaries.aws_lambda_function.syncer",
            "module.runners.module.runner_binaries.aws_s3_bucket.action_dist",
            "module.runners.module.runner_binaries.data.aws_caller_identity.current",
            "module.runners.module.runner_binaries.data.aws_iam_policy_document.lambda_assume_role_policy",
            "module.runners.random_string.random"
          ]
        }
      ]
    },
    {
      "module": "module.runners.module.runner_binaries",
      "mode": "managed",
      "type": "aws_lambda_permission",
      "name": "syncer",
      "provider": "provider[\"registry.terraform.io/hashicorp/aws\"]",
      "instances": [
        {
          "schema_version": 0,
          "attributes": {
            "action": "lambda:InvokeFunction",
            "event_source_token": null,
            "function_name": "ce-ci-syncer",
            "id": "AllowExecutionFromCloudWatch",
            "principal": "events.amazonaws.com",
            "qualifier": "",
            "source_account": null,
            "source_arn": "arn:aws:events:us-east-1:052730242331:rule/ce-ci-syncer-rule",
            "statement_id": "AllowExecutionFromCloudWatch",
            "statement_id_prefix": null
          },
          "sensitive_attributes": [],
          "private": "bnVsbA==",
          "dependencies": [
            "module.runners.module.runner_binaries.aws_cloudwatch_event_rule.syncer",
            "module.runners.module.runner_binaries.aws_iam_role.syncer_lambda",
            "module.runners.module.runner_binaries.aws_lambda_function.syncer",
            "module.runners.module.runner_binaries.aws_s3_bucket.action_dist",
            "module.runners.module.runner_binaries.data.aws_iam_policy_document.lambda_assume_role_policy",
            "module.runners.random_string.random"
          ]
        }
      ]
    },
    {
      "module": "module.runners.module.runner_binaries",
      "mode": "managed",
      "type": "aws_s3_bucket",
      "name": "action_dist",
      "provider": "provider[\"registry.terraform.io/hashicorp/aws\"]",
      "instances": [
        {
          "schema_version": 0,
          "attributes": {
            "acceleration_status": "",
            "acl": "private",
            "arn": "arn:aws:s3:::ce-ci-dist-qgz5z8rszjzy42ty7y0jkdrp",
            "bucket": "ce-ci-dist-qgz5z8rszjzy42ty7y0jkdrp",
            "bucket_domain_name": "ce-ci-dist-qgz5z8rszjzy42ty7y0jkdrp.s3.amazonaws.com",
            "bucket_prefix": null,
            "bucket_regional_domain_name": "ce-ci-dist-qgz5z8rszjzy42ty7y0jkdrp.s3.amazonaws.com",
            "cors_rule": [],
            "force_destroy": true,
            "grant": [],
            "hosted_zone_id": "Z3AQBSTGFYJSTF",
            "id": "ce-ci-dist-qgz5z8rszjzy42ty7y0jkdrp",
            "lifecycle_rule": [
              {
                "abort_incomplete_multipart_upload_days": 7,
                "enabled": true,
                "expiration": [],
                "id": "tf-s3-lifecycle-20211026030241670700000001",
                "noncurrent_version_expiration": [],
                "noncurrent_version_transition": [],
                "prefix": "",
                "tags": null,
                "transition": [
                  {
                    "date": "",
                    "days": 35,
                    "storage_class": "INTELLIGENT_TIERING"
                  }
                ]
              }
            ],
            "logging": [],
            "object_lock_configuration": [],
            "policy": null,
            "region": "us-east-1",
            "replication_configuration": [],
            "request_payer": "BucketOwner",
            "server_side_encryption_configuration": [],
            "tags": {
              "Environment": "ce-ci",
              "Site": "CompilerExplorer"
            },
            "tags_all": {
              "Environment": "ce-ci",
              "Site": "CompilerExplorer"
            },
            "versioning": [
              {
                "enabled": false,
                "mfa_delete": false
              }
            ],
            "website": [],
            "website_domain": null,
            "website_endpoint": null
          },
          "sensitive_attributes": [],
          "private": "bnVsbA==",
          "dependencies": [
            "module.runners.random_string.random"
          ]
        }
      ]
    },
    {
      "module": "module.runners.module.runner_binaries",
      "mode": "managed",
      "type": "aws_s3_bucket_notification",
      "name": "on_deploy",
      "provider": "provider[\"registry.terraform.io/hashicorp/aws\"]",
      "instances": [
        {
          "schema_version": 0,
          "attributes": {
            "bucket": "ce-ci-dist-qgz5z8rszjzy42ty7y0jkdrp",
            "id": "ce-ci-dist-qgz5z8rszjzy42ty7y0jkdrp",
            "lambda_function": [
              {
                "events": [
                  "s3:ObjectCreated:*"
                ],
                "filter_prefix": "triggers/",
                "filter_suffix": ".json",
                "id": "tf-s3-lambda-2021102603030019790000000b",
                "lambda_function_arn": "arn:aws:lambda:us-east-1:052730242331:function:ce-ci-syncer"
              }
            ],
            "queue": [],
            "topic": []
          },
          "sensitive_attributes": [],
          "private": "bnVsbA==",
          "dependencies": [
            "module.runners.module.runner_binaries.aws_iam_role.syncer_lambda",
            "module.runners.module.runner_binaries.aws_lambda_function.syncer",
            "module.runners.module.runner_binaries.aws_lambda_permission.on_deploy",
            "module.runners.module.runner_binaries.aws_s3_bucket.action_dist",
            "module.runners.module.runner_binaries.data.aws_caller_identity.current",
            "module.runners.module.runner_binaries.data.aws_iam_policy_document.lambda_assume_role_policy",
            "module.runners.random_string.random"
          ]
        }
      ]
    },
    {
      "module": "module.runners.module.runner_binaries",
      "mode": "managed",
      "type": "aws_s3_bucket_object",
      "name": "trigger",
      "provider": "provider[\"registry.terraform.io/hashicorp/aws\"]",
      "instances": [
        {
          "schema_version": 0,
          "attributes": {
            "acl": "private",
            "bucket": "ce-ci-dist-qgz5z8rszjzy42ty7y0jkdrp",
            "bucket_key_enabled": false,
            "cache_control": "",
            "content": null,
            "content_base64": null,
            "content_disposition": "",
            "content_encoding": "",
            "content_language": "",
            "content_type": "binary/octet-stream",
            "etag": "20355efabaae9ed4d51fbc5a68eb4ce3",
            "force_destroy": false,
            "id": "triggers/ce-ci-syncer-trigger.json",
            "key": "triggers/ce-ci-syncer-trigger.json",
            "kms_key_id": null,
            "metadata": null,
            "object_lock_legal_hold_status": "",
            "object_lock_mode": "",
            "object_lock_retain_until_date": "",
            "server_side_encryption": "",
            "source": ".terraform/modules/runners/modules/runner-binaries-syncer/trigger.json",
            "source_hash": null,
            "storage_class": "STANDARD",
            "tags": null,
            "tags_all": {},
            "version_id": "",
            "website_redirect": ""
          },
          "sensitive_attributes": [],
          "private": "bnVsbA==",
          "dependencies": [
            "module.runners.module.runner_binaries.aws_iam_role.syncer_lambda",
            "module.runners.module.runner_binaries.aws_lambda_function.syncer",
            "module.runners.module.runner_binaries.aws_lambda_permission.on_deploy",
            "module.runners.module.runner_binaries.aws_s3_bucket.action_dist",
            "module.runners.module.runner_binaries.aws_s3_bucket_notification.on_deploy",
            "module.runners.module.runner_binaries.data.aws_caller_identity.current",
            "module.runners.module.runner_binaries.data.aws_iam_policy_document.lambda_assume_role_policy",
            "module.runners.random_string.random"
          ]
        }
      ]
    },
    {
      "module": "module.runners.module.runner_binaries",
      "mode": "managed",
      "type": "aws_s3_bucket_public_access_block",
      "name": "action_dist",
      "provider": "provider[\"registry.terraform.io/hashicorp/aws\"]",
      "instances": [
        {
          "schema_version": 0,
          "attributes": {
            "block_public_acls": true,
            "block_public_policy": true,
            "bucket": "ce-ci-dist-qgz5z8rszjzy42ty7y0jkdrp",
            "id": "ce-ci-dist-qgz5z8rszjzy42ty7y0jkdrp",
            "ignore_public_acls": true,
            "restrict_public_buckets": true
          },
          "sensitive_attributes": [],
          "private": "bnVsbA==",
          "dependencies": [
            "module.runners.module.runner_binaries.aws_s3_bucket.action_dist",
            "module.runners.random_string.random"
          ]
        }
      ]
    },
    {
      "module": "module.runners.module.runners",
      "mode": "data",
      "type": "aws_ami",
      "name": "runner",
      "provider": "provider[\"registry.terraform.io/hashicorp/aws\"]",
      "instances": [
        {
          "schema_version": 0,
          "attributes": {
            "architecture": "x86_64",
            "arn": "arn:aws:ec2:us-east-1::image/ami-083654bd07b5da81d",
            "block_device_mappings": [
              {
                "device_name": "/dev/sda1",
                "ebs": {
                  "delete_on_termination": "true",
                  "encrypted": "false",
                  "iops": "0",
                  "snapshot_id": "snap-0c97f1c43c6bb2043",
                  "throughput": "0",
                  "volume_size": "8",
                  "volume_type": "gp2"
                },
                "no_device": "",
                "virtual_name": ""
              },
              {
                "device_name": "/dev/sdb",
                "ebs": {},
                "no_device": "",
                "virtual_name": "ephemeral0"
              },
              {
                "device_name": "/dev/sdc",
                "ebs": {},
                "no_device": "",
                "virtual_name": "ephemeral1"
              }
            ],
            "creation_date": "2021-10-22T00:40:53.000Z",
            "description": "Canonical, Ubuntu, 20.04 LTS, amd64 focal image build on 2021-10-21",
            "ena_support": true,
            "executable_users": null,
            "filter": [
              {
                "name": "name",
                "values": [
                  "ubuntu/images/hvm-ssd/ubuntu-focal-20.04-amd64-server-*"
                ]
              }
            ],
            "hypervisor": "xen",
            "id": "ami-083654bd07b5da81d",
            "image_id": "ami-083654bd07b5da81d",
            "image_location": "099720109477/ubuntu/images/hvm-ssd/ubuntu-focal-20.04-amd64-server-20211021",
            "image_owner_alias": null,
            "image_type": "machine",
            "kernel_id": null,
            "most_recent": true,
            "name": "ubuntu/images/hvm-ssd/ubuntu-focal-20.04-amd64-server-20211021",
            "name_regex": null,
            "owner_id": "099720109477",
            "owners": [
              "099720109477"
            ],
            "platform": null,
            "platform_details": "Linux/UNIX",
            "product_codes": [],
            "public": true,
            "ramdisk_id": null,
            "root_device_name": "/dev/sda1",
            "root_device_type": "ebs",
            "root_snapshot_id": "snap-0c97f1c43c6bb2043",
            "sriov_net_support": "simple",
            "state": "available",
            "state_reason": {
              "code": "UNSET",
              "message": "UNSET"
            },
            "tags": {},
            "usage_operation": "RunInstances",
            "virtualization_type": "hvm"
          },
          "sensitive_attributes": []
        }
      ]
    },
    {
      "module": "module.runners.module.runners",
      "mode": "data",
      "type": "aws_caller_identity",
      "name": "current",
      "provider": "provider[\"registry.terraform.io/hashicorp/aws\"]",
      "instances": [
        {
          "schema_version": 0,
          "attributes": {
            "account_id": "052730242331",
            "arn": "arn:aws:iam::052730242331:user/mattgodbolt",
            "id": "052730242331",
            "user_id": "AIDAJLHYMRG5C4ZB2YVMO"
          },
          "sensitive_attributes": []
        }
      ]
    },
    {
      "module": "module.runners.module.runners",
      "mode": "data",
      "type": "aws_iam_policy_document",
      "name": "lambda_assume_role_policy",
      "provider": "provider[\"registry.terraform.io/hashicorp/aws\"]",
      "instances": [
        {
          "schema_version": 0,
          "attributes": {
            "id": "3693445097",
            "json": "{\n  \"Version\": \"2012-10-17\",\n  \"Statement\": [\n    {\n      \"Sid\": \"\",\n      \"Effect\": \"Allow\",\n      \"Action\": \"sts:AssumeRole\",\n      \"Principal\": {\n        \"Service\": \"lambda.amazonaws.com\"\n      }\n    }\n  ]\n}",
            "override_json": null,
            "override_policy_documents": null,
            "policy_id": null,
            "source_json": null,
            "source_policy_documents": null,
            "statement": [
              {
                "actions": [
                  "sts:AssumeRole"
                ],
                "condition": [],
                "effect": "Allow",
                "not_actions": [],
                "not_principals": [],
                "not_resources": [],
                "principals": [
                  {
                    "identifiers": [
                      "lambda.amazonaws.com"
                    ],
                    "type": "Service"
                  }
                ],
                "resources": [],
                "sid": ""
              }
            ],
            "version": "2012-10-17"
          },
          "sensitive_attributes": []
        }
      ]
    },
    {
      "module": "module.runners.module.runners",
      "mode": "managed",
      "type": "aws_cloudwatch_event_rule",
      "name": "scale_down",
      "provider": "provider[\"registry.terraform.io/hashicorp/aws\"]",
      "instances": [
        {
          "schema_version": 0,
          "attributes": {
            "arn": "arn:aws:events:us-east-1:052730242331:rule/ce-ci-scale-down-rule",
            "description": "",
            "event_bus_name": "default",
            "event_pattern": null,
            "id": "ce-ci-scale-down-rule",
            "is_enabled": true,
            "name": "ce-ci-scale-down-rule",
            "name_prefix": "",
            "role_arn": "",
            "schedule_expression": "cron(*/5 * * * ? *)",
            "tags": {
              "Environment": "ce-ci",
              "Site": "CompilerExplorer"
            },
            "tags_all": {
              "Environment": "ce-ci",
              "Site": "CompilerExplorer"
            }
          },
          "sensitive_attributes": [],
          "private": "bnVsbA=="
        }
      ]
    },
    {
      "module": "module.runners.module.runners",
      "mode": "managed",
      "type": "aws_cloudwatch_event_target",
      "name": "scale_down",
      "provider": "provider[\"registry.terraform.io/hashicorp/aws\"]",
      "instances": [
        {
          "schema_version": 1,
          "attributes": {
            "arn": "arn:aws:lambda:us-east-1:052730242331:function:ce-ci-scale-down",
            "batch_target": [],
            "dead_letter_config": [],
            "ecs_target": [],
            "event_bus_name": "default",
            "http_target": [],
            "id": "ce-ci-scale-down-rule-terraform-20211026030246922200000009",
            "input": "",
            "input_path": "",
            "input_transformer": [],
            "kinesis_target": [],
            "redshift_target": [],
            "retry_policy": [],
            "role_arn": "",
            "rule": "ce-ci-scale-down-rule",
            "run_command_targets": [],
            "sqs_target": [],
            "target_id": "terraform-20211026030246922200000009"
          },
          "sensitive_attributes": [],
          "private": "eyJzY2hlbWFfdmVyc2lvbiI6IjEifQ==",
          "dependencies": [
            "module.runners.module.runners.aws_cloudwatch_event_rule.scale_down",
            "module.runners.module.runners.aws_iam_role.scale_down",
            "module.runners.module.runners.aws_lambda_function.scale_down",
            "module.runners.module.runners.data.aws_iam_policy_document.lambda_assume_role_policy",
            "module.runners.module.ssm.aws_ssm_parameter.github_app_id",
            "module.runners.module.ssm.aws_ssm_parameter.github_app_key_base64",
            "module.runners.module.ssm.aws_ssm_parameter.github_app_webhook_secret",
            "random_password.random"
          ]
        }
      ]
    },
    {
      "module": "module.runners.module.runners",
      "mode": "managed",
      "type": "aws_cloudwatch_log_group",
      "name": "gh_runners",
      "provider": "provider[\"registry.terraform.io/hashicorp/aws\"]",
      "instances": [
        {
          "index_key": 0,
          "schema_version": 0,
          "attributes": {
            "arn": "arn:aws:logs:us-east-1:052730242331:log-group:/github-self-hosted-runners/ce-ci/syslog",
            "id": "/github-self-hosted-runners/ce-ci/syslog",
            "kms_key_id": "",
            "name": "/github-self-hosted-runners/ce-ci/syslog",
            "name_prefix": null,
            "retention_in_days": 180,
            "tags": {
              "Environment": "ce-ci",
              "Name": "ce-ci-action-runner",
              "Site": "CompilerExplorer"
            },
            "tags_all": {
              "Environment": "ce-ci",
              "Name": "ce-ci-action-runner",
              "Site": "CompilerExplorer"
            }
          },
          "sensitive_attributes": [],
          "private": "bnVsbA=="
        },
        {
          "index_key": 1,
          "schema_version": 0,
          "attributes": {
            "arn": "arn:aws:logs:us-east-1:052730242331:log-group:/github-self-hosted-runners/ce-ci/user_data",
            "id": "/github-self-hosted-runners/ce-ci/user_data",
            "kms_key_id": "",
            "name": "/github-self-hosted-runners/ce-ci/user_data",
            "name_prefix": null,
            "retention_in_days": 180,
            "tags": {
              "Environment": "ce-ci",
              "Name": "ce-ci-action-runner",
              "Site": "CompilerExplorer"
            },
            "tags_all": {
              "Environment": "ce-ci",
              "Name": "ce-ci-action-runner",
              "Site": "CompilerExplorer"
            }
          },
          "sensitive_attributes": [],
          "private": "bnVsbA=="
        },
        {
          "index_key": 2,
          "schema_version": 0,
          "attributes": {
            "arn": "arn:aws:logs:us-east-1:052730242331:log-group:/github-self-hosted-runners/ce-ci/runner",
            "id": "/github-self-hosted-runners/ce-ci/runner",
            "kms_key_id": "",
            "name": "/github-self-hosted-runners/ce-ci/runner",
            "name_prefix": null,
            "retention_in_days": 180,
            "tags": {
              "Environment": "ce-ci",
              "Name": "ce-ci-action-runner",
              "Site": "CompilerExplorer"
            },
            "tags_all": {
              "Environment": "ce-ci",
              "Name": "ce-ci-action-runner",
              "Site": "CompilerExplorer"
            }
          },
          "sensitive_attributes": [],
          "private": "bnVsbA=="
        }
      ]
    },
    {
      "module": "module.runners.module.runners",
      "mode": "managed",
      "type": "aws_cloudwatch_log_group",
      "name": "scale_down",
      "provider": "provider[\"registry.terraform.io/hashicorp/aws\"]",
      "instances": [
        {
          "schema_version": 0,
          "attributes": {
            "arn": "arn:aws:logs:us-east-1:052730242331:log-group:/aws/lambda/ce-ci-scale-down",
            "id": "/aws/lambda/ce-ci-scale-down",
            "kms_key_id": "",
            "name": "/aws/lambda/ce-ci-scale-down",
            "name_prefix": null,
            "retention_in_days": 180,
            "tags": {
              "Environment": "ce-ci",
              "Site": "CompilerExplorer"
            },
            "tags_all": {
              "Environment": "ce-ci",
              "Site": "CompilerExplorer"
            }
          },
          "sensitive_attributes": [],
          "private": "bnVsbA==",
          "dependencies": [
            "module.runners.module.runners.aws_iam_role.scale_down",
            "module.runners.module.runners.aws_lambda_function.scale_down",
            "module.runners.module.runners.data.aws_iam_policy_document.lambda_assume_role_policy",
            "module.runners.module.ssm.aws_ssm_parameter.github_app_id",
            "module.runners.module.ssm.aws_ssm_parameter.github_app_key_base64",
            "module.runners.module.ssm.aws_ssm_parameter.github_app_webhook_secret",
            "random_password.random"
          ]
        }
      ]
    },
    {
      "module": "module.runners.module.runners",
      "mode": "managed",
      "type": "aws_cloudwatch_log_group",
      "name": "scale_up",
      "provider": "provider[\"registry.terraform.io/hashicorp/aws\"]",
      "instances": [
        {
          "schema_version": 0,
          "attributes": {
            "arn": "arn:aws:logs:us-east-1:052730242331:log-group:/aws/lambda/ce-ci-scale-up",
            "id": "/aws/lambda/ce-ci-scale-up",
            "kms_key_id": "",
            "name": "/aws/lambda/ce-ci-scale-up",
            "name_prefix": null,
            "retention_in_days": 180,
            "tags": {
              "Environment": "ce-ci",
              "Site": "CompilerExplorer"
            },
            "tags_all": {
              "Environment": "ce-ci",
              "Site": "CompilerExplorer"
            }
          },
          "sensitive_attributes": [],
          "private": "bnVsbA==",
          "dependencies": [
            "module.runners.module.runner_binaries.aws_s3_bucket.action_dist",
            "module.runners.module.runners.aws_iam_instance_profile.runner",
            "module.runners.module.runners.aws_iam_role.runner",
            "module.runners.module.runners.aws_iam_role.scale_up",
            "module.runners.module.runners.aws_lambda_function.scale_up",
            "module.runners.module.runners.aws_launch_template.runner",
            "module.runners.module.runners.aws_security_group.runner_sg",
            "module.runners.module.runners.aws_ssm_parameter.cloudwatch_agent_config_runner",
            "module.runners.module.runners.data.aws_ami.runner",
            "module.runners.module.runners.data.aws_iam_policy_document.lambda_assume_role_policy",
            "module.runners.module.ssm.aws_ssm_parameter.github_app_id",
            "module.runners.module.ssm.aws_ssm_parameter.github_app_key_base64",
            "module.runners.module.ssm.aws_ssm_parameter.github_app_webhook_secret",
            "module.runners.random_string.random",
            "module.vpc.aws_subnet.private_subnet",
            "module.vpc.aws_vpc.vpc",
            "module.vpc.data.aws_availability_zones.available",
            "random_password.random"
          ]
        }
      ]
    },
    {
      "module": "module.runners.module.runners",
      "mode": "managed",
      "type": "aws_iam_instance_profile",
      "name": "runner",
      "provider": "provider[\"registry.terraform.io/hashicorp/aws\"]",
      "instances": [
        {
          "schema_version": 0,
          "attributes": {
            "arn": "arn:aws:iam::052730242331:instance-profile/ce-ci/ce-ci-github-action-runners-profile",
            "create_date": "2021-10-26T03:02:41Z",
            "id": "ce-ci-github-action-runners-profile",
            "name": "ce-ci-github-action-runners-profile",
            "name_prefix": null,
            "path": "/ce-ci/",
            "role": "ce-ci-github-action-runners-runner-role",
            "tags": null,
            "tags_all": {},
            "unique_id": "AIPAQYRXXUUNVEID7BLUG"
          },
          "sensitive_attributes": [],
          "private": "bnVsbA==",
          "dependencies": [
            "module.runners.module.runners.aws_iam_role.runner"
          ]
        }
      ]
    },
    {
      "module": "module.runners.module.runners",
      "mode": "managed",
      "type": "aws_iam_role",
      "name": "runner",
      "provider": "provider[\"registry.terraform.io/hashicorp/aws\"]",
      "instances": [
        {
          "schema_version": 0,
          "attributes": {
            "arn": "arn:aws:iam::052730242331:role/ce-ci/ce-ci-github-action-runners-runner-role",
            "assume_role_policy": "{\"Version\":\"2012-10-17\",\"Statement\":[{\"Sid\":\"\",\"Effect\":\"Allow\",\"Principal\":{\"Service\":\"ec2.amazonaws.com\"},\"Action\":\"sts:AssumeRole\"}]}",
            "create_date": "2021-10-26T03:02:40Z",
            "description": "",
            "force_detach_policies": false,
            "id": "ce-ci-github-action-runners-runner-role",
            "inline_policy": [
              {
                "name": "",
                "policy": ""
              }
            ],
            "managed_policy_arns": [],
            "max_session_duration": 3600,
            "name": "ce-ci-github-action-runners-runner-role",
            "name_prefix": "",
            "path": "/ce-ci/",
            "permissions_boundary": null,
            "tags": {
              "Environment": "ce-ci",
              "Name": "ce-ci-action-runner",
              "Site": "CompilerExplorer"
            },
            "tags_all": {
              "Environment": "ce-ci",
              "Name": "ce-ci-action-runner",
              "Site": "CompilerExplorer"
            },
            "unique_id": "AROAQYRXXUUNZE6OW2KTD"
          },
          "sensitive_attributes": [],
          "private": "bnVsbA=="
        }
      ]
    },
    {
      "module": "module.runners.module.runners",
      "mode": "managed",
      "type": "aws_iam_role",
      "name": "scale_down",
      "provider": "provider[\"registry.terraform.io/hashicorp/aws\"]",
      "instances": [
        {
          "schema_version": 0,
          "attributes": {
            "arn": "arn:aws:iam::052730242331:role/ce-ci/ce-ci-action-scale-down-lambda-role",
            "assume_role_policy": "{\"Version\":\"2012-10-17\",\"Statement\":[{\"Sid\":\"\",\"Effect\":\"Allow\",\"Principal\":{\"Service\":\"lambda.amazonaws.com\"},\"Action\":\"sts:AssumeRole\"}]}",
            "create_date": "2021-10-26T03:02:14Z",
            "description": "",
            "force_detach_policies": false,
            "id": "ce-ci-action-scale-down-lambda-role",
            "inline_policy": [
              {
                "name": "",
                "policy": ""
              }
            ],
            "managed_policy_arns": [],
            "max_session_duration": 3600,
            "name": "ce-ci-action-scale-down-lambda-role",
            "name_prefix": "",
            "path": "/ce-ci/",
            "permissions_boundary": null,
            "tags": {
              "Environment": "ce-ci",
              "Name": "ce-ci-action-runner",
              "Site": "CompilerExplorer"
            },
            "tags_all": {
              "Environment": "ce-ci",
              "Name": "ce-ci-action-runner",
              "Site": "CompilerExplorer"
            },
            "unique_id": "AROAQYRXXUUNYAJTSO7UI"
          },
          "sensitive_attributes": [],
          "private": "bnVsbA==",
          "dependencies": [
            "module.runners.module.runners.data.aws_iam_policy_document.lambda_assume_role_policy"
          ]
        }
      ]
    },
    {
      "module": "module.runners.module.runners",
      "mode": "managed",
      "type": "aws_iam_role",
      "name": "scale_up",
      "provider": "provider[\"registry.terraform.io/hashicorp/aws\"]",
      "instances": [
        {
          "schema_version": 0,
          "attributes": {
            "arn": "arn:aws:iam::052730242331:role/ce-ci/ce-ci-action-scale-up-lambda-role",
            "assume_role_policy": "{\"Version\":\"2012-10-17\",\"Statement\":[{\"Sid\":\"\",\"Effect\":\"Allow\",\"Principal\":{\"Service\":\"lambda.amazonaws.com\"},\"Action\":\"sts:AssumeRole\"}]}",
            "create_date": "2021-10-26T03:02:39Z",
            "description": "",
            "force_detach_policies": false,
            "id": "ce-ci-action-scale-up-lambda-role",
            "inline_policy": [
              {
                "name": "",
                "policy": ""
              }
            ],
            "managed_policy_arns": [],
            "max_session_duration": 3600,
            "name": "ce-ci-action-scale-up-lambda-role",
            "name_prefix": "",
            "path": "/ce-ci/",
            "permissions_boundary": null,
            "tags": {
              "Environment": "ce-ci",
              "Name": "ce-ci-action-runner",
              "Site": "CompilerExplorer"
            },
            "tags_all": {
              "Environment": "ce-ci",
              "Name": "ce-ci-action-runner",
              "Site": "CompilerExplorer"
            },
            "unique_id": "AROAQYRXXUUNVUVIQ7E4R"
          },
          "sensitive_attributes": [],
          "private": "bnVsbA==",
          "dependencies": [
            "module.runners.module.runners.data.aws_iam_policy_document.lambda_assume_role_policy"
          ]
        }
      ]
    },
    {
      "module": "module.runners.module.runners",
      "mode": "managed",
      "type": "aws_iam_role_policy",
      "name": "cloudwatch",
      "provider": "provider[\"registry.terraform.io/hashicorp/aws\"]",
      "instances": [
        {
          "index_key": 0,
          "schema_version": 0,
          "attributes": {
            "id": "ce-ci-github-action-runners-runner-role:CloudWatchLogginAndMetrics",
            "name": "CloudWatchLogginAndMetrics",
            "name_prefix": null,
            "policy": "{\n    \"Version\": \"2012-10-17\",\n    \"Statement\": [\n        {\n            \"Effect\": \"Allow\",\n            \"Action\": [\n                \"cloudwatch:PutMetricData\",\n                \"ec2:DescribeVolumes\",\n                \"ec2:DescribeTags\",\n                \"logs:PutLogEvents\",\n                \"logs:DescribeLogStreams\",\n                \"logs:DescribeLogGroups\",\n                \"logs:CreateLogStream\"\n            ],\n            \"Resource\": \"*\"\n        },\n        {\n            \"Effect\": \"Allow\",\n            \"Action\": [\n                \"ssm:GetParameter\"\n            ],\n            \"Resource\": \"arn:aws:ssm:us-east-1:052730242331:parameter/ce-ci-cloudwatch_agent_config_runner/*\"\n        }\n    ]\n}",
            "role": "ce-ci-github-action-runners-runner-role"
          },
          "sensitive_attributes": [],
          "private": "bnVsbA==",
          "dependencies": [
            "module.runners.module.runners.aws_iam_role.runner",
            "module.runners.module.runners.aws_ssm_parameter.cloudwatch_agent_config_runner"
          ]
        }
      ]
    },
    {
      "module": "module.runners.module.runners",
      "mode": "managed",
      "type": "aws_iam_role_policy",
      "name": "dist_bucket",
      "provider": "provider[\"registry.terraform.io/hashicorp/aws\"]",
      "instances": [
        {
          "schema_version": 0,
          "attributes": {
            "id": "ce-ci-github-action-runners-runner-role:distribution-bucket",
            "name": "distribution-bucket",
            "name_prefix": null,
            "policy": "{\n  \"Version\": \"2012-10-17\",\n  \"Statement\": [\n    {\n      \"Sid\": \"githubActionDist\",\n      \"Effect\": \"Allow\",\n      \"Action\": [\"s3:GetObject\", \"s3:GetObjectAcl\"],\n      \"Resource\": [\"arn:aws:s3:::ce-ci-dist-qgz5z8rszjzy42ty7y0jkdrp/*\"]\n    }\n  ]\n}\n",
            "role": "ce-ci-github-action-runners-runner-role"
          },
          "sensitive_attributes": [],
          "private": "bnVsbA==",
          "dependencies": [
            "module.runners.module.runner_binaries.aws_s3_bucket.action_dist",
            "module.runners.module.runners.aws_iam_role.runner",
            "module.runners.random_string.random"
          ]
        }
      ]
    },
    {
      "module": "module.runners.module.runners",
      "mode": "managed",
      "type": "aws_iam_role_policy",
      "name": "runner_session_manager_aws_managed",
      "provider": "provider[\"registry.terraform.io/hashicorp/aws\"]",
      "instances": [
        {
          "index_key": 0,
          "schema_version": 0,
          "attributes": {
            "id": "ce-ci-github-action-runners-runner-role:runner-ssm-session",
            "name": "runner-ssm-session",
            "name_prefix": null,
            "policy": "{\n    \"Version\": \"2012-10-17\",\n    \"Statement\": [\n        {\n            \"Effect\": \"Allow\",\n            \"Action\": [\n                \"ssm:DescribeAssociation\",\n                \"ssm:GetDeployablePatchSnapshotForInstance\",\n                \"ssm:GetDocument\",\n                \"ssm:DescribeDocument\",\n                \"ssm:GetManifest\",\n                \"ssm:ListAssociations\",\n                \"ssm:ListInstanceAssociations\",\n                \"ssm:PutInventory\",\n                \"ssm:PutComplianceItems\",\n                \"ssm:PutConfigurePackageResult\",\n                \"ssm:UpdateAssociationStatus\",\n                \"ssm:UpdateInstanceAssociationStatus\",\n                \"ssm:UpdateInstanceInformation\"\n            ],\n            \"Resource\": \"*\"\n        },\n        {\n            \"Effect\": \"Allow\",\n            \"Action\": [\n                \"ssmmessages:CreateControlChannel\",\n                \"ssmmessages:CreateDataChannel\",\n                \"ssmmessages:OpenControlChannel\",\n                \"ssmmessages:OpenDataChannel\"\n            ],\n            \"Resource\": \"*\"\n        },\n        {\n            \"Effect\": \"Allow\",\n            \"Action\": [\n                \"ec2messages:AcknowledgeMessage\",\n                \"ec2messages:DeleteMessage\",\n                \"ec2messages:FailMessage\",\n                \"ec2messages:GetEndpoint\",\n                \"ec2messages:GetMessages\",\n                \"ec2messages:SendReply\"\n            ],\n            \"Resource\": \"*\"\n        }\n    ]\n}",
            "role": "ce-ci-github-action-runners-runner-role"
          },
          "sensitive_attributes": [],
          "private": "bnVsbA==",
          "dependencies": [
            "module.runners.module.runners.aws_iam_role.runner"
          ]
        }
      ]
    },
    {
      "module": "module.runners.module.runners",
      "mode": "managed",
      "type": "aws_iam_role_policy",
      "name": "scale_down",
      "provider": "provider[\"registry.terraform.io/hashicorp/aws\"]",
      "instances": [
        {
          "schema_version": 0,
          "attributes": {
            "id": "ce-ci-action-scale-down-lambda-role:ce-ci-lambda-scale-down-policy",
            "name": "ce-ci-lambda-scale-down-policy",
            "name_prefix": null,
            "policy": "{\n    \"Version\": \"2012-10-17\",\n    \"Statement\": [\n        {\n            \"Effect\": \"Allow\",\n            \"Action\": [\n                \"ec2:DescribeInstances*\",\n                \"ec2:DescribeTags\"\n            ],\n            \"Resource\": [\n                \"*\"\n            ]\n        },\n        {\n            \"Effect\": \"Allow\",\n            \"Action\": [\n                \"ec2:TerminateInstances\"\n            ],\n            \"Resource\": [\n                \"*\"\n            ],\n            \"Condition\": {\n                \"StringEquals\": {\n                    \"ec2:ResourceTag/Application\": \"github-action-runner\"\n                }\n            }\n        },\n        {\n            \"Effect\": \"Allow\",\n            \"Action\": [\n                \"ssm:GetParameter\"\n            ],\n            \"Resource\": [\n                \"arn:aws:ssm:us-east-1:052730242331:parameter/actions_runner/ce-ci/github_app_key_base64\",\n                \"arn:aws:ssm:us-east-1:052730242331:parameter/actions_runner/ce-ci/github_app_id\"\n            ]\n        }\n    ]\n}\n",
            "role": "ce-ci-action-scale-down-lambda-role"
          },
          "sensitive_attributes": [],
          "private": "bnVsbA==",
          "dependencies": [
            "module.runners.module.runners.aws_iam_role.scale_down",
            "module.runners.module.runners.data.aws_iam_policy_document.lambda_assume_role_policy",
            "module.runners.module.ssm.aws_ssm_parameter.github_app_id",
            "module.runners.module.ssm.aws_ssm_parameter.github_app_key_base64",
            "module.runners.module.ssm.aws_ssm_parameter.github_app_webhook_secret",
            "random_password.random"
          ]
        }
      ]
    },
    {
      "module": "module.runners.module.runners",
      "mode": "managed",
      "type": "aws_iam_role_policy",
      "name": "scale_down_logging",
      "provider": "provider[\"registry.terraform.io/hashicorp/aws\"]",
      "instances": [
        {
          "schema_version": 0,
          "attributes": {
            "id": "ce-ci-action-scale-down-lambda-role:ce-ci-lambda-logging",
            "name": "ce-ci-lambda-logging",
            "name_prefix": null,
            "policy": "{\n  \"Version\": \"2012-10-17\",\n  \"Statement\": [\n    {\n      \"Effect\": \"Allow\",\n      \"Action\": [\"logs:CreateLogStream\", \"logs:PutLogEvents\"],\n      \"Resource\": \"arn:aws:logs:us-east-1:052730242331:log-group:/aws/lambda/ce-ci-scale-down*\"\n    }\n  ]\n}\n",
            "role": "ce-ci-action-scale-down-lambda-role"
          },
          "sensitive_attributes": [],
          "private": "bnVsbA==",
          "dependencies": [
            "module.runners.module.runners.aws_cloudwatch_log_group.scale_down",
            "module.runners.module.runners.aws_iam_role.scale_down",
            "module.runners.module.runners.aws_lambda_function.scale_down",
            "module.runners.module.runners.data.aws_iam_policy_document.lambda_assume_role_policy",
            "module.runners.module.ssm.aws_ssm_parameter.github_app_id",
            "module.runners.module.ssm.aws_ssm_parameter.github_app_key_base64",
            "module.runners.module.ssm.aws_ssm_parameter.github_app_webhook_secret",
            "random_password.random"
          ]
        }
      ]
    },
    {
      "module": "module.runners.module.runners",
      "mode": "managed",
      "type": "aws_iam_role_policy",
      "name": "scale_up",
      "provider": "provider[\"registry.terraform.io/hashicorp/aws\"]",
      "instances": [
        {
          "schema_version": 0,
          "attributes": {
            "id": "ce-ci-action-scale-up-lambda-role:ce-ci-lambda-scale-up-policy",
            "name": "ce-ci-lambda-scale-up-policy",
            "name_prefix": null,
            "policy": "{\n    \"Version\": \"2012-10-17\",\n    \"Statement\": [\n        {\n            \"Effect\": \"Allow\",\n            \"Action\": [\n                \"ec2:DescribeInstances\",\n                \"ec2:DescribeTags\",\n                \"ec2:RunInstances\"\n            ],\n            \"Resource\": [\n                \"*\"\n            ]\n        },\n        {\n            \"Effect\": \"Allow\",\n            \"Action\": [\n                \"ec2:CreateTags\"\n            ],\n            \"Resource\": [\n                \"*\"\n            ],\n            \"Condition\": {\n                \"StringEquals\": {\n                    \"ec2:CreateAction\": \"RunInstances\"\n                }\n            }\n        },\n        {\n            \"Effect\": \"Allow\",\n            \"Action\": \"iam:PassRole\",\n            \"Resource\": \"arn:aws:iam::052730242331:role/ce-ci/ce-ci-github-action-runners-runner-role\"\n        },\n        {\n            \"Effect\": \"Allow\",\n            \"Action\": [\n                \"ssm:PutParameter\"\n            ],\n            \"Resource\": \"*\"\n        },\n        {\n            \"Effect\": \"Allow\",\n            \"Action\": [\n                \"ssm:GetParameter\"\n            ],\n            \"Resource\": [\n                \"arn:aws:ssm:us-east-1:052730242331:parameter/actions_runner/ce-ci/github_app_key_base64\",\n                \"arn:aws:ssm:us-east-1:052730242331:parameter/actions_runner/ce-ci/github_app_id\"\n            ]\n        },\n        {\n            \"Effect\": \"Allow\",\n            \"Action\": [\n                \"sqs:ReceiveMessage\",\n                \"sqs:GetQueueAttributes\",\n                \"sqs:DeleteMessage\"\n            ],\n            \"Resource\": \"arn:aws:sqs:us-east-1:052730242331:ce-ci-queued-builds.fifo\"\n        }\n    ]\n}\n",
            "role": "ce-ci-action-scale-up-lambda-role"
          },
          "sensitive_attributes": [],
          "private": "bnVsbA==",
          "dependencies": [
            "module.runners.aws_sqs_queue.queued_builds",
            "module.runners.module.runners.aws_iam_role.runner",
            "module.runners.module.runners.aws_iam_role.scale_up",
            "module.runners.module.runners.data.aws_iam_policy_document.lambda_assume_role_policy",
            "module.runners.module.ssm.aws_ssm_parameter.github_app_id",
            "module.runners.module.ssm.aws_ssm_parameter.github_app_key_base64",
            "module.runners.module.ssm.aws_ssm_parameter.github_app_webhook_secret",
            "random_password.random"
          ]
        }
      ]
    },
    {
      "module": "module.runners.module.runners",
      "mode": "managed",
      "type": "aws_iam_role_policy",
      "name": "scale_up_logging",
      "provider": "provider[\"registry.terraform.io/hashicorp/aws\"]",
      "instances": [
        {
          "schema_version": 0,
          "attributes": {
            "id": "ce-ci-action-scale-up-lambda-role:ce-ci-lambda-logging",
            "name": "ce-ci-lambda-logging",
            "name_prefix": null,
            "policy": "{\n  \"Version\": \"2012-10-17\",\n  \"Statement\": [\n    {\n      \"Effect\": \"Allow\",\n      \"Action\": [\"logs:CreateLogStream\", \"logs:PutLogEvents\"],\n      \"Resource\": \"arn:aws:logs:us-east-1:052730242331:log-group:/aws/lambda/ce-ci-scale-up*\"\n    }\n  ]\n}\n",
            "role": "ce-ci-action-scale-up-lambda-role"
          },
          "sensitive_attributes": [],
          "private": "bnVsbA==",
          "dependencies": [
            "module.runners.module.runner_binaries.aws_s3_bucket.action_dist",
            "module.runners.module.runners.aws_cloudwatch_log_group.scale_up",
            "module.runners.module.runners.aws_iam_instance_profile.runner",
            "module.runners.module.runners.aws_iam_role.runner",
            "module.runners.module.runners.aws_iam_role.scale_up",
            "module.runners.module.runners.aws_lambda_function.scale_up",
            "module.runners.module.runners.aws_launch_template.runner",
            "module.runners.module.runners.aws_security_group.runner_sg",
            "module.runners.module.runners.aws_ssm_parameter.cloudwatch_agent_config_runner",
            "module.runners.module.runners.data.aws_ami.runner",
            "module.runners.module.runners.data.aws_iam_policy_document.lambda_assume_role_policy",
            "module.runners.module.ssm.aws_ssm_parameter.github_app_id",
            "module.runners.module.ssm.aws_ssm_parameter.github_app_key_base64",
            "module.runners.module.ssm.aws_ssm_parameter.github_app_webhook_secret",
            "module.runners.random_string.random",
            "module.vpc.aws_subnet.private_subnet",
            "module.vpc.aws_vpc.vpc",
            "module.vpc.data.aws_availability_zones.available",
            "random_password.random"
          ]
        }
      ]
    },
    {
      "module": "module.runners.module.runners",
      "mode": "managed",
      "type": "aws_iam_role_policy",
      "name": "ssm_parameters",
      "provider": "provider[\"registry.terraform.io/hashicorp/aws\"]",
      "instances": [
        {
          "schema_version": 0,
          "attributes": {
            "id": "ce-ci-github-action-runners-runner-role:runner-ssm-parameters",
            "name": "runner-ssm-parameters",
            "name_prefix": null,
            "policy": "{\n  \"Version\": \"2012-10-17\",\n  \"Statement\": [\n    {\n      \"Effect\": \"Allow\",\n      \"Action\": [\n        \"ssm:DeleteParameter\"\n      ],\n      \"Resource\": \"arn:aws:ssm:us-east-1:052730242331:parameter/ce-ci-*\"\n    },\n    {\n      \"Effect\": \"Allow\",\n      \"Action\": [\n        \"ssm:GetParameters\",\n        \"ssm:GetParameter\"\n      ],\n      \"Resource\": \"arn:aws:ssm:us-east-1:052730242331:parameter/ce-ci-*\"\n    }\n  ]\n}\n",
            "role": "ce-ci-github-action-runners-runner-role"
          },
          "sensitive_attributes": [],
          "private": "bnVsbA==",
          "dependencies": [
            "module.runners.module.runners.aws_iam_role.runner",
            "module.runners.module.runners.data.aws_caller_identity.current"
          ]
        }
      ]
    },
    {
      "module": "module.runners.module.runners",
      "mode": "managed",
      "type": "aws_lambda_event_source_mapping",
      "name": "scale_up",
      "provider": "provider[\"registry.terraform.io/hashicorp/aws\"]",
      "instances": [
        {
          "schema_version": 0,
          "attributes": {
            "batch_size": 10,
            "bisect_batch_on_function_error": false,
            "destination_config": [],
            "enabled": true,
            "event_source_arn": "arn:aws:sqs:us-east-1:052730242331:ce-ci-queued-builds.fifo",
            "function_arn": "arn:aws:lambda:us-east-1:052730242331:function:ce-ci-scale-up",
            "function_name": "arn:aws:lambda:us-east-1:052730242331:function:ce-ci-scale-up",
            "function_response_types": null,
            "id": "59ca1fea-db58-46dd-b17e-b9158479f348",
            "last_modified": "2021-10-26T03:03:06Z",
            "last_processing_result": "",
            "maximum_batching_window_in_seconds": 0,
            "maximum_record_age_in_seconds": 0,
            "maximum_retry_attempts": 0,
            "parallelization_factor": 0,
            "queues": null,
            "self_managed_event_source": [],
            "source_access_configuration": [],
            "starting_position": "",
            "starting_position_timestamp": "",
            "state": "Enabled",
            "state_transition_reason": "USER_INITIATED",
            "topics": null,
            "tumbling_window_in_seconds": 0,
            "uuid": "59ca1fea-db58-46dd-b17e-b9158479f348"
          },
          "sensitive_attributes": [],
          "private": "bnVsbA==",
          "dependencies": [
            "module.runners.aws_sqs_queue.queued_builds",
            "module.runners.module.runner_binaries.aws_s3_bucket.action_dist",
            "module.runners.module.runners.aws_iam_instance_profile.runner",
            "module.runners.module.runners.aws_iam_role.runner",
            "module.runners.module.runners.aws_iam_role.scale_up",
            "module.runners.module.runners.aws_lambda_function.scale_up",
            "module.runners.module.runners.aws_launch_template.runner",
            "module.runners.module.runners.aws_security_group.runner_sg",
            "module.runners.module.runners.aws_ssm_parameter.cloudwatch_agent_config_runner",
            "module.runners.module.runners.data.aws_ami.runner",
            "module.runners.module.runners.data.aws_iam_policy_document.lambda_assume_role_policy",
            "module.runners.module.ssm.aws_ssm_parameter.github_app_id",
            "module.runners.module.ssm.aws_ssm_parameter.github_app_key_base64",
            "module.runners.module.ssm.aws_ssm_parameter.github_app_webhook_secret",
            "module.runners.random_string.random",
            "module.vpc.aws_subnet.private_subnet",
            "module.vpc.aws_vpc.vpc",
            "module.vpc.data.aws_availability_zones.available",
            "random_password.random"
          ]
        }
      ]
    },
    {
      "module": "module.runners.module.runners",
      "mode": "managed",
      "type": "aws_lambda_function",
      "name": "scale_down",
      "provider": "provider[\"registry.terraform.io/hashicorp/aws\"]",
      "instances": [
        {
          "schema_version": 0,
          "attributes": {
            "architectures": [
              "x86_64"
            ],
            "arn": "arn:aws:lambda:us-east-1:052730242331:function:ce-ci-scale-down",
            "code_signing_config_arn": "",
            "dead_letter_config": [],
            "description": "",
            "environment": [
              {
                "variables": {
                  "ENVIRONMENT": "ce-ci",
                  "MINIMUM_RUNNING_TIME_IN_MINUTES": "5",
                  "NODE_TLS_REJECT_UNAUTHORIZED": "1",
                  "PARAMETER_GITHUB_APP_ID_NAME": "/actions_runner/ce-ci/github_app_id",
                  "PARAMETER_GITHUB_APP_KEY_BASE64_NAME": "/actions_runner/ce-ci/github_app_key_base64",
                  "RUNNER_BOOT_TIME_IN_MINUTES": "5",
                  "SCALE_DOWN_CONFIG": "[]"
                }
              }
            ],
            "file_system_config": [],
            "filename": "lambdas-download/runners.zip",
            "function_name": "ce-ci-scale-down",
            "handler": "index.scaleDown",
            "id": "ce-ci-scale-down",
            "image_config": [],
            "image_uri": "",
            "invoke_arn": "arn:aws:apigateway:us-east-1:lambda:path/2015-03-31/functions/arn:aws:lambda:us-east-1:052730242331:function:ce-ci-scale-down/invocations",
            "kms_key_arn": "",
            "last_modified": "2021-10-26T03:02:40.940+0000",
            "layers": null,
            "memory_size": 128,
            "package_type": "Zip",
            "publish": false,
            "qualified_arn": "arn:aws:lambda:us-east-1:052730242331:function:ce-ci-scale-down:$LATEST",
            "reserved_concurrent_executions": -1,
            "role": "arn:aws:iam::052730242331:role/ce-ci/ce-ci-action-scale-down-lambda-role",
            "runtime": "nodejs14.x",
            "s3_bucket": null,
            "s3_key": null,
            "s3_object_version": null,
            "signing_job_arn": "",
            "signing_profile_version_arn": "",
            "source_code_hash": "YOKOdLyevpptc3+Ie/I9xCyDBGUIMQdcaNBLU+E+uDc=",
            "source_code_size": 1292313,
            "tags": {
              "Environment": "ce-ci",
              "Name": "ce-ci-action-runner",
              "Site": "CompilerExplorer"
            },
            "tags_all": {
              "Environment": "ce-ci",
              "Name": "ce-ci-action-runner",
              "Site": "CompilerExplorer"
            },
            "timeout": 60,
            "timeouts": null,
            "tracing_config": [
              {
                "mode": "PassThrough"
              }
            ],
            "version": "$LATEST",
            "vpc_config": []
          },
          "sensitive_attributes": [],
          "private": "eyJlMmJmYjczMC1lY2FhLTExZTYtOGY4OC0zNDM2M2JjN2M0YzAiOnsiY3JlYXRlIjo2MDAwMDAwMDAwMDB9fQ==",
          "dependencies": [
            "module.runners.module.runners.aws_iam_role.scale_down",
            "module.runners.module.runners.data.aws_iam_policy_document.lambda_assume_role_policy",
            "module.runners.module.ssm.aws_ssm_parameter.github_app_id",
            "module.runners.module.ssm.aws_ssm_parameter.github_app_key_base64",
            "module.runners.module.ssm.aws_ssm_parameter.github_app_webhook_secret",
            "random_password.random"
          ]
        }
      ]
    },
    {
      "module": "module.runners.module.runners",
      "mode": "managed",
      "type": "aws_lambda_function",
      "name": "scale_up",
      "provider": "provider[\"registry.terraform.io/hashicorp/aws\"]",
      "instances": [
        {
          "schema_version": 0,
          "attributes": {
            "architectures": [
              "x86_64"
            ],
            "arn": "arn:aws:lambda:us-east-1:052730242331:function:ce-ci-scale-up",
            "code_signing_config_arn": "",
            "dead_letter_config": [],
            "description": "",
            "environment": [
              {
                "variables": {
                  "ENABLE_ORGANIZATION_RUNNERS": "true",
                  "ENVIRONMENT": "ce-ci",
                  "LAUNCH_TEMPLATE_NAME": "ce-ci-action-runner-c4.4xlarge,ce-ci-action-runner-c5.4xlarge,ce-ci-action-runner-c5a.4xlarge,ce-ci-action-runner-c4.8xlarge,ce-ci-action-runner-c5.8xlarge,ce-ci-action-runner-c5a.8xlarge",
                  "NODE_TLS_REJECT_UNAUTHORIZED": "1",
                  "PARAMETER_GITHUB_APP_ID_NAME": "/actions_runner/ce-ci/github_app_id",
                  "PARAMETER_GITHUB_APP_KEY_BASE64_NAME": "/actions_runner/ce-ci/github_app_key_base64",
                  "RUNNERS_MAXIMUM_COUNT": "3",
                  "RUNNER_EXTRA_LABELS": "ubuntu,ce",
                  "RUNNER_GROUP_NAME": "Default",
                  "SUBNET_IDS": "subnet-0ef993164c44a1c18,subnet-075bb57483ebd0f6c,subnet-0ddab5d8f1c2fd712,subnet-029017fff2b237e4d,subnet-082b20ca19dc7b0bc,subnet-02d404b9f5f6e7b7e"
                }
              }
            ],
            "file_system_config": [],
            "filename": "lambdas-download/runners.zip",
            "function_name": "ce-ci-scale-up",
            "handler": "index.scaleUp",
            "id": "ce-ci-scale-up",
            "image_config": [],
            "image_uri": "",
            "invoke_arn": "arn:aws:apigateway:us-east-1:lambda:path/2015-03-31/functions/arn:aws:lambda:us-east-1:052730242331:function:ce-ci-scale-up/invocations",
            "kms_key_arn": "",
            "last_modified": "2021-10-26T03:03:00.339+0000",
            "layers": null,
            "memory_size": 128,
            "package_type": "Zip",
            "publish": false,
            "qualified_arn": "arn:aws:lambda:us-east-1:052730242331:function:ce-ci-scale-up:$LATEST",
            "reserved_concurrent_executions": 1,
            "role": "arn:aws:iam::052730242331:role/ce-ci/ce-ci-action-scale-up-lambda-role",
            "runtime": "nodejs14.x",
            "s3_bucket": null,
            "s3_key": null,
            "s3_object_version": null,
            "signing_job_arn": "",
            "signing_profile_version_arn": "",
            "source_code_hash": "YOKOdLyevpptc3+Ie/I9xCyDBGUIMQdcaNBLU+E+uDc=",
            "source_code_size": 1292313,
            "tags": {
              "Environment": "ce-ci",
              "Name": "ce-ci-action-runner",
              "Site": "CompilerExplorer"
            },
            "tags_all": {
              "Environment": "ce-ci",
              "Name": "ce-ci-action-runner",
              "Site": "CompilerExplorer"
            },
            "timeout": 180,
            "timeouts": null,
            "tracing_config": [
              {
                "mode": "PassThrough"
              }
            ],
            "version": "$LATEST",
            "vpc_config": []
          },
          "sensitive_attributes": [],
          "private": "eyJlMmJmYjczMC1lY2FhLTExZTYtOGY4OC0zNDM2M2JjN2M0YzAiOnsiY3JlYXRlIjo2MDAwMDAwMDAwMDB9fQ==",
          "dependencies": [
            "module.runners.module.runner_binaries.aws_s3_bucket.action_dist",
            "module.runners.module.runners.aws_iam_instance_profile.runner",
            "module.runners.module.runners.aws_iam_role.runner",
            "module.runners.module.runners.aws_iam_role.scale_up",
            "module.runners.module.runners.aws_launch_template.runner",
            "module.runners.module.runners.aws_security_group.runner_sg",
            "module.runners.module.runners.aws_ssm_parameter.cloudwatch_agent_config_runner",
            "module.runners.module.runners.data.aws_ami.runner",
            "module.runners.module.runners.data.aws_iam_policy_document.lambda_assume_role_policy",
            "module.runners.module.ssm.aws_ssm_parameter.github_app_id",
            "module.runners.module.ssm.aws_ssm_parameter.github_app_key_base64",
            "module.runners.module.ssm.aws_ssm_parameter.github_app_webhook_secret",
            "module.runners.random_string.random",
            "module.vpc.aws_subnet.private_subnet",
            "module.vpc.aws_vpc.vpc",
            "module.vpc.data.aws_availability_zones.available",
            "random_password.random"
          ]
        }
      ]
    },
    {
      "module": "module.runners.module.runners",
      "mode": "managed",
      "type": "aws_lambda_permission",
      "name": "scale_down",
      "provider": "provider[\"registry.terraform.io/hashicorp/aws\"]",
      "instances": [
        {
          "schema_version": 0,
          "attributes": {
            "action": "lambda:InvokeFunction",
            "event_source_token": null,
            "function_name": "ce-ci-scale-down",
            "id": "AllowExecutionFromCloudWatch",
            "principal": "events.amazonaws.com",
            "qualifier": "",
            "source_account": null,
            "source_arn": "arn:aws:events:us-east-1:052730242331:rule/ce-ci-scale-down-rule",
            "statement_id": "AllowExecutionFromCloudWatch",
            "statement_id_prefix": null
          },
          "sensitive_attributes": [],
          "private": "bnVsbA==",
          "dependencies": [
            "module.runners.module.runners.aws_cloudwatch_event_rule.scale_down",
            "module.runners.module.runners.aws_iam_role.scale_down",
            "module.runners.module.runners.aws_lambda_function.scale_down",
            "module.runners.module.runners.data.aws_iam_policy_document.lambda_assume_role_policy",
            "module.runners.module.ssm.aws_ssm_parameter.github_app_id",
            "module.runners.module.ssm.aws_ssm_parameter.github_app_key_base64",
            "module.runners.module.ssm.aws_ssm_parameter.github_app_webhook_secret",
            "random_password.random"
          ]
        }
      ]
    },
    {
      "module": "module.runners.module.runners",
      "mode": "managed",
      "type": "aws_lambda_permission",
      "name": "scale_runners_lambda",
      "provider": "provider[\"registry.terraform.io/hashicorp/aws\"]",
      "instances": [
        {
          "schema_version": 0,
          "attributes": {
            "action": "lambda:InvokeFunction",
            "event_source_token": null,
            "function_name": "ce-ci-scale-up",
            "id": "AllowExecutionFromSQS",
            "principal": "sqs.amazonaws.com",
            "qualifier": "",
            "source_account": null,
            "source_arn": "arn:aws:sqs:us-east-1:052730242331:ce-ci-queued-builds.fifo",
            "statement_id": "AllowExecutionFromSQS",
            "statement_id_prefix": null
          },
          "sensitive_attributes": [],
          "private": "bnVsbA==",
          "dependencies": [
            "module.runners.aws_sqs_queue.queued_builds",
            "module.runners.module.runner_binaries.aws_s3_bucket.action_dist",
            "module.runners.module.runners.aws_iam_instance_profile.runner",
            "module.runners.module.runners.aws_iam_role.runner",
            "module.runners.module.runners.aws_iam_role.scale_up",
            "module.runners.module.runners.aws_lambda_function.scale_up",
            "module.runners.module.runners.aws_launch_template.runner",
            "module.runners.module.runners.aws_security_group.runner_sg",
            "module.runners.module.runners.aws_ssm_parameter.cloudwatch_agent_config_runner",
            "module.runners.module.runners.data.aws_ami.runner",
            "module.runners.module.runners.data.aws_iam_policy_document.lambda_assume_role_policy",
            "module.runners.module.ssm.aws_ssm_parameter.github_app_id",
            "module.runners.module.ssm.aws_ssm_parameter.github_app_key_base64",
            "module.runners.module.ssm.aws_ssm_parameter.github_app_webhook_secret",
            "module.runners.random_string.random",
            "module.vpc.aws_subnet.private_subnet",
            "module.vpc.aws_vpc.vpc",
            "module.vpc.data.aws_availability_zones.available",
            "random_password.random"
          ]
        }
      ]
    },
    {
      "module": "module.runners.module.runners",
      "mode": "managed",
      "type": "aws_launch_template",
      "name": "runner",
      "provider": "provider[\"registry.terraform.io/hashicorp/aws\"]",
      "instances": [
        {
          "index_key": 0,
          "schema_version": 0,
          "attributes": {
            "arn": "arn:aws:ec2:us-east-1:052730242331:launch-template/lt-024b7333aa612f5ce",
            "block_device_mappings": [
              {
                "device_name": "/dev/sda1",
                "ebs": [
                  {
                    "delete_on_termination": "true",
                    "encrypted": "true",
                    "iops": 0,
                    "kms_key_id": "",
                    "snapshot_id": "",
                    "throughput": 0,
                    "volume_size": 30,
                    "volume_type": "gp3"
                  }
                ],
                "no_device": "",
                "virtual_name": ""
              }
            ],
            "capacity_reservation_specification": [],
            "cpu_options": [],
            "credit_specification": [],
            "default_version": 1,
            "description": "",
            "disable_api_termination": false,
            "ebs_optimized": "",
            "elastic_gpu_specifications": [],
            "elastic_inference_accelerator": [],
            "enclave_options": [],
            "hibernation_options": [],
            "iam_instance_profile": [
              {
                "arn": "",
                "name": "ce-ci-github-action-runners-profile"
              }
            ],
            "id": "lt-024b7333aa612f5ce",
            "image_id": "ami-083654bd07b5da81d",
            "instance_initiated_shutdown_behavior": "terminate",
            "instance_market_options": [
              {
                "market_type": "spot",
                "spot_options": []
              }
            ],
            "instance_type": "c4.4xlarge",
            "kernel_id": "",
            "key_name": "",
            "latest_version": 1,
            "license_specification": [],
            "metadata_options": [
              {
                "http_endpoint": "enabled",
                "http_protocol_ipv6": "disabled",
                "http_put_response_hop_limit": 1,
                "http_tokens": "required"
              }
            ],
            "monitoring": [],
            "name": "ce-ci-action-runner-c4.4xlarge",
            "name_prefix": "",
            "network_interfaces": [],
            "placement": [],
            "ram_disk_id": "",
            "security_group_names": null,
            "tag_specifications": [
              {
                "resource_type": "instance",
                "tags": {
                  "Environment": "ce-ci",
                  "Name": "ce-ci-action-runner",
                  "Site": "CompilerExplorer"
                }
              },
              {
                "resource_type": "volume",
                "tags": {
                  "Environment": "ce-ci",
                  "Name": "ce-ci-action-runner",
                  "Site": "CompilerExplorer"
                }
              }
            ],
            "tags": {
              "Environment": "ce-ci",
              "Name": "ce-ci-action-runner",
              "Site": "CompilerExplorer"
            },
            "tags_all": {
              "Environment": "ce-ci",
              "Name": "ce-ci-action-runner",
              "Site": "CompilerExplorer"
            },
            "update_default_version": true,
            "user_data": "IyEvYmluL2Jhc2ggLXgKZXhlYyA+ID4odGVlIC92YXIvbG9nL3VzZXItZGF0YS5sb2cgfCBsb2dnZXIgLXQgdXNlci1kYXRhIC1zIDI+L2Rldi9jb25zb2xlKSAyPiYxCgoKCiMgSW5zdGFsbCBBV1MgQ0xJCmFwdC1nZXQgdXBkYXRlCkRFQklBTl9GUk9OVEVORD1ub25pbnRlcmFjdGl2ZSBhcHQtZ2V0IGluc3RhbGwgLXkgXAogICAgYXdzY2xpIFwKICAgIGpxIFwKICAgIGN1cmwgXAogICAgd2dldCBcCiAgICBnaXQgXAogICAgdWlkbWFwIFwKICAgIGJ1aWxkLWVzc2VudGlhbCBcCiAgICB1bnppcAoKVVNFUl9OQU1FPXJ1bm5lcnMKdXNlcmFkZCAtbSAtcyAvYmluL2Jhc2ggJFVTRVJfTkFNRQpVU0VSX0lEPSQoaWQgLXJ1ICRVU0VSX05BTUUpCgojIGluc3RhbGwgYW5kIGNvbmZpZ3VyZSBjbG91ZHdhdGNoIGxvZ2dpbmcgYWdlbnQKd2dldCBodHRwczovL3MzLmFtYXpvbmF3cy5jb20vYW1hem9uY2xvdWR3YXRjaC1hZ2VudC91YnVudHUvYW1kNjQvbGF0ZXN0L2FtYXpvbi1jbG91ZHdhdGNoLWFnZW50LmRlYgpkcGtnIC1pIC1FIC4vYW1hem9uLWNsb3Vkd2F0Y2gtYWdlbnQuZGViCmFtYXpvbi1jbG91ZHdhdGNoLWFnZW50LWN0bCAtYSBmZXRjaC1jb25maWcgLW0gZWMyIC1zIC1jIHNzbTpjZS1jaS1jbG91ZHdhdGNoX2FnZW50X2NvbmZpZ19ydW5uZXIKCiMgY29uZmlndXJlIHN5c3RlbWQgZm9yIHJ1bm5pbmcgc2VydmljZSBpbiB1c2VycyBhY2NvdW50cwpjYXQgPi9ldGMvc3lzdGVtZC91c2VyQFVJRC5zZXJ2aWNlIDw8LUVPRgoKW1VuaXRdCkRlc2NyaXB0aW9uPVVzZXIgTWFuYWdlciBmb3IgVUlEICVpCkFmdGVyPXVzZXItcnVudGltZS1kaXJAJWkuc2VydmljZQpXYW50cz11c2VyLXJ1bnRpbWUtZGlyQCVpLnNlcnZpY2UKCltTZXJ2aWNlXQpMaW1pdE5PRklMRT1pbmZpbml0eQpMaW1pdE5QUk9DPWluZmluaXR5ClVzZXI9JWkKUEFNTmFtZT1zeXN0ZW1kLXVzZXIKVHlwZT1ub3RpZnkKCltJbnN0YWxsXQpXYW50ZWRCeT1kZWZhdWx0LnRhcmdldAoKRU9GCgplY2hvIGV4cG9ydCBYREdfUlVOVElNRV9ESVI9L3J1bi91c2VyLyRVU0VSX0lEID4+L2hvbWUvJFVTRVJfTkFNRS8ucHJvZmlsZQoKc3lzdGVtY3RsIGRhZW1vbi1yZWxvYWQKc3lzdGVtY3RsIGVuYWJsZSB1c2VyQFVJRC5zZXJ2aWNlCnN5c3RlbWN0bCBzdGFydCB1c2VyQFVJRC5zZXJ2aWNlCgpjdXJsIC1mc1NMIGh0dHBzOi8vZ2V0LmRvY2tlci5jb20vcm9vdGxlc3MgPj4vb3B0L3Jvb3RsZXNzLnNoICYmIGNobW9kIDc1NSAvb3B0L3Jvb3RsZXNzLnNoCnN1IC1sICRVU0VSX05BTUUgLWMgL29wdC9yb290bGVzcy5zaAplY2hvIGV4cG9ydCBET0NLRVJfSE9TVD11bml4Oi8vL3J1bi91c2VyLyRVU0VSX0lEL2RvY2tlci5zb2NrID4+L2hvbWUvJFVTRVJfTkFNRS8ucHJvZmlsZQplY2hvIGV4cG9ydCBQQVRIPS9ob21lLyRVU0VSX05BTUUvYmluOiRQQVRIID4+L2hvbWUvJFVTRVJfTkFNRS8ucHJvZmlsZQoKIyBSdW4gZG9ja2VyIHNlcnZpY2UgYnkgZGVmYXVsdApsb2dpbmN0bCBlbmFibGUtbGluZ2VyICRVU0VSX05BTUUKc3UgLWwgJFVTRVJfTkFNRSAtYyAic3lzdGVtY3RsIC0tdXNlciBlbmFibGUgZG9ja2VyIgoKY2QgL2hvbWUvJFVTRVJfTkFNRQpta2RpciBhY3Rpb25zLXJ1bm5lciAmJiBjZCBhY3Rpb25zLXJ1bm5lcgoKVE9LRU49JChjdXJsIC1mIC1YIFBVVCAiaHR0cDovLzE2OS4yNTQuMTY5LjI1NC9sYXRlc3QvYXBpL3Rva2VuIiAtSCAiWC1hd3MtZWMyLW1ldGFkYXRhLXRva2VuLXR0bC1zZWNvbmRzOiAxODAiKQpSRUdJT049JChjdXJsIC1mIC1IICJYLWF3cy1lYzItbWV0YWRhdGEtdG9rZW46ICRUT0tFTiIgLXYgaHR0cDovLzE2OS4yNTQuMTY5LjI1NC9sYXRlc3QvZHluYW1pYy9pbnN0YW5jZS1pZGVudGl0eS9kb2N1bWVudCB8IGpxIC1yIC5yZWdpb24pCgphd3MgczMgY3AgczM6Ly9jZS1jaS1kaXN0LXFnejV6OHJzemp6eTQydHk3eTBqa2RycC9hY3Rpb25zLXJ1bm5lci1saW51eC50YXIuZ3ogYWN0aW9ucy1ydW5uZXIudGFyLmd6IC0tcmVnaW9uICRSRUdJT04KdGFyIHh6ZiAuL2FjdGlvbnMtcnVubmVyLnRhci5negpybSAtcmYgYWN0aW9ucy1ydW5uZXIudGFyLmd6CgoKCklOU1RBTkNFX0lEPSQoY3VybCAtZiAtSCAiWC1hd3MtZWMyLW1ldGFkYXRhLXRva2VuOiAkVE9LRU4iIC12IGh0dHA6Ly8xNjkuMjU0LjE2OS4yNTQvbGF0ZXN0L21ldGEtZGF0YS9pbnN0YW5jZS1pZCkKCmVjaG8gd2FpdCBmb3IgY29uZmlndXJhdGlvbgp3aGlsZSBbWyAkKGF3cyBzc20gZ2V0LXBhcmFtZXRlcnMgLS1uYW1lcyBjZS1jaS0kSU5TVEFOQ0VfSUQgLS13aXRoLWRlY3J5cHRpb24gLS1yZWdpb24gJFJFR0lPTiB8IGpxIC1yICIuUGFyYW1ldGVycyB8IC5bMF0gfCAuVmFsdWUiKSA9PSBudWxsIF1dOyBkbwogICAgZWNobyBXYWl0aW5nIGZvciBjb25maWd1cmF0aW9uIC4uLgogICAgc2xlZXAgMQpkb25lCkNPTkZJRz0kKGF3cyBzc20gZ2V0LXBhcmFtZXRlcnMgLS1uYW1lcyBjZS1jaS0kSU5TVEFOQ0VfSUQgLS13aXRoLWRlY3J5cHRpb24gLS1yZWdpb24gJFJFR0lPTiB8IGpxIC1yICIuUGFyYW1ldGVycyB8IC5bMF0gfCAuVmFsdWUiKQphd3Mgc3NtIGRlbGV0ZS1wYXJhbWV0ZXIgLS1uYW1lIGNlLWNpLSRJTlNUQU5DRV9JRCAtLXJlZ2lvbiAkUkVHSU9OCgpleHBvcnQgUlVOTkVSX0FMTE9XX1JVTkFTUk9PVD0xCm9zX2lkPSQoYXdrIC1GPSAnL15JRC97cHJpbnQgJDJ9JyAvZXRjL29zLXJlbGVhc2UpCmlmIFtbICIkb3NfaWQiID1+IF51YnVudHUuKiBdXTsgdGhlbgogICAgLi9iaW4vaW5zdGFsbGRlcGVuZGVuY2llcy5zaApmaQoKLi9jb25maWcuc2ggLS11bmF0dGVuZGVkIC0tbmFtZSAkSU5TVEFOQ0VfSUQgLS13b3JrICJfd29yayIgJENPTkZJRwoKY2hvd24gLVIgJFVTRVJfTkFNRTokVVNFUl9OQU1FIC4KT1ZFUldSSVRFX1NFUlZJQ0VfVVNFUj0KU0VSVklDRV9VU0VSPSR7T1ZFUldSSVRFX1NFUlZJQ0VfVVNFUjotJFVTRVJfTkFNRX0KCi4vc3ZjLnNoIGluc3RhbGwgJFNFUlZJQ0VfVVNFUgoKCiMgY29uZmlnIHJ1bm5lciBmb3Igcm9vdGxlc3MgZG9ja2VyCmNkIC9ob21lLyRVU0VSX05BTUUvYWN0aW9ucy1ydW5uZXIvCmVjaG8gRE9DS0VSX0hPU1Q9dW5peDovLy9ydW4vdXNlci8kVVNFUl9JRC9kb2NrZXIuc29jayA+Pi5lbnYKZWNobyBQQVRIPS9ob21lLyRVU0VSX05BTUUvYmluOiRQQVRIID4+LmVudgoKCgouL3N2Yy5zaCBzdGFydAo=",
            "vpc_security_group_ids": [
              "sg-0b8ca3dd81c127a80"
            ]
          },
          "sensitive_attributes": [],
          "private": "bnVsbA==",
          "dependencies": [
            "module.runners.module.runner_binaries.aws_s3_bucket.action_dist",
            "module.runners.module.runners.aws_iam_instance_profile.runner",
            "module.runners.module.runners.aws_iam_role.runner",
            "module.runners.module.runners.aws_security_group.runner_sg",
            "module.runners.module.runners.aws_ssm_parameter.cloudwatch_agent_config_runner",
            "module.runners.module.runners.data.aws_ami.runner",
            "module.runners.random_string.random",
            "module.vpc.aws_vpc.vpc"
          ]
        },
        {
          "index_key": 1,
          "schema_version": 0,
          "attributes": {
            "arn": "arn:aws:ec2:us-east-1:052730242331:launch-template/lt-01fad2d80f4ca155d",
            "block_device_mappings": [
              {
                "device_name": "/dev/sda1",
                "ebs": [
                  {
                    "delete_on_termination": "true",
                    "encrypted": "true",
                    "iops": 0,
                    "kms_key_id": "",
                    "snapshot_id": "",
                    "throughput": 0,
                    "volume_size": 30,
                    "volume_type": "gp3"
                  }
                ],
                "no_device": "",
                "virtual_name": ""
              }
            ],
            "capacity_reservation_specification": [],
            "cpu_options": [],
            "credit_specification": [],
            "default_version": 1,
            "description": "",
            "disable_api_termination": false,
            "ebs_optimized": "",
            "elastic_gpu_specifications": [],
            "elastic_inference_accelerator": [],
            "enclave_options": [],
            "hibernation_options": [],
            "iam_instance_profile": [
              {
                "arn": "",
                "name": "ce-ci-github-action-runners-profile"
              }
            ],
            "id": "lt-01fad2d80f4ca155d",
            "image_id": "ami-083654bd07b5da81d",
            "instance_initiated_shutdown_behavior": "terminate",
            "instance_market_options": [
              {
                "market_type": "spot",
                "spot_options": []
              }
            ],
            "instance_type": "c5.4xlarge",
            "kernel_id": "",
            "key_name": "",
            "latest_version": 1,
            "license_specification": [],
            "metadata_options": [
              {
                "http_endpoint": "enabled",
                "http_protocol_ipv6": "disabled",
                "http_put_response_hop_limit": 1,
                "http_tokens": "required"
              }
            ],
            "monitoring": [],
            "name": "ce-ci-action-runner-c5.4xlarge",
            "name_prefix": "",
            "network_interfaces": [],
            "placement": [],
            "ram_disk_id": "",
            "security_group_names": null,
            "tag_specifications": [
              {
                "resource_type": "instance",
                "tags": {
                  "Environment": "ce-ci",
                  "Name": "ce-ci-action-runner",
                  "Site": "CompilerExplorer"
                }
              },
              {
                "resource_type": "volume",
                "tags": {
                  "Environment": "ce-ci",
                  "Name": "ce-ci-action-runner",
                  "Site": "CompilerExplorer"
                }
              }
            ],
            "tags": {
              "Environment": "ce-ci",
              "Name": "ce-ci-action-runner",
              "Site": "CompilerExplorer"
            },
            "tags_all": {
              "Environment": "ce-ci",
              "Name": "ce-ci-action-runner",
              "Site": "CompilerExplorer"
            },
            "update_default_version": true,
            "user_data": "IyEvYmluL2Jhc2ggLXgKZXhlYyA+ID4odGVlIC92YXIvbG9nL3VzZXItZGF0YS5sb2cgfCBsb2dnZXIgLXQgdXNlci1kYXRhIC1zIDI+L2Rldi9jb25zb2xlKSAyPiYxCgoKCiMgSW5zdGFsbCBBV1MgQ0xJCmFwdC1nZXQgdXBkYXRlCkRFQklBTl9GUk9OVEVORD1ub25pbnRlcmFjdGl2ZSBhcHQtZ2V0IGluc3RhbGwgLXkgXAogICAgYXdzY2xpIFwKICAgIGpxIFwKICAgIGN1cmwgXAogICAgd2dldCBcCiAgICBnaXQgXAogICAgdWlkbWFwIFwKICAgIGJ1aWxkLWVzc2VudGlhbCBcCiAgICB1bnppcAoKVVNFUl9OQU1FPXJ1bm5lcnMKdXNlcmFkZCAtbSAtcyAvYmluL2Jhc2ggJFVTRVJfTkFNRQpVU0VSX0lEPSQoaWQgLXJ1ICRVU0VSX05BTUUpCgojIGluc3RhbGwgYW5kIGNvbmZpZ3VyZSBjbG91ZHdhdGNoIGxvZ2dpbmcgYWdlbnQKd2dldCBodHRwczovL3MzLmFtYXpvbmF3cy5jb20vYW1hem9uY2xvdWR3YXRjaC1hZ2VudC91YnVudHUvYW1kNjQvbGF0ZXN0L2FtYXpvbi1jbG91ZHdhdGNoLWFnZW50LmRlYgpkcGtnIC1pIC1FIC4vYW1hem9uLWNsb3Vkd2F0Y2gtYWdlbnQuZGViCmFtYXpvbi1jbG91ZHdhdGNoLWFnZW50LWN0bCAtYSBmZXRjaC1jb25maWcgLW0gZWMyIC1zIC1jIHNzbTpjZS1jaS1jbG91ZHdhdGNoX2FnZW50X2NvbmZpZ19ydW5uZXIKCiMgY29uZmlndXJlIHN5c3RlbWQgZm9yIHJ1bm5pbmcgc2VydmljZSBpbiB1c2VycyBhY2NvdW50cwpjYXQgPi9ldGMvc3lzdGVtZC91c2VyQFVJRC5zZXJ2aWNlIDw8LUVPRgoKW1VuaXRdCkRlc2NyaXB0aW9uPVVzZXIgTWFuYWdlciBmb3IgVUlEICVpCkFmdGVyPXVzZXItcnVudGltZS1kaXJAJWkuc2VydmljZQpXYW50cz11c2VyLXJ1bnRpbWUtZGlyQCVpLnNlcnZpY2UKCltTZXJ2aWNlXQpMaW1pdE5PRklMRT1pbmZpbml0eQpMaW1pdE5QUk9DPWluZmluaXR5ClVzZXI9JWkKUEFNTmFtZT1zeXN0ZW1kLXVzZXIKVHlwZT1ub3RpZnkKCltJbnN0YWxsXQpXYW50ZWRCeT1kZWZhdWx0LnRhcmdldAoKRU9GCgplY2hvIGV4cG9ydCBYREdfUlVOVElNRV9ESVI9L3J1bi91c2VyLyRVU0VSX0lEID4+L2hvbWUvJFVTRVJfTkFNRS8ucHJvZmlsZQoKc3lzdGVtY3RsIGRhZW1vbi1yZWxvYWQKc3lzdGVtY3RsIGVuYWJsZSB1c2VyQFVJRC5zZXJ2aWNlCnN5c3RlbWN0bCBzdGFydCB1c2VyQFVJRC5zZXJ2aWNlCgpjdXJsIC1mc1NMIGh0dHBzOi8vZ2V0LmRvY2tlci5jb20vcm9vdGxlc3MgPj4vb3B0L3Jvb3RsZXNzLnNoICYmIGNobW9kIDc1NSAvb3B0L3Jvb3RsZXNzLnNoCnN1IC1sICRVU0VSX05BTUUgLWMgL29wdC9yb290bGVzcy5zaAplY2hvIGV4cG9ydCBET0NLRVJfSE9TVD11bml4Oi8vL3J1bi91c2VyLyRVU0VSX0lEL2RvY2tlci5zb2NrID4+L2hvbWUvJFVTRVJfTkFNRS8ucHJvZmlsZQplY2hvIGV4cG9ydCBQQVRIPS9ob21lLyRVU0VSX05BTUUvYmluOiRQQVRIID4+L2hvbWUvJFVTRVJfTkFNRS8ucHJvZmlsZQoKIyBSdW4gZG9ja2VyIHNlcnZpY2UgYnkgZGVmYXVsdApsb2dpbmN0bCBlbmFibGUtbGluZ2VyICRVU0VSX05BTUUKc3UgLWwgJFVTRVJfTkFNRSAtYyAic3lzdGVtY3RsIC0tdXNlciBlbmFibGUgZG9ja2VyIgoKY2QgL2hvbWUvJFVTRVJfTkFNRQpta2RpciBhY3Rpb25zLXJ1bm5lciAmJiBjZCBhY3Rpb25zLXJ1bm5lcgoKVE9LRU49JChjdXJsIC1mIC1YIFBVVCAiaHR0cDovLzE2OS4yNTQuMTY5LjI1NC9sYXRlc3QvYXBpL3Rva2VuIiAtSCAiWC1hd3MtZWMyLW1ldGFkYXRhLXRva2VuLXR0bC1zZWNvbmRzOiAxODAiKQpSRUdJT049JChjdXJsIC1mIC1IICJYLWF3cy1lYzItbWV0YWRhdGEtdG9rZW46ICRUT0tFTiIgLXYgaHR0cDovLzE2OS4yNTQuMTY5LjI1NC9sYXRlc3QvZHluYW1pYy9pbnN0YW5jZS1pZGVudGl0eS9kb2N1bWVudCB8IGpxIC1yIC5yZWdpb24pCgphd3MgczMgY3AgczM6Ly9jZS1jaS1kaXN0LXFnejV6OHJzemp6eTQydHk3eTBqa2RycC9hY3Rpb25zLXJ1bm5lci1saW51eC50YXIuZ3ogYWN0aW9ucy1ydW5uZXIudGFyLmd6IC0tcmVnaW9uICRSRUdJT04KdGFyIHh6ZiAuL2FjdGlvbnMtcnVubmVyLnRhci5negpybSAtcmYgYWN0aW9ucy1ydW5uZXIudGFyLmd6CgoKCklOU1RBTkNFX0lEPSQoY3VybCAtZiAtSCAiWC1hd3MtZWMyLW1ldGFkYXRhLXRva2VuOiAkVE9LRU4iIC12IGh0dHA6Ly8xNjkuMjU0LjE2OS4yNTQvbGF0ZXN0L21ldGEtZGF0YS9pbnN0YW5jZS1pZCkKCmVjaG8gd2FpdCBmb3IgY29uZmlndXJhdGlvbgp3aGlsZSBbWyAkKGF3cyBzc20gZ2V0LXBhcmFtZXRlcnMgLS1uYW1lcyBjZS1jaS0kSU5TVEFOQ0VfSUQgLS13aXRoLWRlY3J5cHRpb24gLS1yZWdpb24gJFJFR0lPTiB8IGpxIC1yICIuUGFyYW1ldGVycyB8IC5bMF0gfCAuVmFsdWUiKSA9PSBudWxsIF1dOyBkbwogICAgZWNobyBXYWl0aW5nIGZvciBjb25maWd1cmF0aW9uIC4uLgogICAgc2xlZXAgMQpkb25lCkNPTkZJRz0kKGF3cyBzc20gZ2V0LXBhcmFtZXRlcnMgLS1uYW1lcyBjZS1jaS0kSU5TVEFOQ0VfSUQgLS13aXRoLWRlY3J5cHRpb24gLS1yZWdpb24gJFJFR0lPTiB8IGpxIC1yICIuUGFyYW1ldGVycyB8IC5bMF0gfCAuVmFsdWUiKQphd3Mgc3NtIGRlbGV0ZS1wYXJhbWV0ZXIgLS1uYW1lIGNlLWNpLSRJTlNUQU5DRV9JRCAtLXJlZ2lvbiAkUkVHSU9OCgpleHBvcnQgUlVOTkVSX0FMTE9XX1JVTkFTUk9PVD0xCm9zX2lkPSQoYXdrIC1GPSAnL15JRC97cHJpbnQgJDJ9JyAvZXRjL29zLXJlbGVhc2UpCmlmIFtbICIkb3NfaWQiID1+IF51YnVudHUuKiBdXTsgdGhlbgogICAgLi9iaW4vaW5zdGFsbGRlcGVuZGVuY2llcy5zaApmaQoKLi9jb25maWcuc2ggLS11bmF0dGVuZGVkIC0tbmFtZSAkSU5TVEFOQ0VfSUQgLS13b3JrICJfd29yayIgJENPTkZJRwoKY2hvd24gLVIgJFVTRVJfTkFNRTokVVNFUl9OQU1FIC4KT1ZFUldSSVRFX1NFUlZJQ0VfVVNFUj0KU0VSVklDRV9VU0VSPSR7T1ZFUldSSVRFX1NFUlZJQ0VfVVNFUjotJFVTRVJfTkFNRX0KCi4vc3ZjLnNoIGluc3RhbGwgJFNFUlZJQ0VfVVNFUgoKCiMgY29uZmlnIHJ1bm5lciBmb3Igcm9vdGxlc3MgZG9ja2VyCmNkIC9ob21lLyRVU0VSX05BTUUvYWN0aW9ucy1ydW5uZXIvCmVjaG8gRE9DS0VSX0hPU1Q9dW5peDovLy9ydW4vdXNlci8kVVNFUl9JRC9kb2NrZXIuc29jayA+Pi5lbnYKZWNobyBQQVRIPS9ob21lLyRVU0VSX05BTUUvYmluOiRQQVRIID4+LmVudgoKCgouL3N2Yy5zaCBzdGFydAo=",
            "vpc_security_group_ids": [
              "sg-0b8ca3dd81c127a80"
            ]
          },
          "sensitive_attributes": [],
          "private": "bnVsbA==",
          "dependencies": [
            "module.runners.module.runner_binaries.aws_s3_bucket.action_dist",
            "module.runners.module.runners.aws_iam_instance_profile.runner",
            "module.runners.module.runners.aws_iam_role.runner",
            "module.runners.module.runners.aws_security_group.runner_sg",
            "module.runners.module.runners.aws_ssm_parameter.cloudwatch_agent_config_runner",
            "module.runners.module.runners.data.aws_ami.runner",
            "module.runners.random_string.random",
            "module.vpc.aws_vpc.vpc"
          ]
        },
        {
          "index_key": 2,
          "schema_version": 0,
          "attributes": {
            "arn": "arn:aws:ec2:us-east-1:052730242331:launch-template/lt-059236c8c77858106",
            "block_device_mappings": [
              {
                "device_name": "/dev/sda1",
                "ebs": [
                  {
                    "delete_on_termination": "true",
                    "encrypted": "true",
                    "iops": 0,
                    "kms_key_id": "",
                    "snapshot_id": "",
                    "throughput": 0,
                    "volume_size": 30,
                    "volume_type": "gp3"
                  }
                ],
                "no_device": "",
                "virtual_name": ""
              }
            ],
            "capacity_reservation_specification": [],
            "cpu_options": [],
            "credit_specification": [],
            "default_version": 1,
            "description": "",
            "disable_api_termination": false,
            "ebs_optimized": "",
            "elastic_gpu_specifications": [],
            "elastic_inference_accelerator": [],
            "enclave_options": [],
            "hibernation_options": [],
            "iam_instance_profile": [
              {
                "arn": "",
                "name": "ce-ci-github-action-runners-profile"
              }
            ],
            "id": "lt-059236c8c77858106",
            "image_id": "ami-083654bd07b5da81d",
            "instance_initiated_shutdown_behavior": "terminate",
            "instance_market_options": [
              {
                "market_type": "spot",
                "spot_options": []
              }
            ],
            "instance_type": "c5a.4xlarge",
            "kernel_id": "",
            "key_name": "",
            "latest_version": 1,
            "license_specification": [],
            "metadata_options": [
              {
                "http_endpoint": "enabled",
                "http_protocol_ipv6": "disabled",
                "http_put_response_hop_limit": 1,
                "http_tokens": "required"
              }
            ],
            "monitoring": [],
            "name": "ce-ci-action-runner-c5a.4xlarge",
            "name_prefix": "",
            "network_interfaces": [],
            "placement": [],
            "ram_disk_id": "",
            "security_group_names": null,
            "tag_specifications": [
              {
                "resource_type": "instance",
                "tags": {
                  "Environment": "ce-ci",
                  "Name": "ce-ci-action-runner",
                  "Site": "CompilerExplorer"
                }
              },
              {
                "resource_type": "volume",
                "tags": {
                  "Environment": "ce-ci",
                  "Name": "ce-ci-action-runner",
                  "Site": "CompilerExplorer"
                }
              }
            ],
            "tags": {
              "Environment": "ce-ci",
              "Name": "ce-ci-action-runner",
              "Site": "CompilerExplorer"
            },
            "tags_all": {
              "Environment": "ce-ci",
              "Name": "ce-ci-action-runner",
              "Site": "CompilerExplorer"
            },
            "update_default_version": true,
            "user_data": "IyEvYmluL2Jhc2ggLXgKZXhlYyA+ID4odGVlIC92YXIvbG9nL3VzZXItZGF0YS5sb2cgfCBsb2dnZXIgLXQgdXNlci1kYXRhIC1zIDI+L2Rldi9jb25zb2xlKSAyPiYxCgoKCiMgSW5zdGFsbCBBV1MgQ0xJCmFwdC1nZXQgdXBkYXRlCkRFQklBTl9GUk9OVEVORD1ub25pbnRlcmFjdGl2ZSBhcHQtZ2V0IGluc3RhbGwgLXkgXAogICAgYXdzY2xpIFwKICAgIGpxIFwKICAgIGN1cmwgXAogICAgd2dldCBcCiAgICBnaXQgXAogICAgdWlkbWFwIFwKICAgIGJ1aWxkLWVzc2VudGlhbCBcCiAgICB1bnppcAoKVVNFUl9OQU1FPXJ1bm5lcnMKdXNlcmFkZCAtbSAtcyAvYmluL2Jhc2ggJFVTRVJfTkFNRQpVU0VSX0lEPSQoaWQgLXJ1ICRVU0VSX05BTUUpCgojIGluc3RhbGwgYW5kIGNvbmZpZ3VyZSBjbG91ZHdhdGNoIGxvZ2dpbmcgYWdlbnQKd2dldCBodHRwczovL3MzLmFtYXpvbmF3cy5jb20vYW1hem9uY2xvdWR3YXRjaC1hZ2VudC91YnVudHUvYW1kNjQvbGF0ZXN0L2FtYXpvbi1jbG91ZHdhdGNoLWFnZW50LmRlYgpkcGtnIC1pIC1FIC4vYW1hem9uLWNsb3Vkd2F0Y2gtYWdlbnQuZGViCmFtYXpvbi1jbG91ZHdhdGNoLWFnZW50LWN0bCAtYSBmZXRjaC1jb25maWcgLW0gZWMyIC1zIC1jIHNzbTpjZS1jaS1jbG91ZHdhdGNoX2FnZW50X2NvbmZpZ19ydW5uZXIKCiMgY29uZmlndXJlIHN5c3RlbWQgZm9yIHJ1bm5pbmcgc2VydmljZSBpbiB1c2VycyBhY2NvdW50cwpjYXQgPi9ldGMvc3lzdGVtZC91c2VyQFVJRC5zZXJ2aWNlIDw8LUVPRgoKW1VuaXRdCkRlc2NyaXB0aW9uPVVzZXIgTWFuYWdlciBmb3IgVUlEICVpCkFmdGVyPXVzZXItcnVudGltZS1kaXJAJWkuc2VydmljZQpXYW50cz11c2VyLXJ1bnRpbWUtZGlyQCVpLnNlcnZpY2UKCltTZXJ2aWNlXQpMaW1pdE5PRklMRT1pbmZpbml0eQpMaW1pdE5QUk9DPWluZmluaXR5ClVzZXI9JWkKUEFNTmFtZT1zeXN0ZW1kLXVzZXIKVHlwZT1ub3RpZnkKCltJbnN0YWxsXQpXYW50ZWRCeT1kZWZhdWx0LnRhcmdldAoKRU9GCgplY2hvIGV4cG9ydCBYREdfUlVOVElNRV9ESVI9L3J1bi91c2VyLyRVU0VSX0lEID4+L2hvbWUvJFVTRVJfTkFNRS8ucHJvZmlsZQoKc3lzdGVtY3RsIGRhZW1vbi1yZWxvYWQKc3lzdGVtY3RsIGVuYWJsZSB1c2VyQFVJRC5zZXJ2aWNlCnN5c3RlbWN0bCBzdGFydCB1c2VyQFVJRC5zZXJ2aWNlCgpjdXJsIC1mc1NMIGh0dHBzOi8vZ2V0LmRvY2tlci5jb20vcm9vdGxlc3MgPj4vb3B0L3Jvb3RsZXNzLnNoICYmIGNobW9kIDc1NSAvb3B0L3Jvb3RsZXNzLnNoCnN1IC1sICRVU0VSX05BTUUgLWMgL29wdC9yb290bGVzcy5zaAplY2hvIGV4cG9ydCBET0NLRVJfSE9TVD11bml4Oi8vL3J1bi91c2VyLyRVU0VSX0lEL2RvY2tlci5zb2NrID4+L2hvbWUvJFVTRVJfTkFNRS8ucHJvZmlsZQplY2hvIGV4cG9ydCBQQVRIPS9ob21lLyRVU0VSX05BTUUvYmluOiRQQVRIID4+L2hvbWUvJFVTRVJfTkFNRS8ucHJvZmlsZQoKIyBSdW4gZG9ja2VyIHNlcnZpY2UgYnkgZGVmYXVsdApsb2dpbmN0bCBlbmFibGUtbGluZ2VyICRVU0VSX05BTUUKc3UgLWwgJFVTRVJfTkFNRSAtYyAic3lzdGVtY3RsIC0tdXNlciBlbmFibGUgZG9ja2VyIgoKY2QgL2hvbWUvJFVTRVJfTkFNRQpta2RpciBhY3Rpb25zLXJ1bm5lciAmJiBjZCBhY3Rpb25zLXJ1bm5lcgoKVE9LRU49JChjdXJsIC1mIC1YIFBVVCAiaHR0cDovLzE2OS4yNTQuMTY5LjI1NC9sYXRlc3QvYXBpL3Rva2VuIiAtSCAiWC1hd3MtZWMyLW1ldGFkYXRhLXRva2VuLXR0bC1zZWNvbmRzOiAxODAiKQpSRUdJT049JChjdXJsIC1mIC1IICJYLWF3cy1lYzItbWV0YWRhdGEtdG9rZW46ICRUT0tFTiIgLXYgaHR0cDovLzE2OS4yNTQuMTY5LjI1NC9sYXRlc3QvZHluYW1pYy9pbnN0YW5jZS1pZGVudGl0eS9kb2N1bWVudCB8IGpxIC1yIC5yZWdpb24pCgphd3MgczMgY3AgczM6Ly9jZS1jaS1kaXN0LXFnejV6OHJzemp6eTQydHk3eTBqa2RycC9hY3Rpb25zLXJ1bm5lci1saW51eC50YXIuZ3ogYWN0aW9ucy1ydW5uZXIudGFyLmd6IC0tcmVnaW9uICRSRUdJT04KdGFyIHh6ZiAuL2FjdGlvbnMtcnVubmVyLnRhci5negpybSAtcmYgYWN0aW9ucy1ydW5uZXIudGFyLmd6CgoKCklOU1RBTkNFX0lEPSQoY3VybCAtZiAtSCAiWC1hd3MtZWMyLW1ldGFkYXRhLXRva2VuOiAkVE9LRU4iIC12IGh0dHA6Ly8xNjkuMjU0LjE2OS4yNTQvbGF0ZXN0L21ldGEtZGF0YS9pbnN0YW5jZS1pZCkKCmVjaG8gd2FpdCBmb3IgY29uZmlndXJhdGlvbgp3aGlsZSBbWyAkKGF3cyBzc20gZ2V0LXBhcmFtZXRlcnMgLS1uYW1lcyBjZS1jaS0kSU5TVEFOQ0VfSUQgLS13aXRoLWRlY3J5cHRpb24gLS1yZWdpb24gJFJFR0lPTiB8IGpxIC1yICIuUGFyYW1ldGVycyB8IC5bMF0gfCAuVmFsdWUiKSA9PSBudWxsIF1dOyBkbwogICAgZWNobyBXYWl0aW5nIGZvciBjb25maWd1cmF0aW9uIC4uLgogICAgc2xlZXAgMQpkb25lCkNPTkZJRz0kKGF3cyBzc20gZ2V0LXBhcmFtZXRlcnMgLS1uYW1lcyBjZS1jaS0kSU5TVEFOQ0VfSUQgLS13aXRoLWRlY3J5cHRpb24gLS1yZWdpb24gJFJFR0lPTiB8IGpxIC1yICIuUGFyYW1ldGVycyB8IC5bMF0gfCAuVmFsdWUiKQphd3Mgc3NtIGRlbGV0ZS1wYXJhbWV0ZXIgLS1uYW1lIGNlLWNpLSRJTlNUQU5DRV9JRCAtLXJlZ2lvbiAkUkVHSU9OCgpleHBvcnQgUlVOTkVSX0FMTE9XX1JVTkFTUk9PVD0xCm9zX2lkPSQoYXdrIC1GPSAnL15JRC97cHJpbnQgJDJ9JyAvZXRjL29zLXJlbGVhc2UpCmlmIFtbICIkb3NfaWQiID1+IF51YnVudHUuKiBdXTsgdGhlbgogICAgLi9iaW4vaW5zdGFsbGRlcGVuZGVuY2llcy5zaApmaQoKLi9jb25maWcuc2ggLS11bmF0dGVuZGVkIC0tbmFtZSAkSU5TVEFOQ0VfSUQgLS13b3JrICJfd29yayIgJENPTkZJRwoKY2hvd24gLVIgJFVTRVJfTkFNRTokVVNFUl9OQU1FIC4KT1ZFUldSSVRFX1NFUlZJQ0VfVVNFUj0KU0VSVklDRV9VU0VSPSR7T1ZFUldSSVRFX1NFUlZJQ0VfVVNFUjotJFVTRVJfTkFNRX0KCi4vc3ZjLnNoIGluc3RhbGwgJFNFUlZJQ0VfVVNFUgoKCiMgY29uZmlnIHJ1bm5lciBmb3Igcm9vdGxlc3MgZG9ja2VyCmNkIC9ob21lLyRVU0VSX05BTUUvYWN0aW9ucy1ydW5uZXIvCmVjaG8gRE9DS0VSX0hPU1Q9dW5peDovLy9ydW4vdXNlci8kVVNFUl9JRC9kb2NrZXIuc29jayA+Pi5lbnYKZWNobyBQQVRIPS9ob21lLyRVU0VSX05BTUUvYmluOiRQQVRIID4+LmVudgoKCgouL3N2Yy5zaCBzdGFydAo=",
            "vpc_security_group_ids": [
              "sg-0b8ca3dd81c127a80"
            ]
          },
          "sensitive_attributes": [],
          "private": "bnVsbA==",
          "dependencies": [
            "module.runners.module.runner_binaries.aws_s3_bucket.action_dist",
            "module.runners.module.runners.aws_iam_instance_profile.runner",
            "module.runners.module.runners.aws_iam_role.runner",
            "module.runners.module.runners.aws_security_group.runner_sg",
            "module.runners.module.runners.aws_ssm_parameter.cloudwatch_agent_config_runner",
            "module.runners.module.runners.data.aws_ami.runner",
            "module.runners.random_string.random",
            "module.vpc.aws_vpc.vpc"
          ]
        },
        {
          "index_key": 3,
          "schema_version": 0,
          "attributes": {
            "arn": "arn:aws:ec2:us-east-1:052730242331:launch-template/lt-007cc7594b83cf48e",
            "block_device_mappings": [
              {
                "device_name": "/dev/sda1",
                "ebs": [
                  {
                    "delete_on_termination": "true",
                    "encrypted": "true",
                    "iops": 0,
                    "kms_key_id": "",
                    "snapshot_id": "",
                    "throughput": 0,
                    "volume_size": 30,
                    "volume_type": "gp3"
                  }
                ],
                "no_device": "",
                "virtual_name": ""
              }
            ],
            "capacity_reservation_specification": [],
            "cpu_options": [],
            "credit_specification": [],
            "default_version": 1,
            "description": "",
            "disable_api_termination": false,
            "ebs_optimized": "",
            "elastic_gpu_specifications": [],
            "elastic_inference_accelerator": [],
            "enclave_options": [],
            "hibernation_options": [],
            "iam_instance_profile": [
              {
                "arn": "",
                "name": "ce-ci-github-action-runners-profile"
              }
            ],
            "id": "lt-007cc7594b83cf48e",
            "image_id": "ami-083654bd07b5da81d",
            "instance_initiated_shutdown_behavior": "terminate",
            "instance_market_options": [
              {
                "market_type": "spot",
                "spot_options": []
              }
            ],
            "instance_type": "c4.8xlarge",
            "kernel_id": "",
            "key_name": "",
            "latest_version": 1,
            "license_specification": [],
            "metadata_options": [
              {
                "http_endpoint": "enabled",
                "http_protocol_ipv6": "disabled",
                "http_put_response_hop_limit": 1,
                "http_tokens": "required"
              }
            ],
            "monitoring": [],
            "name": "ce-ci-action-runner-c4.8xlarge",
            "name_prefix": "",
            "network_interfaces": [],
            "placement": [],
            "ram_disk_id": "",
            "security_group_names": null,
            "tag_specifications": [
              {
                "resource_type": "instance",
                "tags": {
                  "Environment": "ce-ci",
                  "Name": "ce-ci-action-runner",
                  "Site": "CompilerExplorer"
                }
              },
              {
                "resource_type": "volume",
                "tags": {
                  "Environment": "ce-ci",
                  "Name": "ce-ci-action-runner",
                  "Site": "CompilerExplorer"
                }
              }
            ],
            "tags": {
              "Environment": "ce-ci",
              "Name": "ce-ci-action-runner",
              "Site": "CompilerExplorer"
            },
            "tags_all": {
              "Environment": "ce-ci",
              "Name": "ce-ci-action-runner",
              "Site": "CompilerExplorer"
            },
            "update_default_version": true,
            "user_data": "IyEvYmluL2Jhc2ggLXgKZXhlYyA+ID4odGVlIC92YXIvbG9nL3VzZXItZGF0YS5sb2cgfCBsb2dnZXIgLXQgdXNlci1kYXRhIC1zIDI+L2Rldi9jb25zb2xlKSAyPiYxCgoKCiMgSW5zdGFsbCBBV1MgQ0xJCmFwdC1nZXQgdXBkYXRlCkRFQklBTl9GUk9OVEVORD1ub25pbnRlcmFjdGl2ZSBhcHQtZ2V0IGluc3RhbGwgLXkgXAogICAgYXdzY2xpIFwKICAgIGpxIFwKICAgIGN1cmwgXAogICAgd2dldCBcCiAgICBnaXQgXAogICAgdWlkbWFwIFwKICAgIGJ1aWxkLWVzc2VudGlhbCBcCiAgICB1bnppcAoKVVNFUl9OQU1FPXJ1bm5lcnMKdXNlcmFkZCAtbSAtcyAvYmluL2Jhc2ggJFVTRVJfTkFNRQpVU0VSX0lEPSQoaWQgLXJ1ICRVU0VSX05BTUUpCgojIGluc3RhbGwgYW5kIGNvbmZpZ3VyZSBjbG91ZHdhdGNoIGxvZ2dpbmcgYWdlbnQKd2dldCBodHRwczovL3MzLmFtYXpvbmF3cy5jb20vYW1hem9uY2xvdWR3YXRjaC1hZ2VudC91YnVudHUvYW1kNjQvbGF0ZXN0L2FtYXpvbi1jbG91ZHdhdGNoLWFnZW50LmRlYgpkcGtnIC1pIC1FIC4vYW1hem9uLWNsb3Vkd2F0Y2gtYWdlbnQuZGViCmFtYXpvbi1jbG91ZHdhdGNoLWFnZW50LWN0bCAtYSBmZXRjaC1jb25maWcgLW0gZWMyIC1zIC1jIHNzbTpjZS1jaS1jbG91ZHdhdGNoX2FnZW50X2NvbmZpZ19ydW5uZXIKCiMgY29uZmlndXJlIHN5c3RlbWQgZm9yIHJ1bm5pbmcgc2VydmljZSBpbiB1c2VycyBhY2NvdW50cwpjYXQgPi9ldGMvc3lzdGVtZC91c2VyQFVJRC5zZXJ2aWNlIDw8LUVPRgoKW1VuaXRdCkRlc2NyaXB0aW9uPVVzZXIgTWFuYWdlciBmb3IgVUlEICVpCkFmdGVyPXVzZXItcnVudGltZS1kaXJAJWkuc2VydmljZQpXYW50cz11c2VyLXJ1bnRpbWUtZGlyQCVpLnNlcnZpY2UKCltTZXJ2aWNlXQpMaW1pdE5PRklMRT1pbmZpbml0eQpMaW1pdE5QUk9DPWluZmluaXR5ClVzZXI9JWkKUEFNTmFtZT1zeXN0ZW1kLXVzZXIKVHlwZT1ub3RpZnkKCltJbnN0YWxsXQpXYW50ZWRCeT1kZWZhdWx0LnRhcmdldAoKRU9GCgplY2hvIGV4cG9ydCBYREdfUlVOVElNRV9ESVI9L3J1bi91c2VyLyRVU0VSX0lEID4+L2hvbWUvJFVTRVJfTkFNRS8ucHJvZmlsZQoKc3lzdGVtY3RsIGRhZW1vbi1yZWxvYWQKc3lzdGVtY3RsIGVuYWJsZSB1c2VyQFVJRC5zZXJ2aWNlCnN5c3RlbWN0bCBzdGFydCB1c2VyQFVJRC5zZXJ2aWNlCgpjdXJsIC1mc1NMIGh0dHBzOi8vZ2V0LmRvY2tlci5jb20vcm9vdGxlc3MgPj4vb3B0L3Jvb3RsZXNzLnNoICYmIGNobW9kIDc1NSAvb3B0L3Jvb3RsZXNzLnNoCnN1IC1sICRVU0VSX05BTUUgLWMgL29wdC9yb290bGVzcy5zaAplY2hvIGV4cG9ydCBET0NLRVJfSE9TVD11bml4Oi8vL3J1bi91c2VyLyRVU0VSX0lEL2RvY2tlci5zb2NrID4+L2hvbWUvJFVTRVJfTkFNRS8ucHJvZmlsZQplY2hvIGV4cG9ydCBQQVRIPS9ob21lLyRVU0VSX05BTUUvYmluOiRQQVRIID4+L2hvbWUvJFVTRVJfTkFNRS8ucHJvZmlsZQoKIyBSdW4gZG9ja2VyIHNlcnZpY2UgYnkgZGVmYXVsdApsb2dpbmN0bCBlbmFibGUtbGluZ2VyICRVU0VSX05BTUUKc3UgLWwgJFVTRVJfTkFNRSAtYyAic3lzdGVtY3RsIC0tdXNlciBlbmFibGUgZG9ja2VyIgoKY2QgL2hvbWUvJFVTRVJfTkFNRQpta2RpciBhY3Rpb25zLXJ1bm5lciAmJiBjZCBhY3Rpb25zLXJ1bm5lcgoKVE9LRU49JChjdXJsIC1mIC1YIFBVVCAiaHR0cDovLzE2OS4yNTQuMTY5LjI1NC9sYXRlc3QvYXBpL3Rva2VuIiAtSCAiWC1hd3MtZWMyLW1ldGFkYXRhLXRva2VuLXR0bC1zZWNvbmRzOiAxODAiKQpSRUdJT049JChjdXJsIC1mIC1IICJYLWF3cy1lYzItbWV0YWRhdGEtdG9rZW46ICRUT0tFTiIgLXYgaHR0cDovLzE2OS4yNTQuMTY5LjI1NC9sYXRlc3QvZHluYW1pYy9pbnN0YW5jZS1pZGVudGl0eS9kb2N1bWVudCB8IGpxIC1yIC5yZWdpb24pCgphd3MgczMgY3AgczM6Ly9jZS1jaS1kaXN0LXFnejV6OHJzemp6eTQydHk3eTBqa2RycC9hY3Rpb25zLXJ1bm5lci1saW51eC50YXIuZ3ogYWN0aW9ucy1ydW5uZXIudGFyLmd6IC0tcmVnaW9uICRSRUdJT04KdGFyIHh6ZiAuL2FjdGlvbnMtcnVubmVyLnRhci5negpybSAtcmYgYWN0aW9ucy1ydW5uZXIudGFyLmd6CgoKCklOU1RBTkNFX0lEPSQoY3VybCAtZiAtSCAiWC1hd3MtZWMyLW1ldGFkYXRhLXRva2VuOiAkVE9LRU4iIC12IGh0dHA6Ly8xNjkuMjU0LjE2OS4yNTQvbGF0ZXN0L21ldGEtZGF0YS9pbnN0YW5jZS1pZCkKCmVjaG8gd2FpdCBmb3IgY29uZmlndXJhdGlvbgp3aGlsZSBbWyAkKGF3cyBzc20gZ2V0LXBhcmFtZXRlcnMgLS1uYW1lcyBjZS1jaS0kSU5TVEFOQ0VfSUQgLS13aXRoLWRlY3J5cHRpb24gLS1yZWdpb24gJFJFR0lPTiB8IGpxIC1yICIuUGFyYW1ldGVycyB8IC5bMF0gfCAuVmFsdWUiKSA9PSBudWxsIF1dOyBkbwogICAgZWNobyBXYWl0aW5nIGZvciBjb25maWd1cmF0aW9uIC4uLgogICAgc2xlZXAgMQpkb25lCkNPTkZJRz0kKGF3cyBzc20gZ2V0LXBhcmFtZXRlcnMgLS1uYW1lcyBjZS1jaS0kSU5TVEFOQ0VfSUQgLS13aXRoLWRlY3J5cHRpb24gLS1yZWdpb24gJFJFR0lPTiB8IGpxIC1yICIuUGFyYW1ldGVycyB8IC5bMF0gfCAuVmFsdWUiKQphd3Mgc3NtIGRlbGV0ZS1wYXJhbWV0ZXIgLS1uYW1lIGNlLWNpLSRJTlNUQU5DRV9JRCAtLXJlZ2lvbiAkUkVHSU9OCgpleHBvcnQgUlVOTkVSX0FMTE9XX1JVTkFTUk9PVD0xCm9zX2lkPSQoYXdrIC1GPSAnL15JRC97cHJpbnQgJDJ9JyAvZXRjL29zLXJlbGVhc2UpCmlmIFtbICIkb3NfaWQiID1+IF51YnVudHUuKiBdXTsgdGhlbgogICAgLi9iaW4vaW5zdGFsbGRlcGVuZGVuY2llcy5zaApmaQoKLi9jb25maWcuc2ggLS11bmF0dGVuZGVkIC0tbmFtZSAkSU5TVEFOQ0VfSUQgLS13b3JrICJfd29yayIgJENPTkZJRwoKY2hvd24gLVIgJFVTRVJfTkFNRTokVVNFUl9OQU1FIC4KT1ZFUldSSVRFX1NFUlZJQ0VfVVNFUj0KU0VSVklDRV9VU0VSPSR7T1ZFUldSSVRFX1NFUlZJQ0VfVVNFUjotJFVTRVJfTkFNRX0KCi4vc3ZjLnNoIGluc3RhbGwgJFNFUlZJQ0VfVVNFUgoKCiMgY29uZmlnIHJ1bm5lciBmb3Igcm9vdGxlc3MgZG9ja2VyCmNkIC9ob21lLyRVU0VSX05BTUUvYWN0aW9ucy1ydW5uZXIvCmVjaG8gRE9DS0VSX0hPU1Q9dW5peDovLy9ydW4vdXNlci8kVVNFUl9JRC9kb2NrZXIuc29jayA+Pi5lbnYKZWNobyBQQVRIPS9ob21lLyRVU0VSX05BTUUvYmluOiRQQVRIID4+LmVudgoKCgouL3N2Yy5zaCBzdGFydAo=",
            "vpc_security_group_ids": [
              "sg-0b8ca3dd81c127a80"
            ]
          },
          "sensitive_attributes": [],
          "private": "bnVsbA==",
          "dependencies": [
            "module.runners.module.runner_binaries.aws_s3_bucket.action_dist",
            "module.runners.module.runners.aws_iam_instance_profile.runner",
            "module.runners.module.runners.aws_iam_role.runner",
            "module.runners.module.runners.aws_security_group.runner_sg",
            "module.runners.module.runners.aws_ssm_parameter.cloudwatch_agent_config_runner",
            "module.runners.module.runners.data.aws_ami.runner",
            "module.runners.random_string.random",
            "module.vpc.aws_vpc.vpc"
          ]
        },
        {
          "index_key": 4,
          "schema_version": 0,
          "attributes": {
            "arn": "arn:aws:ec2:us-east-1:052730242331:launch-template/lt-08c04e1503e4909ef",
            "block_device_mappings": [
              {
                "device_name": "/dev/sda1",
                "ebs": [
                  {
                    "delete_on_termination": "true",
                    "encrypted": "true",
                    "iops": 0,
                    "kms_key_id": "",
                    "snapshot_id": "",
                    "throughput": 0,
                    "volume_size": 30,
                    "volume_type": "gp3"
                  }
                ],
                "no_device": "",
                "virtual_name": ""
              }
            ],
            "capacity_reservation_specification": [],
            "cpu_options": [],
            "credit_specification": [],
            "default_version": 1,
            "description": "",
            "disable_api_termination": false,
            "ebs_optimized": "",
            "elastic_gpu_specifications": [],
            "elastic_inference_accelerator": [],
            "enclave_options": [],
            "hibernation_options": [],
            "iam_instance_profile": [
              {
                "arn": "",
                "name": "ce-ci-github-action-runners-profile"
              }
            ],
            "id": "lt-08c04e1503e4909ef",
            "image_id": "ami-083654bd07b5da81d",
            "instance_initiated_shutdown_behavior": "terminate",
            "instance_market_options": [
              {
                "market_type": "spot",
                "spot_options": []
              }
            ],
            "instance_type": "c5.8xlarge",
            "kernel_id": "",
            "key_name": "",
            "latest_version": 1,
            "license_specification": [],
            "metadata_options": [
              {
                "http_endpoint": "enabled",
                "http_protocol_ipv6": "disabled",
                "http_put_response_hop_limit": 1,
                "http_tokens": "required"
              }
            ],
            "monitoring": [],
            "name": "ce-ci-action-runner-c5.8xlarge",
            "name_prefix": "",
            "network_interfaces": [],
            "placement": [],
            "ram_disk_id": "",
            "security_group_names": null,
            "tag_specifications": [
              {
                "resource_type": "instance",
                "tags": {
                  "Environment": "ce-ci",
                  "Name": "ce-ci-action-runner",
                  "Site": "CompilerExplorer"
                }
              },
              {
                "resource_type": "volume",
                "tags": {
                  "Environment": "ce-ci",
                  "Name": "ce-ci-action-runner",
                  "Site": "CompilerExplorer"
                }
              }
            ],
            "tags": {
              "Environment": "ce-ci",
              "Name": "ce-ci-action-runner",
              "Site": "CompilerExplorer"
            },
            "tags_all": {
              "Environment": "ce-ci",
              "Name": "ce-ci-action-runner",
              "Site": "CompilerExplorer"
            },
            "update_default_version": true,
            "user_data": "IyEvYmluL2Jhc2ggLXgKZXhlYyA+ID4odGVlIC92YXIvbG9nL3VzZXItZGF0YS5sb2cgfCBsb2dnZXIgLXQgdXNlci1kYXRhIC1zIDI+L2Rldi9jb25zb2xlKSAyPiYxCgoKCiMgSW5zdGFsbCBBV1MgQ0xJCmFwdC1nZXQgdXBkYXRlCkRFQklBTl9GUk9OVEVORD1ub25pbnRlcmFjdGl2ZSBhcHQtZ2V0IGluc3RhbGwgLXkgXAogICAgYXdzY2xpIFwKICAgIGpxIFwKICAgIGN1cmwgXAogICAgd2dldCBcCiAgICBnaXQgXAogICAgdWlkbWFwIFwKICAgIGJ1aWxkLWVzc2VudGlhbCBcCiAgICB1bnppcAoKVVNFUl9OQU1FPXJ1bm5lcnMKdXNlcmFkZCAtbSAtcyAvYmluL2Jhc2ggJFVTRVJfTkFNRQpVU0VSX0lEPSQoaWQgLXJ1ICRVU0VSX05BTUUpCgojIGluc3RhbGwgYW5kIGNvbmZpZ3VyZSBjbG91ZHdhdGNoIGxvZ2dpbmcgYWdlbnQKd2dldCBodHRwczovL3MzLmFtYXpvbmF3cy5jb20vYW1hem9uY2xvdWR3YXRjaC1hZ2VudC91YnVudHUvYW1kNjQvbGF0ZXN0L2FtYXpvbi1jbG91ZHdhdGNoLWFnZW50LmRlYgpkcGtnIC1pIC1FIC4vYW1hem9uLWNsb3Vkd2F0Y2gtYWdlbnQuZGViCmFtYXpvbi1jbG91ZHdhdGNoLWFnZW50LWN0bCAtYSBmZXRjaC1jb25maWcgLW0gZWMyIC1zIC1jIHNzbTpjZS1jaS1jbG91ZHdhdGNoX2FnZW50X2NvbmZpZ19ydW5uZXIKCiMgY29uZmlndXJlIHN5c3RlbWQgZm9yIHJ1bm5pbmcgc2VydmljZSBpbiB1c2VycyBhY2NvdW50cwpjYXQgPi9ldGMvc3lzdGVtZC91c2VyQFVJRC5zZXJ2aWNlIDw8LUVPRgoKW1VuaXRdCkRlc2NyaXB0aW9uPVVzZXIgTWFuYWdlciBmb3IgVUlEICVpCkFmdGVyPXVzZXItcnVudGltZS1kaXJAJWkuc2VydmljZQpXYW50cz11c2VyLXJ1bnRpbWUtZGlyQCVpLnNlcnZpY2UKCltTZXJ2aWNlXQpMaW1pdE5PRklMRT1pbmZpbml0eQpMaW1pdE5QUk9DPWluZmluaXR5ClVzZXI9JWkKUEFNTmFtZT1zeXN0ZW1kLXVzZXIKVHlwZT1ub3RpZnkKCltJbnN0YWxsXQpXYW50ZWRCeT1kZWZhdWx0LnRhcmdldAoKRU9GCgplY2hvIGV4cG9ydCBYREdfUlVOVElNRV9ESVI9L3J1bi91c2VyLyRVU0VSX0lEID4+L2hvbWUvJFVTRVJfTkFNRS8ucHJvZmlsZQoKc3lzdGVtY3RsIGRhZW1vbi1yZWxvYWQKc3lzdGVtY3RsIGVuYWJsZSB1c2VyQFVJRC5zZXJ2aWNlCnN5c3RlbWN0bCBzdGFydCB1c2VyQFVJRC5zZXJ2aWNlCgpjdXJsIC1mc1NMIGh0dHBzOi8vZ2V0LmRvY2tlci5jb20vcm9vdGxlc3MgPj4vb3B0L3Jvb3RsZXNzLnNoICYmIGNobW9kIDc1NSAvb3B0L3Jvb3RsZXNzLnNoCnN1IC1sICRVU0VSX05BTUUgLWMgL29wdC9yb290bGVzcy5zaAplY2hvIGV4cG9ydCBET0NLRVJfSE9TVD11bml4Oi8vL3J1bi91c2VyLyRVU0VSX0lEL2RvY2tlci5zb2NrID4+L2hvbWUvJFVTRVJfTkFNRS8ucHJvZmlsZQplY2hvIGV4cG9ydCBQQVRIPS9ob21lLyRVU0VSX05BTUUvYmluOiRQQVRIID4+L2hvbWUvJFVTRVJfTkFNRS8ucHJvZmlsZQoKIyBSdW4gZG9ja2VyIHNlcnZpY2UgYnkgZGVmYXVsdApsb2dpbmN0bCBlbmFibGUtbGluZ2VyICRVU0VSX05BTUUKc3UgLWwgJFVTRVJfTkFNRSAtYyAic3lzdGVtY3RsIC0tdXNlciBlbmFibGUgZG9ja2VyIgoKY2QgL2hvbWUvJFVTRVJfTkFNRQpta2RpciBhY3Rpb25zLXJ1bm5lciAmJiBjZCBhY3Rpb25zLXJ1bm5lcgoKVE9LRU49JChjdXJsIC1mIC1YIFBVVCAiaHR0cDovLzE2OS4yNTQuMTY5LjI1NC9sYXRlc3QvYXBpL3Rva2VuIiAtSCAiWC1hd3MtZWMyLW1ldGFkYXRhLXRva2VuLXR0bC1zZWNvbmRzOiAxODAiKQpSRUdJT049JChjdXJsIC1mIC1IICJYLWF3cy1lYzItbWV0YWRhdGEtdG9rZW46ICRUT0tFTiIgLXYgaHR0cDovLzE2OS4yNTQuMTY5LjI1NC9sYXRlc3QvZHluYW1pYy9pbnN0YW5jZS1pZGVudGl0eS9kb2N1bWVudCB8IGpxIC1yIC5yZWdpb24pCgphd3MgczMgY3AgczM6Ly9jZS1jaS1kaXN0LXFnejV6OHJzemp6eTQydHk3eTBqa2RycC9hY3Rpb25zLXJ1bm5lci1saW51eC50YXIuZ3ogYWN0aW9ucy1ydW5uZXIudGFyLmd6IC0tcmVnaW9uICRSRUdJT04KdGFyIHh6ZiAuL2FjdGlvbnMtcnVubmVyLnRhci5negpybSAtcmYgYWN0aW9ucy1ydW5uZXIudGFyLmd6CgoKCklOU1RBTkNFX0lEPSQoY3VybCAtZiAtSCAiWC1hd3MtZWMyLW1ldGFkYXRhLXRva2VuOiAkVE9LRU4iIC12IGh0dHA6Ly8xNjkuMjU0LjE2OS4yNTQvbGF0ZXN0L21ldGEtZGF0YS9pbnN0YW5jZS1pZCkKCmVjaG8gd2FpdCBmb3IgY29uZmlndXJhdGlvbgp3aGlsZSBbWyAkKGF3cyBzc20gZ2V0LXBhcmFtZXRlcnMgLS1uYW1lcyBjZS1jaS0kSU5TVEFOQ0VfSUQgLS13aXRoLWRlY3J5cHRpb24gLS1yZWdpb24gJFJFR0lPTiB8IGpxIC1yICIuUGFyYW1ldGVycyB8IC5bMF0gfCAuVmFsdWUiKSA9PSBudWxsIF1dOyBkbwogICAgZWNobyBXYWl0aW5nIGZvciBjb25maWd1cmF0aW9uIC4uLgogICAgc2xlZXAgMQpkb25lCkNPTkZJRz0kKGF3cyBzc20gZ2V0LXBhcmFtZXRlcnMgLS1uYW1lcyBjZS1jaS0kSU5TVEFOQ0VfSUQgLS13aXRoLWRlY3J5cHRpb24gLS1yZWdpb24gJFJFR0lPTiB8IGpxIC1yICIuUGFyYW1ldGVycyB8IC5bMF0gfCAuVmFsdWUiKQphd3Mgc3NtIGRlbGV0ZS1wYXJhbWV0ZXIgLS1uYW1lIGNlLWNpLSRJTlNUQU5DRV9JRCAtLXJlZ2lvbiAkUkVHSU9OCgpleHBvcnQgUlVOTkVSX0FMTE9XX1JVTkFTUk9PVD0xCm9zX2lkPSQoYXdrIC1GPSAnL15JRC97cHJpbnQgJDJ9JyAvZXRjL29zLXJlbGVhc2UpCmlmIFtbICIkb3NfaWQiID1+IF51YnVudHUuKiBdXTsgdGhlbgogICAgLi9iaW4vaW5zdGFsbGRlcGVuZGVuY2llcy5zaApmaQoKLi9jb25maWcuc2ggLS11bmF0dGVuZGVkIC0tbmFtZSAkSU5TVEFOQ0VfSUQgLS13b3JrICJfd29yayIgJENPTkZJRwoKY2hvd24gLVIgJFVTRVJfTkFNRTokVVNFUl9OQU1FIC4KT1ZFUldSSVRFX1NFUlZJQ0VfVVNFUj0KU0VSVklDRV9VU0VSPSR7T1ZFUldSSVRFX1NFUlZJQ0VfVVNFUjotJFVTRVJfTkFNRX0KCi4vc3ZjLnNoIGluc3RhbGwgJFNFUlZJQ0VfVVNFUgoKCiMgY29uZmlnIHJ1bm5lciBmb3Igcm9vdGxlc3MgZG9ja2VyCmNkIC9ob21lLyRVU0VSX05BTUUvYWN0aW9ucy1ydW5uZXIvCmVjaG8gRE9DS0VSX0hPU1Q9dW5peDovLy9ydW4vdXNlci8kVVNFUl9JRC9kb2NrZXIuc29jayA+Pi5lbnYKZWNobyBQQVRIPS9ob21lLyRVU0VSX05BTUUvYmluOiRQQVRIID4+LmVudgoKCgouL3N2Yy5zaCBzdGFydAo=",
            "vpc_security_group_ids": [
              "sg-0b8ca3dd81c127a80"
            ]
          },
          "sensitive_attributes": [],
          "private": "bnVsbA==",
          "dependencies": [
            "module.runners.module.runner_binaries.aws_s3_bucket.action_dist",
            "module.runners.module.runners.aws_iam_instance_profile.runner",
            "module.runners.module.runners.aws_iam_role.runner",
            "module.runners.module.runners.aws_security_group.runner_sg",
            "module.runners.module.runners.aws_ssm_parameter.cloudwatch_agent_config_runner",
            "module.runners.module.runners.data.aws_ami.runner",
            "module.runners.random_string.random",
            "module.vpc.aws_vpc.vpc"
          ]
        },
        {
          "index_key": 5,
          "schema_version": 0,
          "attributes": {
            "arn": "arn:aws:ec2:us-east-1:052730242331:launch-template/lt-04d034955cca1d676",
            "block_device_mappings": [
              {
                "device_name": "/dev/sda1",
                "ebs": [
                  {
                    "delete_on_termination": "true",
                    "encrypted": "true",
                    "iops": 0,
                    "kms_key_id": "",
                    "snapshot_id": "",
                    "throughput": 0,
                    "volume_size": 30,
                    "volume_type": "gp3"
                  }
                ],
                "no_device": "",
                "virtual_name": ""
              }
            ],
            "capacity_reservation_specification": [],
            "cpu_options": [],
            "credit_specification": [],
            "default_version": 1,
            "description": "",
            "disable_api_termination": false,
            "ebs_optimized": "",
            "elastic_gpu_specifications": [],
            "elastic_inference_accelerator": [],
            "enclave_options": [],
            "hibernation_options": [],
            "iam_instance_profile": [
              {
                "arn": "",
                "name": "ce-ci-github-action-runners-profile"
              }
            ],
            "id": "lt-04d034955cca1d676",
            "image_id": "ami-083654bd07b5da81d",
            "instance_initiated_shutdown_behavior": "terminate",
            "instance_market_options": [
              {
                "market_type": "spot",
                "spot_options": []
              }
            ],
            "instance_type": "c5a.8xlarge",
            "kernel_id": "",
            "key_name": "",
            "latest_version": 1,
            "license_specification": [],
            "metadata_options": [
              {
                "http_endpoint": "enabled",
                "http_protocol_ipv6": "disabled",
                "http_put_response_hop_limit": 1,
                "http_tokens": "required"
              }
            ],
            "monitoring": [],
            "name": "ce-ci-action-runner-c5a.8xlarge",
            "name_prefix": "",
            "network_interfaces": [],
            "placement": [],
            "ram_disk_id": "",
            "security_group_names": null,
            "tag_specifications": [
              {
                "resource_type": "instance",
                "tags": {
                  "Environment": "ce-ci",
                  "Name": "ce-ci-action-runner",
                  "Site": "CompilerExplorer"
                }
              },
              {
                "resource_type": "volume",
                "tags": {
                  "Environment": "ce-ci",
                  "Name": "ce-ci-action-runner",
                  "Site": "CompilerExplorer"
                }
              }
            ],
            "tags": {
              "Environment": "ce-ci",
              "Name": "ce-ci-action-runner",
              "Site": "CompilerExplorer"
            },
            "tags_all": {
              "Environment": "ce-ci",
              "Name": "ce-ci-action-runner",
              "Site": "CompilerExplorer"
            },
            "update_default_version": true,
            "user_data": "IyEvYmluL2Jhc2ggLXgKZXhlYyA+ID4odGVlIC92YXIvbG9nL3VzZXItZGF0YS5sb2cgfCBsb2dnZXIgLXQgdXNlci1kYXRhIC1zIDI+L2Rldi9jb25zb2xlKSAyPiYxCgoKCiMgSW5zdGFsbCBBV1MgQ0xJCmFwdC1nZXQgdXBkYXRlCkRFQklBTl9GUk9OVEVORD1ub25pbnRlcmFjdGl2ZSBhcHQtZ2V0IGluc3RhbGwgLXkgXAogICAgYXdzY2xpIFwKICAgIGpxIFwKICAgIGN1cmwgXAogICAgd2dldCBcCiAgICBnaXQgXAogICAgdWlkbWFwIFwKICAgIGJ1aWxkLWVzc2VudGlhbCBcCiAgICB1bnppcAoKVVNFUl9OQU1FPXJ1bm5lcnMKdXNlcmFkZCAtbSAtcyAvYmluL2Jhc2ggJFVTRVJfTkFNRQpVU0VSX0lEPSQoaWQgLXJ1ICRVU0VSX05BTUUpCgojIGluc3RhbGwgYW5kIGNvbmZpZ3VyZSBjbG91ZHdhdGNoIGxvZ2dpbmcgYWdlbnQKd2dldCBodHRwczovL3MzLmFtYXpvbmF3cy5jb20vYW1hem9uY2xvdWR3YXRjaC1hZ2VudC91YnVudHUvYW1kNjQvbGF0ZXN0L2FtYXpvbi1jbG91ZHdhdGNoLWFnZW50LmRlYgpkcGtnIC1pIC1FIC4vYW1hem9uLWNsb3Vkd2F0Y2gtYWdlbnQuZGViCmFtYXpvbi1jbG91ZHdhdGNoLWFnZW50LWN0bCAtYSBmZXRjaC1jb25maWcgLW0gZWMyIC1zIC1jIHNzbTpjZS1jaS1jbG91ZHdhdGNoX2FnZW50X2NvbmZpZ19ydW5uZXIKCiMgY29uZmlndXJlIHN5c3RlbWQgZm9yIHJ1bm5pbmcgc2VydmljZSBpbiB1c2VycyBhY2NvdW50cwpjYXQgPi9ldGMvc3lzdGVtZC91c2VyQFVJRC5zZXJ2aWNlIDw8LUVPRgoKW1VuaXRdCkRlc2NyaXB0aW9uPVVzZXIgTWFuYWdlciBmb3IgVUlEICVpCkFmdGVyPXVzZXItcnVudGltZS1kaXJAJWkuc2VydmljZQpXYW50cz11c2VyLXJ1bnRpbWUtZGlyQCVpLnNlcnZpY2UKCltTZXJ2aWNlXQpMaW1pdE5PRklMRT1pbmZpbml0eQpMaW1pdE5QUk9DPWluZmluaXR5ClVzZXI9JWkKUEFNTmFtZT1zeXN0ZW1kLXVzZXIKVHlwZT1ub3RpZnkKCltJbnN0YWxsXQpXYW50ZWRCeT1kZWZhdWx0LnRhcmdldAoKRU9GCgplY2hvIGV4cG9ydCBYREdfUlVOVElNRV9ESVI9L3J1bi91c2VyLyRVU0VSX0lEID4+L2hvbWUvJFVTRVJfTkFNRS8ucHJvZmlsZQoKc3lzdGVtY3RsIGRhZW1vbi1yZWxvYWQKc3lzdGVtY3RsIGVuYWJsZSB1c2VyQFVJRC5zZXJ2aWNlCnN5c3RlbWN0bCBzdGFydCB1c2VyQFVJRC5zZXJ2aWNlCgpjdXJsIC1mc1NMIGh0dHBzOi8vZ2V0LmRvY2tlci5jb20vcm9vdGxlc3MgPj4vb3B0L3Jvb3RsZXNzLnNoICYmIGNobW9kIDc1NSAvb3B0L3Jvb3RsZXNzLnNoCnN1IC1sICRVU0VSX05BTUUgLWMgL29wdC9yb290bGVzcy5zaAplY2hvIGV4cG9ydCBET0NLRVJfSE9TVD11bml4Oi8vL3J1bi91c2VyLyRVU0VSX0lEL2RvY2tlci5zb2NrID4+L2hvbWUvJFVTRVJfTkFNRS8ucHJvZmlsZQplY2hvIGV4cG9ydCBQQVRIPS9ob21lLyRVU0VSX05BTUUvYmluOiRQQVRIID4+L2hvbWUvJFVTRVJfTkFNRS8ucHJvZmlsZQoKIyBSdW4gZG9ja2VyIHNlcnZpY2UgYnkgZGVmYXVsdApsb2dpbmN0bCBlbmFibGUtbGluZ2VyICRVU0VSX05BTUUKc3UgLWwgJFVTRVJfTkFNRSAtYyAic3lzdGVtY3RsIC0tdXNlciBlbmFibGUgZG9ja2VyIgoKY2QgL2hvbWUvJFVTRVJfTkFNRQpta2RpciBhY3Rpb25zLXJ1bm5lciAmJiBjZCBhY3Rpb25zLXJ1bm5lcgoKVE9LRU49JChjdXJsIC1mIC1YIFBVVCAiaHR0cDovLzE2OS4yNTQuMTY5LjI1NC9sYXRlc3QvYXBpL3Rva2VuIiAtSCAiWC1hd3MtZWMyLW1ldGFkYXRhLXRva2VuLXR0bC1zZWNvbmRzOiAxODAiKQpSRUdJT049JChjdXJsIC1mIC1IICJYLWF3cy1lYzItbWV0YWRhdGEtdG9rZW46ICRUT0tFTiIgLXYgaHR0cDovLzE2OS4yNTQuMTY5LjI1NC9sYXRlc3QvZHluYW1pYy9pbnN0YW5jZS1pZGVudGl0eS9kb2N1bWVudCB8IGpxIC1yIC5yZWdpb24pCgphd3MgczMgY3AgczM6Ly9jZS1jaS1kaXN0LXFnejV6OHJzemp6eTQydHk3eTBqa2RycC9hY3Rpb25zLXJ1bm5lci1saW51eC50YXIuZ3ogYWN0aW9ucy1ydW5uZXIudGFyLmd6IC0tcmVnaW9uICRSRUdJT04KdGFyIHh6ZiAuL2FjdGlvbnMtcnVubmVyLnRhci5negpybSAtcmYgYWN0aW9ucy1ydW5uZXIudGFyLmd6CgoKCklOU1RBTkNFX0lEPSQoY3VybCAtZiAtSCAiWC1hd3MtZWMyLW1ldGFkYXRhLXRva2VuOiAkVE9LRU4iIC12IGh0dHA6Ly8xNjkuMjU0LjE2OS4yNTQvbGF0ZXN0L21ldGEtZGF0YS9pbnN0YW5jZS1pZCkKCmVjaG8gd2FpdCBmb3IgY29uZmlndXJhdGlvbgp3aGlsZSBbWyAkKGF3cyBzc20gZ2V0LXBhcmFtZXRlcnMgLS1uYW1lcyBjZS1jaS0kSU5TVEFOQ0VfSUQgLS13aXRoLWRlY3J5cHRpb24gLS1yZWdpb24gJFJFR0lPTiB8IGpxIC1yICIuUGFyYW1ldGVycyB8IC5bMF0gfCAuVmFsdWUiKSA9PSBudWxsIF1dOyBkbwogICAgZWNobyBXYWl0aW5nIGZvciBjb25maWd1cmF0aW9uIC4uLgogICAgc2xlZXAgMQpkb25lCkNPTkZJRz0kKGF3cyBzc20gZ2V0LXBhcmFtZXRlcnMgLS1uYW1lcyBjZS1jaS0kSU5TVEFOQ0VfSUQgLS13aXRoLWRlY3J5cHRpb24gLS1yZWdpb24gJFJFR0lPTiB8IGpxIC1yICIuUGFyYW1ldGVycyB8IC5bMF0gfCAuVmFsdWUiKQphd3Mgc3NtIGRlbGV0ZS1wYXJhbWV0ZXIgLS1uYW1lIGNlLWNpLSRJTlNUQU5DRV9JRCAtLXJlZ2lvbiAkUkVHSU9OCgpleHBvcnQgUlVOTkVSX0FMTE9XX1JVTkFTUk9PVD0xCm9zX2lkPSQoYXdrIC1GPSAnL15JRC97cHJpbnQgJDJ9JyAvZXRjL29zLXJlbGVhc2UpCmlmIFtbICIkb3NfaWQiID1+IF51YnVudHUuKiBdXTsgdGhlbgogICAgLi9iaW4vaW5zdGFsbGRlcGVuZGVuY2llcy5zaApmaQoKLi9jb25maWcuc2ggLS11bmF0dGVuZGVkIC0tbmFtZSAkSU5TVEFOQ0VfSUQgLS13b3JrICJfd29yayIgJENPTkZJRwoKY2hvd24gLVIgJFVTRVJfTkFNRTokVVNFUl9OQU1FIC4KT1ZFUldSSVRFX1NFUlZJQ0VfVVNFUj0KU0VSVklDRV9VU0VSPSR7T1ZFUldSSVRFX1NFUlZJQ0VfVVNFUjotJFVTRVJfTkFNRX0KCi4vc3ZjLnNoIGluc3RhbGwgJFNFUlZJQ0VfVVNFUgoKCiMgY29uZmlnIHJ1bm5lciBmb3Igcm9vdGxlc3MgZG9ja2VyCmNkIC9ob21lLyRVU0VSX05BTUUvYWN0aW9ucy1ydW5uZXIvCmVjaG8gRE9DS0VSX0hPU1Q9dW5peDovLy9ydW4vdXNlci8kVVNFUl9JRC9kb2NrZXIuc29jayA+Pi5lbnYKZWNobyBQQVRIPS9ob21lLyRVU0VSX05BTUUvYmluOiRQQVRIID4+LmVudgoKCgouL3N2Yy5zaCBzdGFydAo=",
            "vpc_security_group_ids": [
              "sg-0b8ca3dd81c127a80"
            ]
          },
          "sensitive_attributes": [],
          "private": "bnVsbA==",
          "dependencies": [
            "module.runners.module.runner_binaries.aws_s3_bucket.action_dist",
            "module.runners.module.runners.aws_iam_instance_profile.runner",
            "module.runners.module.runners.aws_iam_role.runner",
            "module.runners.module.runners.aws_security_group.runner_sg",
            "module.runners.module.runners.aws_ssm_parameter.cloudwatch_agent_config_runner",
            "module.runners.module.runners.data.aws_ami.runner",
            "module.runners.random_string.random",
            "module.vpc.aws_vpc.vpc"
          ]
        }
      ]
    },
    {
      "module": "module.runners.module.runners",
      "mode": "managed",
      "type": "aws_security_group",
      "name": "runner_sg",
      "provider": "provider[\"registry.terraform.io/hashicorp/aws\"]",
      "instances": [
        {
          "schema_version": 1,
          "attributes": {
            "arn": "arn:aws:ec2:us-east-1:052730242331:security-group/sg-0b8ca3dd81c127a80",
            "description": "Github Actions Runner security group",
            "egress": [
              {
                "cidr_blocks": [
                  "0.0.0.0/0"
                ],
                "description": "",
                "from_port": 0,
                "ipv6_cidr_blocks": [
                  "::/0"
                ],
                "prefix_list_ids": [],
                "protocol": "-1",
                "security_groups": [],
                "self": false,
                "to_port": 0
              }
            ],
            "id": "sg-0b8ca3dd81c127a80",
            "ingress": [],
            "name": "ce-ci-github-actions-runner-sg20211026030243699600000002",
            "name_prefix": "ce-ci-github-actions-runner-sg",
            "owner_id": "052730242331",
            "revoke_rules_on_delete": false,
            "tags": {
              "Environment": "ce-ci",
              "Name": "ce-ci-action-runner",
              "Site": "CompilerExplorer"
            },
            "tags_all": {
              "Environment": "ce-ci",
              "Name": "ce-ci-action-runner",
              "Site": "CompilerExplorer"
            },
            "timeouts": null,
            "vpc_id": "vpc-04ab1da9ffa64bb53"
          },
          "sensitive_attributes": [],
          "private": "eyJlMmJmYjczMC1lY2FhLTExZTYtOGY4OC0zNDM2M2JjN2M0YzAiOnsiY3JlYXRlIjo2MDAwMDAwMDAwMDAsImRlbGV0ZSI6OTAwMDAwMDAwMDAwfSwic2NoZW1hX3ZlcnNpb24iOiIxIn0=",
          "dependencies": [
            "module.vpc.aws_vpc.vpc"
          ]
        }
      ]
    },
    {
      "module": "module.runners.module.runners",
      "mode": "managed",
      "type": "aws_ssm_parameter",
      "name": "cloudwatch_agent_config_runner",
      "provider": "provider[\"registry.terraform.io/hashicorp/aws\"]",
      "instances": [
        {
          "index_key": 0,
          "schema_version": 0,
          "attributes": {
            "allowed_pattern": "",
            "arn": "arn:aws:ssm:us-east-1:052730242331:parameter/ce-ci-cloudwatch_agent_config_runner",
            "data_type": "text",
            "description": "",
            "id": "ce-ci-cloudwatch_agent_config_runner",
            "key_id": "",
            "name": "ce-ci-cloudwatch_agent_config_runner",
            "overwrite": null,
            "tags": {
              "Environment": "ce-ci",
              "Name": "ce-ci-action-runner",
              "Site": "CompilerExplorer"
            },
            "tags_all": {
              "Environment": "ce-ci",
              "Name": "ce-ci-action-runner",
              "Site": "CompilerExplorer"
            },
            "tier": "Standard",
            "type": "String",
            "value": "{\n    \"agent\": {\n        \"metrics_collection_interval\": 5\n    },\n    \"logs\": {\n        \"logs_collected\": {\n            \"files\": {\n                \"collect_list\": [{\"file_path\":\"/var/log/syslog\",\"log_group_name\":\"/github-self-hosted-runners/ce-ci/syslog\",\"log_stream_name\":\"{instance_id}\"},{\"file_path\":\"/var/log/user-data.log\",\"log_group_name\":\"/github-self-hosted-runners/ce-ci/user_data\",\"log_stream_name\":\"{instance_id}/user_data\"},{\"file_path\":\"/home/runners/actions-runner/_diag/Runner_**.log\",\"log_group_name\":\"/github-self-hosted-runners/ce-ci/runner\",\"log_stream_name\":\"{instance_id}/runner\"}]\n            }\n        }\n    }\n}",
            "version": 1
          },
          "sensitive_attributes": [],
          "private": "bnVsbA=="
        }
      ]
    },
    {
      "module": "module.runners.module.ssm",
      "mode": "managed",
      "type": "aws_ssm_parameter",
      "name": "github_app_id",
      "provider": "provider[\"registry.terraform.io/hashicorp/aws\"]",
      "instances": [
        {
          "schema_version": 0,
          "attributes": {
            "allowed_pattern": "",
            "arn": "arn:aws:ssm:us-east-1:052730242331:parameter/actions_runner/ce-ci/github_app_id",
            "data_type": "text",
            "description": "",
            "id": "/actions_runner/ce-ci/github_app_id",
            "key_id": "alias/aws/ssm",
            "name": "/actions_runner/ce-ci/github_app_id",
            "overwrite": null,
            "tags": {
              "Environment": "ce-ci",
              "Site": "CompilerExplorer"
            },
            "tags_all": {
              "Environment": "ce-ci",
              "Site": "CompilerExplorer"
            },
            "tier": "Standard",
            "type": "SecureString",
            "value": "147466",
            "version": 1
          },
          "sensitive_attributes": [],
          "private": "bnVsbA==",
          "dependencies": [
            "random_password.random"
          ]
        }
      ]
    },
    {
      "module": "module.runners.module.ssm",
      "mode": "managed",
      "type": "aws_ssm_parameter",
      "name": "github_app_key_base64",
      "provider": "provider[\"registry.terraform.io/hashicorp/aws\"]",
      "instances": [
        {
          "schema_version": 0,
          "attributes": {
            "allowed_pattern": "",
            "arn": "arn:aws:ssm:us-east-1:052730242331:parameter/actions_runner/ce-ci/github_app_key_base64",
            "data_type": "text",
            "description": "",
            "id": "/actions_runner/ce-ci/github_app_key_base64",
            "key_id": "alias/aws/ssm",
            "name": "/actions_runner/ce-ci/github_app_key_base64",
            "overwrite": null,
            "tags": {
              "Environment": "ce-ci",
              "Site": "CompilerExplorer"
            },
            "tags_all": {
              "Environment": "ce-ci",
              "Site": "CompilerExplorer"
            },
            "tier": "Standard",
            "type": "SecureString",
            "value": "LS0tLS1CRUdJTiBSU0EgUFJJVkFURSBLRVktLS0tLQpNSUlFcFFJQkFBS0NBUUVBOG1VVkNDWkJU\neUdwWC9TeXNUc0UxenVlazg2aUw4UFREYk0yaCtOWnltalNIZnBWCncrWHJObVRFQWFPa1FpRmlB\nb25TNHBJN3RsUnZTWi9jb0duSzBjVno1elJHcjlZYXFYUDVwR2phZWZyby9QT0kKbE15R2hTTHFu\nK2ROenZMZ2x3WGlXcW9hWmtLcTdIU05OOXJRT2xYU3BCOFRieEIzSEIvdEQvRjRuelU0N3MxNQpR\nYVRzZ0tjdGNtM3czMmNYWGY1TmFVcmNOU04vdExRb1FLbGwzSzkwVzhUZlo0RWFkbkF1eThuYjhU\nRmROc1Q3CjF2TzhZamV5Wk9xU3JuQUZQVjZReDBqQncvaC8yZzlRZ2kraFNQZlZDL21hVlhtWjdP\nZDVRc1ZFZmpjdGZCUWkKTWo0YjJKQVN5Q21CaUNPcW8wZ1ZpVzU0amN6MW9JZmc5QWc2MndJREFR\nQUJBb0lCQVFEam96QlVQZkQ1aXFoUgpHREcwcGJPUEdrdDdqZ1BjamJBb1hwU29tMGVaQWtYSnAy\nNWlFZ3VLUXFtY3pIeVhLbGlyLzVsUDlIc2xhVGcyClVXNVdLK1F3aXBtbG1QK0ZaTElYVDNZMEE5\nQ2gyNVJ3OFpqai9RdWIvc1dQTkI5cmFjYW5yZnY4bjJFNWhnU1YKR1lRQjMzbk1Qd3NaM0tGWW5Z\nTHVvOER6UnhlN2t1RW1ZVEVpY29wUzhkNjZRaEQyZXZkV0xvQW9GQUdZbk54MwpsUXF3ek13OEhi\nOHR4LzZXaTUzckFvSkVlTnREdHh6YVVPWGJoM0IrdUJ4ajJ1MWxTU0RpZmNLekF0VStLTDkrCkx4\naHFVNmNodWh5clU2MS9vYlJwazBDMFpST0l5b3RmbkxtK2NlRFlBdjh3eUp5Y3BlN3lQRGhMazlt\nb1ZDcWIKNng5bWtVenBBb0dCQVByZTZpZjFsMXpVQldlUUszaUs1TEdReDJheFRkaGI5V0IwY1dy\nMnRzTU5Dc080d1BQbgovc05JcTMzYUwxc29mM1pWYk1kNTUwMHNDeHhMaDdMRUR1cGZQb2dkWmxj\ncDh4REh2RWNMQlR6QjRvV25sMGxtCjFBMEtGdVVNcDZVYUV4VE10SW9UWTlPQlNjVnR2Nm0xMXQy\nREZSVHhBdE1RTExaK3hWcWZQbTZsQW9HQkFQZFoKemJ0d1VQRFB2YVdLSktSVGd1c1pHSEhOb1E5\nVFp5U3RYbHBKZEhmUzVuVWlVRkNDOXZzM0tyWmRFdjE3S0ZXOQpWRUs4bGNwN0xqM0hNdWxNWG5W\nM05MSnlzdnhHOHdOamVPWFFOZElrdmJIRHlwdzRlK0dNeFNvUmpBYkhRV3lBClBRbEg5QmhDS1h3\nZVZOY3B5R3EyajhuY3hZMG9TSjI3d210ZkFVdC9Bb0dCQVBFQmxoSXRiZXhRQTZFcWI1aXUKVm1Y\nL29KQ1haU0dsdG1XamVCSTZVZm13WGRjSmR0VGEyM1RnSzJBTWE5STNaYnhZOU5mdDFMZmV5QTIy\nd2ZhTApRNGtGVngyTW9QUzc2RGNHcTJuVXZJTlNBRHhHZEtDZm1MZXVLYkNDSjh3RThLL2F1TmF0\nS2duVyt2Z2dKekR5CjhDaDk5WkxZdHMzdGpBY0dZckpjcWEzQkFvR0FEVDF0V2I4bFZmNkl0RGUw\neG1jQjl2dWM1MXFPYUhlYWFjZ3QKNkw5TjBLd2xVZGZJWE1ibDJZU1djTFNDczdiSDdlNzRkNm9J\naXBJVlk1RXFGSHJXQTR1aDhudFpRVSs2NmsrRQp4U2hqK1IrbVY4R1hNczJETkF1SThqdUdOMGFy\nSmRlbmJMdkJRUnNwaFU5S1Uwb1ZSRUVKYVZDNzhsWlpyTGZFCkxHTWxlcGtDZ1lFQTY3NC9rSGx0\nNG9UbkU3MkEyb0pMSm5aVEVNMENxcTRsNTVyVXpMdVM2ZkRHSEpseFR6N0wKVnFIZTd3ZmtMSVFr\nSmhzaUhlcFA5SXpOZXE0Q3ZCQnBIYTl5engwODdQMDE0d1gxSU05cWFFdW8vVlEyWUt2RgpJZzVj\nZk1NMm5hRXN3bThtK1FFNmp4VDNIYkJYQWt2YXFYa1VIUlJhcWRDbEFFbDcwaEV5R1FrPQotLS0t\nLUVORCBSU0EgUFJJVkFURSBLRVktLS0tLQo=\n",
            "version": 1
          },
          "sensitive_attributes": [],
          "private": "bnVsbA==",
          "dependencies": [
            "random_password.random"
          ]
        }
      ]
    },
    {
      "module": "module.runners.module.ssm",
      "mode": "managed",
      "type": "aws_ssm_parameter",
      "name": "github_app_webhook_secret",
      "provider": "provider[\"registry.terraform.io/hashicorp/aws\"]",
      "instances": [
        {
          "schema_version": 0,
          "attributes": {
            "allowed_pattern": "",
            "arn": "arn:aws:ssm:us-east-1:052730242331:parameter/actions_runner/ce-ci/github_app_webhook_secret",
            "data_type": "text",
            "description": "",
            "id": "/actions_runner/ce-ci/github_app_webhook_secret",
            "key_id": "alias/aws/ssm",
            "name": "/actions_runner/ce-ci/github_app_webhook_secret",
            "overwrite": null,
            "tags": {
              "Environment": "ce-ci",
              "Site": "CompilerExplorer"
            },
            "tags_all": {
              "Environment": "ce-ci",
              "Site": "CompilerExplorer"
            },
            "tier": "Standard",
            "type": "SecureString",
            "value": "d\u003eKH+BO#i1sD8hmv]a+0E)aa5=+v",
            "version": 1
          },
          "sensitive_attributes": [
            [
              {
                "type": "get_attr",
                "value": "value"
              }
            ]
          ],
          "private": "bnVsbA==",
          "dependencies": [
            "random_password.random"
          ]
        }
      ]
    },
    {
      "module": "module.runners.module.webhook",
      "mode": "data",
      "type": "aws_iam_policy_document",
      "name": "lambda_assume_role_policy",
      "provider": "provider[\"registry.terraform.io/hashicorp/aws\"]",
      "instances": [
        {
          "schema_version": 0,
          "attributes": {
            "id": "3693445097",
            "json": "{\n  \"Version\": \"2012-10-17\",\n  \"Statement\": [\n    {\n      \"Sid\": \"\",\n      \"Effect\": \"Allow\",\n      \"Action\": \"sts:AssumeRole\",\n      \"Principal\": {\n        \"Service\": \"lambda.amazonaws.com\"\n      }\n    }\n  ]\n}",
            "override_json": null,
            "override_policy_documents": null,
            "policy_id": null,
            "source_json": null,
            "source_policy_documents": null,
            "statement": [
              {
                "actions": [
                  "sts:AssumeRole"
                ],
                "condition": [],
                "effect": "Allow",
                "not_actions": [],
                "not_principals": [],
                "not_resources": [],
                "principals": [
                  {
                    "identifiers": [
                      "lambda.amazonaws.com"
                    ],
                    "type": "Service"
                  }
                ],
                "resources": [],
                "sid": ""
              }
            ],
            "version": "2012-10-17"
          },
          "sensitive_attributes": []
        }
      ]
    },
    {
      "module": "module.runners.module.webhook",
      "mode": "managed",
      "type": "aws_apigatewayv2_api",
      "name": "webhook",
      "provider": "provider[\"registry.terraform.io/hashicorp/aws\"]",
      "instances": [
        {
          "schema_version": 0,
          "attributes": {
            "api_endpoint": "https://klkdr4lt93.execute-api.us-east-1.amazonaws.com",
            "api_key_selection_expression": "$request.header.x-api-key",
            "arn": "arn:aws:apigateway:us-east-1::/apis/klkdr4lt93",
            "body": null,
            "cors_configuration": [],
            "credentials_arn": null,
            "description": "",
            "disable_execute_api_endpoint": false,
            "execution_arn": "arn:aws:execute-api:us-east-1:052730242331:klkdr4lt93",
            "fail_on_warnings": null,
            "id": "klkdr4lt93",
            "name": "ce-ci-github-action-webhook",
            "protocol_type": "HTTP",
            "route_key": null,
            "route_selection_expression": "$request.method $request.path",
            "tags": {
              "Environment": "ce-ci",
              "Site": "CompilerExplorer"
            },
            "tags_all": {
              "Environment": "ce-ci",
              "Site": "CompilerExplorer"
            },
            "target": null,
            "version": ""
          },
          "sensitive_attributes": [],
          "private": "bnVsbA=="
        }
      ]
    },
    {
      "module": "module.runners.module.webhook",
      "mode": "managed",
      "type": "aws_apigatewayv2_integration",
      "name": "webhook",
      "provider": "provider[\"registry.terraform.io/hashicorp/aws\"]",
      "instances": [
        {
          "schema_version": 0,
          "attributes": {
            "api_id": "klkdr4lt93",
            "connection_id": "",
            "connection_type": "INTERNET",
            "content_handling_strategy": "",
            "credentials_arn": "",
            "description": "GitHub App webhook for receiving build events.",
            "id": "mkhrzjj",
            "integration_method": "POST",
            "integration_response_selection_expression": "",
            "integration_subtype": "",
            "integration_type": "AWS_PROXY",
            "integration_uri": "arn:aws:apigateway:us-east-1:lambda:path/2015-03-31/functions/arn:aws:lambda:us-east-1:052730242331:function:ce-ci-webhook/invocations",
            "passthrough_behavior": "",
            "payload_format_version": "1.0",
            "request_parameters": {},
            "request_templates": {},
            "response_parameters": [],
            "template_selection_expression": "",
            "timeout_milliseconds": 30000,
            "tls_config": []
          },
          "sensitive_attributes": [],
          "private": "bnVsbA==",
          "dependencies": [
            "module.runners.aws_sqs_queue.queued_builds",
            "module.runners.module.webhook.aws_apigatewayv2_api.webhook",
            "module.runners.module.webhook.aws_iam_role.webhook_lambda",
            "module.runners.module.webhook.aws_lambda_function.webhook",
            "module.runners.module.webhook.data.aws_iam_policy_document.lambda_assume_role_policy"
          ]
        }
      ]
    },
    {
      "module": "module.runners.module.webhook",
      "mode": "managed",
      "type": "aws_apigatewayv2_route",
      "name": "webhook",
      "provider": "provider[\"registry.terraform.io/hashicorp/aws\"]",
      "instances": [
        {
          "schema_version": 0,
          "attributes": {
            "api_id": "klkdr4lt93",
            "api_key_required": false,
            "authorization_scopes": [],
            "authorization_type": "NONE",
            "authorizer_id": "",
            "id": "eam3qd3",
            "model_selection_expression": "",
            "operation_name": "",
            "request_models": {},
            "request_parameter": [],
            "route_key": "POST /webhook",
            "route_response_selection_expression": "",
            "target": "integrations/mkhrzjj"
          },
          "sensitive_attributes": [],
          "private": "bnVsbA==",
          "dependencies": [
            "module.runners.module.webhook.data.aws_iam_policy_document.lambda_assume_role_policy",
            "module.runners.aws_sqs_queue.queued_builds",
            "module.runners.module.webhook.aws_apigatewayv2_api.webhook",
            "module.runners.module.webhook.aws_apigatewayv2_integration.webhook",
            "module.runners.module.webhook.aws_iam_role.webhook_lambda",
            "module.runners.module.webhook.aws_lambda_function.webhook"
          ]
        }
      ]
    },
    {
      "module": "module.runners.module.webhook",
      "mode": "managed",
      "type": "aws_apigatewayv2_stage",
      "name": "webhook",
      "provider": "provider[\"registry.terraform.io/hashicorp/aws\"]",
      "instances": [
        {
          "schema_version": 0,
          "attributes": {
            "access_log_settings": [],
            "api_id": "klkdr4lt93",
            "arn": "arn:aws:apigateway:us-east-1::/apis/klkdr4lt93/stages/$default",
            "auto_deploy": true,
            "client_certificate_id": "",
            "default_route_settings": [
              {
                "data_trace_enabled": false,
                "detailed_metrics_enabled": false,
                "logging_level": "",
                "throttling_burst_limit": 0,
                "throttling_rate_limit": 0
              }
            ],
            "deployment_id": "01c5xj",
            "description": "",
            "execution_arn": "arn:aws:execute-api:us-east-1:052730242331:klkdr4lt93/$default",
            "id": "$default",
            "invoke_url": "https://klkdr4lt93.execute-api.us-east-1.amazonaws.com/",
            "name": "$default",
            "route_settings": [],
            "stage_variables": {},
            "tags": {
              "Environment": "ce-ci",
              "Site": "CompilerExplorer"
            },
            "tags_all": {
              "Environment": "ce-ci",
              "Site": "CompilerExplorer"
            }
          },
          "sensitive_attributes": [],
          "private": "bnVsbA==",
          "dependencies": [
            "module.runners.module.webhook.aws_apigatewayv2_api.webhook"
          ]
        }
      ]
    },
    {
      "module": "module.runners.module.webhook",
      "mode": "managed",
      "type": "aws_cloudwatch_log_group",
      "name": "webhook",
      "provider": "provider[\"registry.terraform.io/hashicorp/aws\"]",
      "instances": [
        {
          "schema_version": 0,
          "attributes": {
            "arn": "arn:aws:logs:us-east-1:052730242331:log-group:/aws/lambda/ce-ci-webhook",
            "id": "/aws/lambda/ce-ci-webhook",
            "kms_key_id": "",
            "name": "/aws/lambda/ce-ci-webhook",
            "name_prefix": null,
            "retention_in_days": 180,
            "tags": {
              "Environment": "ce-ci",
              "Site": "CompilerExplorer"
            },
            "tags_all": {
              "Environment": "ce-ci",
              "Site": "CompilerExplorer"
            }
          },
          "sensitive_attributes": [],
          "private": "bnVsbA==",
          "dependencies": [
            "module.runners.aws_sqs_queue.queued_builds",
            "module.runners.module.webhook.aws_iam_role.webhook_lambda",
            "module.runners.module.webhook.aws_lambda_function.webhook",
            "module.runners.module.webhook.data.aws_iam_policy_document.lambda_assume_role_policy"
          ]
        }
      ]
    },
    {
      "module": "module.runners.module.webhook",
      "mode": "managed",
      "type": "aws_iam_role",
      "name": "webhook_lambda",
      "provider": "provider[\"registry.terraform.io/hashicorp/aws\"]",
      "instances": [
        {
          "schema_version": 0,
          "attributes": {
            "arn": "arn:aws:iam::052730242331:role/ce-ci/ce-ci-action-webhook-lambda-role",
            "assume_role_policy": "{\"Version\":\"2012-10-17\",\"Statement\":[{\"Sid\":\"\",\"Effect\":\"Allow\",\"Principal\":{\"Service\":\"lambda.amazonaws.com\"},\"Action\":\"sts:AssumeRole\"}]}",
            "create_date": "2021-10-26T03:02:14Z",
            "description": "",
            "force_detach_policies": false,
            "id": "ce-ci-action-webhook-lambda-role",
            "inline_policy": [
              {
                "name": "",
                "policy": ""
              }
            ],
            "managed_policy_arns": [],
            "max_session_duration": 3600,
            "name": "ce-ci-action-webhook-lambda-role",
            "name_prefix": "",
            "path": "/ce-ci/",
            "permissions_boundary": null,
            "tags": {
              "Environment": "ce-ci",
              "Site": "CompilerExplorer"
            },
            "tags_all": {
              "Environment": "ce-ci",
              "Site": "CompilerExplorer"
            },
            "unique_id": "AROAQYRXXUUNQ25RS3KKO"
          },
          "sensitive_attributes": [],
          "private": "bnVsbA==",
          "dependencies": [
            "module.runners.module.webhook.data.aws_iam_policy_document.lambda_assume_role_policy"
          ]
        }
      ]
    },
    {
      "module": "module.runners.module.webhook",
      "mode": "managed",
      "type": "aws_iam_role_policy",
      "name": "webhook_logging",
      "provider": "provider[\"registry.terraform.io/hashicorp/aws\"]",
      "instances": [
        {
          "schema_version": 0,
          "attributes": {
            "id": "ce-ci-action-webhook-lambda-role:ce-ci-lambda-logging-policy",
            "name": "ce-ci-lambda-logging-policy",
            "name_prefix": null,
            "policy": "{\n  \"Version\": \"2012-10-17\",\n  \"Statement\": [\n    {\n      \"Effect\": \"Allow\",\n      \"Action\": [\"logs:CreateLogStream\", \"logs:PutLogEvents\"],\n      \"Resource\": \"arn:aws:logs:us-east-1:052730242331:log-group:/aws/lambda/ce-ci-webhook*\"\n    }\n  ]\n}\n",
            "role": "ce-ci-action-webhook-lambda-role"
          },
          "sensitive_attributes": [],
          "private": "bnVsbA==",
          "dependencies": [
            "module.runners.aws_sqs_queue.queued_builds",
            "module.runners.module.webhook.aws_cloudwatch_log_group.webhook",
            "module.runners.module.webhook.aws_iam_role.webhook_lambda",
            "module.runners.module.webhook.aws_lambda_function.webhook",
            "module.runners.module.webhook.data.aws_iam_policy_document.lambda_assume_role_policy"
          ]
        }
      ]
    },
    {
      "module": "module.runners.module.webhook",
      "mode": "managed",
      "type": "aws_iam_role_policy",
      "name": "webhook_sqs",
      "provider": "provider[\"registry.terraform.io/hashicorp/aws\"]",
      "instances": [
        {
          "schema_version": 0,
          "attributes": {
            "id": "ce-ci-action-webhook-lambda-role:ce-ci-lambda-webhook-publish-sqs-policy",
            "name": "ce-ci-lambda-webhook-publish-sqs-policy",
            "name_prefix": null,
            "policy": "{\n  \"Version\": \"2012-10-17\",\n  \"Statement\": [\n    {\n      \"Effect\": \"Allow\",\n      \"Action\": [\"sqs:SendMessage\", \"sqs:GetQueueAttributes\"],\n      \"Resource\": \"arn:aws:sqs:us-east-1:052730242331:ce-ci-queued-builds.fifo\"\n    }\n  ]\n}\n",
            "role": "ce-ci-action-webhook-lambda-role"
          },
          "sensitive_attributes": [],
          "private": "bnVsbA==",
          "dependencies": [
            "module.runners.aws_sqs_queue.queued_builds",
            "module.runners.module.webhook.aws_iam_role.webhook_lambda",
            "module.runners.module.webhook.data.aws_iam_policy_document.lambda_assume_role_policy"
          ]
        }
      ]
    },
    {
      "module": "module.runners.module.webhook",
      "mode": "managed",
      "type": "aws_iam_role_policy",
      "name": "webhook_ssm",
      "provider": "provider[\"registry.terraform.io/hashicorp/aws\"]",
      "instances": [
        {
          "schema_version": 0,
          "attributes": {
            "id": "ce-ci-action-webhook-lambda-role:ce-ci-lambda-webhook-publish-ssm-policy",
            "name": "ce-ci-lambda-webhook-publish-ssm-policy",
            "name_prefix": null,
            "policy": "{\n  \"Version\": \"2012-10-17\",\n  \"Statement\": [\n    {\n        \"Effect\": \"Allow\",\n        \"Action\": [\n            \"ssm:GetParameter\"\n        ],\n        \"Resource\": [\n            \"arn:aws:ssm:us-east-1:052730242331:parameter/actions_runner/ce-ci/github_app_webhook_secret\"\n        ]\n        }\n  ]\n}\n",
            "role": "ce-ci-action-webhook-lambda-role"
          },
          "sensitive_attributes": [],
          "private": "bnVsbA==",
          "dependencies": [
            "module.runners.module.ssm.aws_ssm_parameter.github_app_id",
            "module.runners.module.ssm.aws_ssm_parameter.github_app_key_base64",
            "module.runners.module.ssm.aws_ssm_parameter.github_app_webhook_secret",
            "module.runners.module.webhook.aws_iam_role.webhook_lambda",
            "module.runners.module.webhook.data.aws_iam_policy_document.lambda_assume_role_policy",
            "random_password.random"
          ]
        }
      ]
    },
    {
      "module": "module.runners.module.webhook",
      "mode": "managed",
      "type": "aws_lambda_function",
      "name": "webhook",
      "provider": "provider[\"registry.terraform.io/hashicorp/aws\"]",
      "instances": [
        {
          "schema_version": 0,
          "attributes": {
            "architectures": [
              "x86_64"
            ],
            "arn": "arn:aws:lambda:us-east-1:052730242331:function:ce-ci-webhook",
            "code_signing_config_arn": "",
            "dead_letter_config": [],
            "description": "",
            "environment": [
              {
                "variables": {
                  "DISABLE_CHECK_WORKFLOW_JOB_LABELS": "false",
                  "ENVIRONMENT": "ce-ci",
                  "REPOSITORY_WHITE_LIST": "[]",
                  "RUNNER_LABELS": "[\"ubuntu\",\"ce\"]",
                  "SQS_URL_WEBHOOK": "https://sqs.us-east-1.amazonaws.com/052730242331/ce-ci-queued-builds.fifo"
                }
              }
            ],
            "file_system_config": [],
            "filename": "lambdas-download/webhook.zip",
            "function_name": "ce-ci-webhook",
            "handler": "index.githubWebhook",
            "id": "ce-ci-webhook",
            "image_config": [],
            "image_uri": "",
            "invoke_arn": "arn:aws:apigateway:us-east-1:lambda:path/2015-03-31/functions/arn:aws:lambda:us-east-1:052730242331:function:ce-ci-webhook/invocations",
            "kms_key_arn": "",
            "last_modified": "2021-10-26T03:02:47.433+0000",
            "layers": null,
            "memory_size": 128,
            "package_type": "Zip",
            "publish": false,
            "qualified_arn": "arn:aws:lambda:us-east-1:052730242331:function:ce-ci-webhook:$LATEST",
            "reserved_concurrent_executions": -1,
            "role": "arn:aws:iam::052730242331:role/ce-ci/ce-ci-action-webhook-lambda-role",
            "runtime": "nodejs14.x",
            "s3_bucket": null,
            "s3_key": null,
            "s3_object_version": null,
            "signing_job_arn": "",
            "signing_profile_version_arn": "",
            "source_code_hash": "F6PUBGGFrTZCMsOUTAjBY+BNtVkiK6lbJF1RHJu4wBY=",
            "source_code_size": 1083816,
            "tags": {
              "Environment": "ce-ci",
              "Site": "CompilerExplorer"
            },
            "tags_all": {
              "Environment": "ce-ci",
              "Site": "CompilerExplorer"
            },
            "timeout": 10,
            "timeouts": null,
            "tracing_config": [
              {
                "mode": "PassThrough"
              }
            ],
            "version": "$LATEST",
            "vpc_config": []
          },
          "sensitive_attributes": [],
          "private": "eyJlMmJmYjczMC1lY2FhLTExZTYtOGY4OC0zNDM2M2JjN2M0YzAiOnsiY3JlYXRlIjo2MDAwMDAwMDAwMDB9fQ==",
          "dependencies": [
            "module.runners.aws_sqs_queue.queued_builds",
            "module.runners.module.webhook.aws_iam_role.webhook_lambda",
            "module.runners.module.webhook.data.aws_iam_policy_document.lambda_assume_role_policy"
          ]
        }
      ]
    },
    {
      "module": "module.runners.module.webhook",
      "mode": "managed",
      "type": "aws_lambda_permission",
      "name": "webhook",
      "provider": "provider[\"registry.terraform.io/hashicorp/aws\"]",
      "instances": [
        {
          "schema_version": 0,
          "attributes": {
            "action": "lambda:InvokeFunction",
            "event_source_token": null,
            "function_name": "ce-ci-webhook",
            "id": "AllowExecutionFromAPIGateway",
            "principal": "apigateway.amazonaws.com",
            "qualifier": "",
            "source_account": null,
            "source_arn": "arn:aws:execute-api:us-east-1:052730242331:klkdr4lt93/*/*/webhook",
            "statement_id": "AllowExecutionFromAPIGateway",
            "statement_id_prefix": null
          },
          "sensitive_attributes": [],
          "private": "bnVsbA==",
          "dependencies": [
            "module.runners.aws_sqs_queue.queued_builds",
            "module.runners.module.webhook.aws_apigatewayv2_api.webhook",
            "module.runners.module.webhook.aws_iam_role.webhook_lambda",
            "module.runners.module.webhook.aws_lambda_function.webhook",
            "module.runners.module.webhook.data.aws_iam_policy_document.lambda_assume_role_policy"
          ]
        }
      ]
    },
    {
      "module": "module.vpc",
      "mode": "data",
      "type": "aws_availability_zones",
      "name": "available",
      "provider": "provider[\"registry.terraform.io/hashicorp/aws\"]",
      "instances": [
        {
          "schema_version": 0,
          "attributes": {
            "all_availability_zones": null,
            "exclude_names": null,
            "exclude_zone_ids": null,
            "filter": null,
            "group_names": [
              "us-east-1"
            ],
            "id": "us-east-1",
            "names": [
              "us-east-1a",
              "us-east-1b",
              "us-east-1c",
              "us-east-1d",
              "us-east-1e",
              "us-east-1f"
            ],
            "state": "available",
            "zone_ids": [
              "use1-az4",
              "use1-az6",
              "use1-az1",
              "use1-az2",
              "use1-az3",
              "use1-az5"
            ]
          },
          "sensitive_attributes": []
        }
      ]
    },
    {
      "module": "module.vpc",
      "mode": "data",
      "type": "aws_vpc_endpoint_service",
      "name": "s3",
      "provider": "provider[\"registry.terraform.io/hashicorp/aws\"]",
      "instances": [
        {
          "index_key": 0,
          "schema_version": 0,
          "attributes": {
            "acceptance_required": false,
            "arn": "arn:aws:ec2:us-east-1:052730242331:vpc-endpoint-service/vpce-svc-0aa7c06513d4872d5",
            "availability_zones": [
              "us-east-1a",
              "us-east-1b",
              "us-east-1c",
              "us-east-1d",
              "us-east-1e",
              "us-east-1f"
            ],
            "base_endpoint_dns_names": [
              "s3.us-east-1.amazonaws.com"
            ],
            "filter": null,
            "id": "195798706",
            "manages_vpc_endpoints": false,
            "owner": "amazon",
            "private_dns_name": "",
            "service": "s3",
            "service_id": "vpce-svc-0aa7c06513d4872d5",
            "service_name": "com.amazonaws.us-east-1.s3",
            "service_type": "Gateway",
            "tags": {},
            "vpc_endpoint_policy_supported": true
          },
          "sensitive_attributes": []
        }
      ]
    },
    {
      "module": "module.vpc",
      "mode": "managed",
      "type": "aws_eip",
      "name": "nat",
      "provider": "provider[\"registry.terraform.io/hashicorp/aws\"]",
      "instances": [
        {
          "index_key": 0,
          "schema_version": 0,
          "attributes": {
            "address": null,
            "allocation_id": null,
            "associate_with_private_ip": null,
            "association_id": "eipassoc-07f2e2f6a136dcfdc",
            "carrier_ip": "",
            "customer_owned_ip": "",
            "customer_owned_ipv4_pool": "",
            "domain": "vpc",
            "id": "eipalloc-041748d38fc135d4e",
            "instance": "",
            "network_border_group": "us-east-1",
            "network_interface": "eni-0f25ef293fe31c45d",
            "private_dns": "ip-10-0-0-114.ec2.internal",
            "private_ip": "10.0.0.114",
            "public_dns": "ec2-34-239-234-200.compute-1.amazonaws.com",
            "public_ip": "34.239.234.200",
            "public_ipv4_pool": "amazon",
            "tags": {
              "Environment": "ce-ci",
              "Name": "ce-ci-vpc",
              "Project": ""
            },
            "tags_all": {
              "Environment": "ce-ci",
              "Name": "ce-ci-vpc",
              "Project": ""
            },
            "timeouts": null,
            "vpc": true
          },
          "sensitive_attributes": [],
          "private": "eyJlMmJmYjczMC1lY2FhLTExZTYtOGY4OC0zNDM2M2JjN2M0YzAiOnsiZGVsZXRlIjoxODAwMDAwMDAwMDAsInJlYWQiOjkwMDAwMDAwMDAwMCwidXBkYXRlIjozMDAwMDAwMDAwMDB9fQ=="
        }
      ]
    },
    {
      "module": "module.vpc",
      "mode": "managed",
      "type": "aws_internet_gateway",
      "name": "internet_gateway",
      "provider": "provider[\"registry.terraform.io/hashicorp/aws\"]",
      "instances": [
        {
          "schema_version": 0,
          "attributes": {
            "arn": "arn:aws:ec2:us-east-1:052730242331:internet-gateway/igw-08a85622aab0938b1",
            "id": "igw-08a85622aab0938b1",
            "owner_id": "052730242331",
            "tags": {
              "Environment": "ce-ci",
              "Name": "ce-ci-vpc",
              "Project": ""
            },
            "tags_all": {
              "Environment": "ce-ci",
              "Name": "ce-ci-vpc",
              "Project": ""
            },
            "vpc_id": "vpc-04ab1da9ffa64bb53"
          },
          "sensitive_attributes": [],
          "private": "bnVsbA==",
          "dependencies": [
            "module.vpc.aws_vpc.vpc"
          ]
        }
      ]
    },
    {
      "module": "module.vpc",
      "mode": "managed",
      "type": "aws_nat_gateway",
      "name": "nat",
      "provider": "provider[\"registry.terraform.io/hashicorp/aws\"]",
      "instances": [
        {
          "index_key": 0,
          "schema_version": 0,
          "attributes": {
            "allocation_id": "eipalloc-041748d38fc135d4e",
            "connectivity_type": "public",
            "id": "nat-07fb59cd4f23d0388",
            "network_interface_id": "eni-0f25ef293fe31c45d",
            "private_ip": "10.0.0.114",
            "public_ip": "34.239.234.200",
            "subnet_id": "subnet-042f1fd7f1a6a2d79",
            "tags": {
              "Environment": "ce-ci",
              "Name": "ce-ci-vpc",
              "Project": ""
            },
            "tags_all": {
              "Environment": "ce-ci",
              "Name": "ce-ci-vpc",
              "Project": ""
            }
          },
          "sensitive_attributes": [],
          "private": "bnVsbA==",
          "dependencies": [
            "module.vpc.aws_eip.nat",
            "module.vpc.aws_subnet.public_subnet",
            "module.vpc.aws_vpc.vpc",
            "module.vpc.data.aws_availability_zones.available"
          ]
        }
      ]
    },
    {
      "module": "module.vpc",
      "mode": "managed",
      "type": "aws_route",
      "name": "private_route",
      "provider": "provider[\"registry.terraform.io/hashicorp/aws\"]",
      "instances": [
        {
          "index_key": 0,
          "schema_version": 0,
          "attributes": {
            "carrier_gateway_id": "",
            "destination_cidr_block": "0.0.0.0/0",
            "destination_ipv6_cidr_block": "",
            "destination_prefix_list_id": "",
            "egress_only_gateway_id": "",
            "gateway_id": "",
            "id": "r-rtb-0bdcdeebf772cae6a1080289494",
            "instance_id": "",
            "instance_owner_id": "",
            "local_gateway_id": "",
            "nat_gateway_id": "nat-07fb59cd4f23d0388",
            "network_interface_id": "",
            "origin": "CreateRoute",
            "route_table_id": "rtb-0bdcdeebf772cae6a",
            "state": "active",
            "timeouts": null,
            "transit_gateway_id": "",
            "vpc_endpoint_id": "",
            "vpc_peering_connection_id": ""
          },
          "sensitive_attributes": [],
          "private": "eyJlMmJmYjczMC1lY2FhLTExZTYtOGY4OC0zNDM2M2JjN2M0YzAiOnsiY3JlYXRlIjoxMjAwMDAwMDAwMDAsImRlbGV0ZSI6MzAwMDAwMDAwMDAwfX0=",
          "dependencies": [
            "module.vpc.aws_route_table.private_routetable",
            "module.vpc.aws_subnet.public_subnet",
            "module.vpc.aws_vpc.vpc",
            "module.vpc.data.aws_availability_zones.available",
            "module.vpc.aws_eip.nat",
            "module.vpc.aws_nat_gateway.nat"
          ]
        }
      ]
    },
    {
      "module": "module.vpc",
      "mode": "managed",
      "type": "aws_route",
      "name": "public_route",
      "provider": "provider[\"registry.terraform.io/hashicorp/aws\"]",
      "instances": [
        {
          "schema_version": 0,
          "attributes": {
            "carrier_gateway_id": "",
            "destination_cidr_block": "0.0.0.0/0",
            "destination_ipv6_cidr_block": "",
            "destination_prefix_list_id": "",
            "egress_only_gateway_id": "",
            "gateway_id": "igw-08a85622aab0938b1",
            "id": "r-rtb-06cee837e10cb353f1080289494",
            "instance_id": "",
            "instance_owner_id": "",
            "local_gateway_id": "",
            "nat_gateway_id": "",
            "network_interface_id": "",
            "origin": "CreateRoute",
            "route_table_id": "rtb-06cee837e10cb353f",
            "state": "active",
            "timeouts": null,
            "transit_gateway_id": "",
            "vpc_endpoint_id": "",
            "vpc_peering_connection_id": ""
          },
          "sensitive_attributes": [],
          "private": "eyJlMmJmYjczMC1lY2FhLTExZTYtOGY4OC0zNDM2M2JjN2M0YzAiOnsiY3JlYXRlIjoxMjAwMDAwMDAwMDAsImRlbGV0ZSI6MzAwMDAwMDAwMDAwfX0=",
          "dependencies": [
            "module.vpc.aws_internet_gateway.internet_gateway",
            "module.vpc.aws_route_table.public_routetable",
            "module.vpc.aws_vpc.vpc"
          ]
        }
      ]
    },
    {
      "module": "module.vpc",
      "mode": "managed",
      "type": "aws_route_table",
      "name": "private_routetable",
      "provider": "provider[\"registry.terraform.io/hashicorp/aws\"]",
      "instances": [
        {
          "index_key": 0,
          "schema_version": 0,
          "attributes": {
            "arn": "arn:aws:ec2:us-east-1:052730242331:route-table/rtb-0bdcdeebf772cae6a",
            "id": "rtb-0bdcdeebf772cae6a",
            "owner_id": "052730242331",
            "propagating_vgws": [],
            "route": [
              {
                "carrier_gateway_id": "",
                "cidr_block": "0.0.0.0/0",
                "destination_prefix_list_id": "",
                "egress_only_gateway_id": "",
                "gateway_id": "",
                "instance_id": "",
                "ipv6_cidr_block": "",
                "local_gateway_id": "",
                "nat_gateway_id": "nat-07fb59cd4f23d0388",
                "network_interface_id": "",
                "transit_gateway_id": "",
                "vpc_endpoint_id": "",
                "vpc_peering_connection_id": ""
              }
            ],
            "tags": {
              "Environment": "ce-ci",
              "Name": "ce-ci-vpc",
              "Project": ""
            },
            "tags_all": {
              "Environment": "ce-ci",
              "Name": "ce-ci-vpc",
              "Project": ""
            },
            "vpc_id": "vpc-04ab1da9ffa64bb53"
          },
          "sensitive_attributes": [],
          "private": "bnVsbA==",
          "dependencies": [
            "module.vpc.aws_vpc.vpc"
          ]
        }
      ]
    },
    {
      "module": "module.vpc",
      "mode": "managed",
      "type": "aws_route_table",
      "name": "public_routetable",
      "provider": "provider[\"registry.terraform.io/hashicorp/aws\"]",
      "instances": [
        {
          "schema_version": 0,
          "attributes": {
            "arn": "arn:aws:ec2:us-east-1:052730242331:route-table/rtb-06cee837e10cb353f",
            "id": "rtb-06cee837e10cb353f",
            "owner_id": "052730242331",
            "propagating_vgws": [],
            "route": [
              {
                "carrier_gateway_id": "",
                "cidr_block": "0.0.0.0/0",
                "destination_prefix_list_id": "",
                "egress_only_gateway_id": "",
                "gateway_id": "igw-08a85622aab0938b1",
                "instance_id": "",
                "ipv6_cidr_block": "",
                "local_gateway_id": "",
                "nat_gateway_id": "",
                "network_interface_id": "",
                "transit_gateway_id": "",
                "vpc_endpoint_id": "",
                "vpc_peering_connection_id": ""
              }
            ],
            "tags": {
              "Environment": "ce-ci",
              "Name": "ce-ci-vpc",
              "Project": ""
            },
            "tags_all": {
              "Environment": "ce-ci",
              "Name": "ce-ci-vpc",
              "Project": ""
            },
            "vpc_id": "vpc-04ab1da9ffa64bb53"
          },
          "sensitive_attributes": [],
          "private": "bnVsbA==",
          "dependencies": [
            "module.vpc.aws_vpc.vpc"
          ]
        }
      ]
    },
    {
      "module": "module.vpc",
      "mode": "managed",
      "type": "aws_route_table_association",
      "name": "private_routing_table",
      "provider": "provider[\"registry.terraform.io/hashicorp/aws\"]",
      "instances": [
        {
          "index_key": 0,
          "schema_version": 0,
          "attributes": {
            "gateway_id": "",
            "id": "rtbassoc-040c23246cd247bf4",
            "route_table_id": "rtb-0bdcdeebf772cae6a",
            "subnet_id": "subnet-0ef993164c44a1c18"
          },
          "sensitive_attributes": [],
          "private": "bnVsbA==",
          "dependencies": [
            "module.vpc.aws_route_table.private_routetable",
            "module.vpc.aws_subnet.private_subnet",
            "module.vpc.aws_vpc.vpc",
            "module.vpc.data.aws_availability_zones.available"
          ]
        },
        {
          "index_key": 1,
          "schema_version": 0,
          "attributes": {
            "gateway_id": "",
            "id": "rtbassoc-0d04f359b3ab836f9",
            "route_table_id": "rtb-0bdcdeebf772cae6a",
            "subnet_id": "subnet-075bb57483ebd0f6c"
          },
          "sensitive_attributes": [],
          "private": "bnVsbA==",
          "dependencies": [
            "module.vpc.data.aws_availability_zones.available",
            "module.vpc.aws_route_table.private_routetable",
            "module.vpc.aws_subnet.private_subnet",
            "module.vpc.aws_vpc.vpc"
          ]
        },
        {
          "index_key": 2,
          "schema_version": 0,
          "attributes": {
            "gateway_id": "",
            "id": "rtbassoc-0904597e44828c793",
            "route_table_id": "rtb-0bdcdeebf772cae6a",
            "subnet_id": "subnet-0ddab5d8f1c2fd712"
          },
          "sensitive_attributes": [],
          "private": "bnVsbA==",
          "dependencies": [
            "module.vpc.data.aws_availability_zones.available",
            "module.vpc.aws_route_table.private_routetable",
            "module.vpc.aws_subnet.private_subnet",
            "module.vpc.aws_vpc.vpc"
          ]
        },
        {
          "index_key": 3,
          "schema_version": 0,
          "attributes": {
            "gateway_id": "",
            "id": "rtbassoc-0d75fdb90945e1a80",
            "route_table_id": "rtb-0bdcdeebf772cae6a",
            "subnet_id": "subnet-029017fff2b237e4d"
          },
          "sensitive_attributes": [],
          "private": "bnVsbA==",
          "dependencies": [
            "module.vpc.aws_route_table.private_routetable",
            "module.vpc.aws_subnet.private_subnet",
            "module.vpc.aws_vpc.vpc",
            "module.vpc.data.aws_availability_zones.available"
          ]
        },
        {
          "index_key": 4,
          "schema_version": 0,
          "attributes": {
            "gateway_id": "",
            "id": "rtbassoc-0c27dad6a99826bf4",
            "route_table_id": "rtb-0bdcdeebf772cae6a",
            "subnet_id": "subnet-082b20ca19dc7b0bc"
          },
          "sensitive_attributes": [],
          "private": "bnVsbA==",
          "dependencies": [
            "module.vpc.aws_vpc.vpc",
            "module.vpc.data.aws_availability_zones.available",
            "module.vpc.aws_route_table.private_routetable",
            "module.vpc.aws_subnet.private_subnet"
          ]
        },
        {
          "index_key": 5,
          "schema_version": 0,
          "attributes": {
            "gateway_id": "",
            "id": "rtbassoc-03c9a3c5aa9f00937",
            "route_table_id": "rtb-0bdcdeebf772cae6a",
            "subnet_id": "subnet-02d404b9f5f6e7b7e"
          },
          "sensitive_attributes": [],
          "private": "bnVsbA==",
          "dependencies": [
            "module.vpc.aws_route_table.private_routetable",
            "module.vpc.aws_subnet.private_subnet",
            "module.vpc.aws_vpc.vpc",
            "module.vpc.data.aws_availability_zones.available"
          ]
        }
      ]
    },
    {
      "module": "module.vpc",
      "mode": "managed",
      "type": "aws_route_table_association",
      "name": "public_routing_table",
      "provider": "provider[\"registry.terraform.io/hashicorp/aws\"]",
      "instances": [
        {
          "index_key": 0,
          "schema_version": 0,
          "attributes": {
            "gateway_id": "",
            "id": "rtbassoc-07b836f94b63c7455",
            "route_table_id": "rtb-06cee837e10cb353f",
            "subnet_id": "subnet-042f1fd7f1a6a2d79"
          },
          "sensitive_attributes": [],
          "private": "bnVsbA==",
          "dependencies": [
            "module.vpc.aws_route_table.public_routetable",
            "module.vpc.aws_subnet.public_subnet",
            "module.vpc.aws_vpc.vpc",
            "module.vpc.data.aws_availability_zones.available"
          ]
        },
        {
          "index_key": 1,
          "schema_version": 0,
          "attributes": {
            "gateway_id": "",
            "id": "rtbassoc-01c430b849bab6b25",
            "route_table_id": "rtb-06cee837e10cb353f",
            "subnet_id": "subnet-0e4fe699df0a84e20"
          },
          "sensitive_attributes": [],
          "private": "bnVsbA==",
          "dependencies": [
            "module.vpc.aws_route_table.public_routetable",
            "module.vpc.aws_subnet.public_subnet",
            "module.vpc.aws_vpc.vpc",
            "module.vpc.data.aws_availability_zones.available"
          ]
        },
        {
          "index_key": 2,
          "schema_version": 0,
          "attributes": {
            "gateway_id": "",
            "id": "rtbassoc-0f1317f1aa5de974d",
            "route_table_id": "rtb-06cee837e10cb353f",
            "subnet_id": "subnet-005aa0e617d96a40e"
          },
          "sensitive_attributes": [],
          "private": "bnVsbA==",
          "dependencies": [
            "module.vpc.aws_route_table.public_routetable",
            "module.vpc.aws_subnet.public_subnet",
            "module.vpc.aws_vpc.vpc",
            "module.vpc.data.aws_availability_zones.available"
          ]
        },
        {
          "index_key": 3,
          "schema_version": 0,
          "attributes": {
            "gateway_id": "",
            "id": "rtbassoc-0da0122da151b649a",
            "route_table_id": "rtb-06cee837e10cb353f",
            "subnet_id": "subnet-0d685bcc3ba625ef0"
          },
          "sensitive_attributes": [],
          "private": "bnVsbA==",
          "dependencies": [
            "module.vpc.aws_route_table.public_routetable",
            "module.vpc.aws_subnet.public_subnet",
            "module.vpc.aws_vpc.vpc",
            "module.vpc.data.aws_availability_zones.available"
          ]
        },
        {
          "index_key": 4,
          "schema_version": 0,
          "attributes": {
            "gateway_id": "",
            "id": "rtbassoc-0fc711f4e6bac297d",
            "route_table_id": "rtb-06cee837e10cb353f",
            "subnet_id": "subnet-028a17ea1fb7d6785"
          },
          "sensitive_attributes": [],
          "private": "bnVsbA==",
          "dependencies": [
            "module.vpc.data.aws_availability_zones.available",
            "module.vpc.aws_route_table.public_routetable",
            "module.vpc.aws_subnet.public_subnet",
            "module.vpc.aws_vpc.vpc"
          ]
        },
        {
          "index_key": 5,
          "schema_version": 0,
          "attributes": {
            "gateway_id": "",
            "id": "rtbassoc-003f5dd6d5dcbf6c9",
            "route_table_id": "rtb-06cee837e10cb353f",
            "subnet_id": "subnet-0992bbcffbef706d9"
          },
          "sensitive_attributes": [],
          "private": "bnVsbA==",
          "dependencies": [
            "module.vpc.data.aws_availability_zones.available",
            "module.vpc.aws_route_table.public_routetable",
            "module.vpc.aws_subnet.public_subnet",
            "module.vpc.aws_vpc.vpc"
          ]
        }
      ]
    },
    {
      "module": "module.vpc",
      "mode": "managed",
      "type": "aws_subnet",
      "name": "private_subnet",
      "provider": "provider[\"registry.terraform.io/hashicorp/aws\"]",
      "instances": [
        {
          "index_key": 0,
          "schema_version": 1,
          "attributes": {
            "arn": "arn:aws:ec2:us-east-1:052730242331:subnet/subnet-0ef993164c44a1c18",
            "assign_ipv6_address_on_creation": false,
            "availability_zone": "us-east-1a",
            "availability_zone_id": "use1-az4",
            "cidr_block": "10.0.6.0/24",
            "customer_owned_ipv4_pool": "",
            "id": "subnet-0ef993164c44a1c18",
            "ipv6_cidr_block": "",
            "ipv6_cidr_block_association_id": "",
            "map_customer_owned_ip_on_launch": false,
            "map_public_ip_on_launch": false,
            "outpost_arn": "",
            "owner_id": "052730242331",
            "tags": {
              "Environment": "ce-ci",
              "Name": "ce-ci-us-east-1a-private",
              "Project": "",
              "Tier": "private"
            },
            "tags_all": {
              "Environment": "ce-ci",
              "Name": "ce-ci-us-east-1a-private",
              "Project": "",
              "Tier": "private"
            },
            "timeouts": null,
            "vpc_id": "vpc-04ab1da9ffa64bb53"
          },
          "sensitive_attributes": [],
          "private": "eyJlMmJmYjczMC1lY2FhLTExZTYtOGY4OC0zNDM2M2JjN2M0YzAiOnsiY3JlYXRlIjo2MDAwMDAwMDAwMDAsImRlbGV0ZSI6MTIwMDAwMDAwMDAwMH0sInNjaGVtYV92ZXJzaW9uIjoiMSJ9",
          "dependencies": [
            "module.vpc.aws_vpc.vpc",
            "module.vpc.data.aws_availability_zones.available"
          ]
        },
        {
          "index_key": 1,
          "schema_version": 1,
          "attributes": {
            "arn": "arn:aws:ec2:us-east-1:052730242331:subnet/subnet-075bb57483ebd0f6c",
            "assign_ipv6_address_on_creation": false,
            "availability_zone": "us-east-1b",
            "availability_zone_id": "use1-az6",
            "cidr_block": "10.0.7.0/24",
            "customer_owned_ipv4_pool": "",
            "id": "subnet-075bb57483ebd0f6c",
            "ipv6_cidr_block": "",
            "ipv6_cidr_block_association_id": "",
            "map_customer_owned_ip_on_launch": false,
            "map_public_ip_on_launch": false,
            "outpost_arn": "",
            "owner_id": "052730242331",
            "tags": {
              "Environment": "ce-ci",
              "Name": "ce-ci-us-east-1b-private",
              "Project": "",
              "Tier": "private"
            },
            "tags_all": {
              "Environment": "ce-ci",
              "Name": "ce-ci-us-east-1b-private",
              "Project": "",
              "Tier": "private"
            },
            "timeouts": null,
            "vpc_id": "vpc-04ab1da9ffa64bb53"
          },
          "sensitive_attributes": [],
          "private": "eyJlMmJmYjczMC1lY2FhLTExZTYtOGY4OC0zNDM2M2JjN2M0YzAiOnsiY3JlYXRlIjo2MDAwMDAwMDAwMDAsImRlbGV0ZSI6MTIwMDAwMDAwMDAwMH0sInNjaGVtYV92ZXJzaW9uIjoiMSJ9",
          "dependencies": [
            "module.vpc.aws_vpc.vpc",
            "module.vpc.data.aws_availability_zones.available"
          ]
        },
        {
          "index_key": 2,
          "schema_version": 1,
          "attributes": {
            "arn": "arn:aws:ec2:us-east-1:052730242331:subnet/subnet-0ddab5d8f1c2fd712",
            "assign_ipv6_address_on_creation": false,
            "availability_zone": "us-east-1c",
            "availability_zone_id": "use1-az1",
            "cidr_block": "10.0.8.0/24",
            "customer_owned_ipv4_pool": "",
            "id": "subnet-0ddab5d8f1c2fd712",
            "ipv6_cidr_block": "",
            "ipv6_cidr_block_association_id": "",
            "map_customer_owned_ip_on_launch": false,
            "map_public_ip_on_launch": false,
            "outpost_arn": "",
            "owner_id": "052730242331",
            "tags": {
              "Environment": "ce-ci",
              "Name": "ce-ci-us-east-1c-private",
              "Project": "",
              "Tier": "private"
            },
            "tags_all": {
              "Environment": "ce-ci",
              "Name": "ce-ci-us-east-1c-private",
              "Project": "",
              "Tier": "private"
            },
            "timeouts": null,
            "vpc_id": "vpc-04ab1da9ffa64bb53"
          },
          "sensitive_attributes": [],
          "private": "eyJlMmJmYjczMC1lY2FhLTExZTYtOGY4OC0zNDM2M2JjN2M0YzAiOnsiY3JlYXRlIjo2MDAwMDAwMDAwMDAsImRlbGV0ZSI6MTIwMDAwMDAwMDAwMH0sInNjaGVtYV92ZXJzaW9uIjoiMSJ9",
          "dependencies": [
            "module.vpc.aws_vpc.vpc",
            "module.vpc.data.aws_availability_zones.available"
          ]
        },
        {
          "index_key": 3,
          "schema_version": 1,
          "attributes": {
            "arn": "arn:aws:ec2:us-east-1:052730242331:subnet/subnet-029017fff2b237e4d",
            "assign_ipv6_address_on_creation": false,
            "availability_zone": "us-east-1d",
            "availability_zone_id": "use1-az2",
            "cidr_block": "10.0.9.0/24",
            "customer_owned_ipv4_pool": "",
            "id": "subnet-029017fff2b237e4d",
            "ipv6_cidr_block": "",
            "ipv6_cidr_block_association_id": "",
            "map_customer_owned_ip_on_launch": false,
            "map_public_ip_on_launch": false,
            "outpost_arn": "",
            "owner_id": "052730242331",
            "tags": {
              "Environment": "ce-ci",
              "Name": "ce-ci-us-east-1d-private",
              "Project": "",
              "Tier": "private"
            },
            "tags_all": {
              "Environment": "ce-ci",
              "Name": "ce-ci-us-east-1d-private",
              "Project": "",
              "Tier": "private"
            },
            "timeouts": null,
            "vpc_id": "vpc-04ab1da9ffa64bb53"
          },
          "sensitive_attributes": [],
          "private": "eyJlMmJmYjczMC1lY2FhLTExZTYtOGY4OC0zNDM2M2JjN2M0YzAiOnsiY3JlYXRlIjo2MDAwMDAwMDAwMDAsImRlbGV0ZSI6MTIwMDAwMDAwMDAwMH0sInNjaGVtYV92ZXJzaW9uIjoiMSJ9",
          "dependencies": [
            "module.vpc.aws_vpc.vpc",
            "module.vpc.data.aws_availability_zones.available"
          ]
        },
        {
          "index_key": 4,
          "schema_version": 1,
          "attributes": {
            "arn": "arn:aws:ec2:us-east-1:052730242331:subnet/subnet-082b20ca19dc7b0bc",
            "assign_ipv6_address_on_creation": false,
            "availability_zone": "us-east-1e",
            "availability_zone_id": "use1-az3",
            "cidr_block": "10.0.10.0/24",
            "customer_owned_ipv4_pool": "",
            "id": "subnet-082b20ca19dc7b0bc",
            "ipv6_cidr_block": "",
            "ipv6_cidr_block_association_id": "",
            "map_customer_owned_ip_on_launch": false,
            "map_public_ip_on_launch": false,
            "outpost_arn": "",
            "owner_id": "052730242331",
            "tags": {
              "Environment": "ce-ci",
              "Name": "ce-ci-us-east-1e-private",
              "Project": "",
              "Tier": "private"
            },
            "tags_all": {
              "Environment": "ce-ci",
              "Name": "ce-ci-us-east-1e-private",
              "Project": "",
              "Tier": "private"
            },
            "timeouts": null,
            "vpc_id": "vpc-04ab1da9ffa64bb53"
          },
          "sensitive_attributes": [],
          "private": "eyJlMmJmYjczMC1lY2FhLTExZTYtOGY4OC0zNDM2M2JjN2M0YzAiOnsiY3JlYXRlIjo2MDAwMDAwMDAwMDAsImRlbGV0ZSI6MTIwMDAwMDAwMDAwMH0sInNjaGVtYV92ZXJzaW9uIjoiMSJ9",
          "dependencies": [
            "module.vpc.aws_vpc.vpc",
            "module.vpc.data.aws_availability_zones.available"
          ]
        },
        {
          "index_key": 5,
          "schema_version": 1,
          "attributes": {
            "arn": "arn:aws:ec2:us-east-1:052730242331:subnet/subnet-02d404b9f5f6e7b7e",
            "assign_ipv6_address_on_creation": false,
            "availability_zone": "us-east-1f",
            "availability_zone_id": "use1-az5",
            "cidr_block": "10.0.11.0/24",
            "customer_owned_ipv4_pool": "",
            "id": "subnet-02d404b9f5f6e7b7e",
            "ipv6_cidr_block": "",
            "ipv6_cidr_block_association_id": "",
            "map_customer_owned_ip_on_launch": false,
            "map_public_ip_on_launch": false,
            "outpost_arn": "",
            "owner_id": "052730242331",
            "tags": {
              "Environment": "ce-ci",
              "Name": "ce-ci-us-east-1f-private",
              "Project": "",
              "Tier": "private"
            },
            "tags_all": {
              "Environment": "ce-ci",
              "Name": "ce-ci-us-east-1f-private",
              "Project": "",
              "Tier": "private"
            },
            "timeouts": null,
            "vpc_id": "vpc-04ab1da9ffa64bb53"
          },
          "sensitive_attributes": [],
          "private": "eyJlMmJmYjczMC1lY2FhLTExZTYtOGY4OC0zNDM2M2JjN2M0YzAiOnsiY3JlYXRlIjo2MDAwMDAwMDAwMDAsImRlbGV0ZSI6MTIwMDAwMDAwMDAwMH0sInNjaGVtYV92ZXJzaW9uIjoiMSJ9",
          "dependencies": [
            "module.vpc.aws_vpc.vpc",
            "module.vpc.data.aws_availability_zones.available"
          ]
        }
      ]
    },
    {
      "module": "module.vpc",
      "mode": "managed",
      "type": "aws_subnet",
      "name": "public_subnet",
      "provider": "provider[\"registry.terraform.io/hashicorp/aws\"]",
      "instances": [
        {
          "index_key": 0,
          "schema_version": 1,
          "attributes": {
            "arn": "arn:aws:ec2:us-east-1:052730242331:subnet/subnet-042f1fd7f1a6a2d79",
            "assign_ipv6_address_on_creation": false,
            "availability_zone": "us-east-1a",
            "availability_zone_id": "use1-az4",
            "cidr_block": "10.0.0.0/24",
            "customer_owned_ipv4_pool": "",
            "id": "subnet-042f1fd7f1a6a2d79",
            "ipv6_cidr_block": "",
            "ipv6_cidr_block_association_id": "",
            "map_customer_owned_ip_on_launch": false,
            "map_public_ip_on_launch": false,
            "outpost_arn": "",
            "owner_id": "052730242331",
            "tags": {
              "Environment": "ce-ci",
              "Name": "ce-ci-us-east-1a-public",
              "Project": "",
              "Tier": "public"
            },
            "tags_all": {
              "Environment": "ce-ci",
              "Name": "ce-ci-us-east-1a-public",
              "Project": "",
              "Tier": "public"
            },
            "timeouts": null,
            "vpc_id": "vpc-04ab1da9ffa64bb53"
          },
          "sensitive_attributes": [],
          "private": "eyJlMmJmYjczMC1lY2FhLTExZTYtOGY4OC0zNDM2M2JjN2M0YzAiOnsiY3JlYXRlIjo2MDAwMDAwMDAwMDAsImRlbGV0ZSI6MTIwMDAwMDAwMDAwMH0sInNjaGVtYV92ZXJzaW9uIjoiMSJ9",
          "dependencies": [
            "module.vpc.aws_vpc.vpc",
            "module.vpc.data.aws_availability_zones.available"
          ]
        },
        {
          "index_key": 1,
          "schema_version": 1,
          "attributes": {
            "arn": "arn:aws:ec2:us-east-1:052730242331:subnet/subnet-0e4fe699df0a84e20",
            "assign_ipv6_address_on_creation": false,
            "availability_zone": "us-east-1b",
            "availability_zone_id": "use1-az6",
            "cidr_block": "10.0.1.0/24",
            "customer_owned_ipv4_pool": "",
            "id": "subnet-0e4fe699df0a84e20",
            "ipv6_cidr_block": "",
            "ipv6_cidr_block_association_id": "",
            "map_customer_owned_ip_on_launch": false,
            "map_public_ip_on_launch": false,
            "outpost_arn": "",
            "owner_id": "052730242331",
            "tags": {
              "Environment": "ce-ci",
              "Name": "ce-ci-us-east-1b-public",
              "Project": "",
              "Tier": "public"
            },
            "tags_all": {
              "Environment": "ce-ci",
              "Name": "ce-ci-us-east-1b-public",
              "Project": "",
              "Tier": "public"
            },
            "timeouts": null,
            "vpc_id": "vpc-04ab1da9ffa64bb53"
          },
          "sensitive_attributes": [],
          "private": "eyJlMmJmYjczMC1lY2FhLTExZTYtOGY4OC0zNDM2M2JjN2M0YzAiOnsiY3JlYXRlIjo2MDAwMDAwMDAwMDAsImRlbGV0ZSI6MTIwMDAwMDAwMDAwMH0sInNjaGVtYV92ZXJzaW9uIjoiMSJ9",
          "dependencies": [
            "module.vpc.aws_vpc.vpc",
            "module.vpc.data.aws_availability_zones.available"
          ]
        },
        {
          "index_key": 2,
          "schema_version": 1,
          "attributes": {
            "arn": "arn:aws:ec2:us-east-1:052730242331:subnet/subnet-005aa0e617d96a40e",
            "assign_ipv6_address_on_creation": false,
            "availability_zone": "us-east-1c",
            "availability_zone_id": "use1-az1",
            "cidr_block": "10.0.2.0/24",
            "customer_owned_ipv4_pool": "",
            "id": "subnet-005aa0e617d96a40e",
            "ipv6_cidr_block": "",
            "ipv6_cidr_block_association_id": "",
            "map_customer_owned_ip_on_launch": false,
            "map_public_ip_on_launch": false,
            "outpost_arn": "",
            "owner_id": "052730242331",
            "tags": {
              "Environment": "ce-ci",
              "Name": "ce-ci-us-east-1c-public",
              "Project": "",
              "Tier": "public"
            },
            "tags_all": {
              "Environment": "ce-ci",
              "Name": "ce-ci-us-east-1c-public",
              "Project": "",
              "Tier": "public"
            },
            "timeouts": null,
            "vpc_id": "vpc-04ab1da9ffa64bb53"
          },
          "sensitive_attributes": [],
          "private": "eyJlMmJmYjczMC1lY2FhLTExZTYtOGY4OC0zNDM2M2JjN2M0YzAiOnsiY3JlYXRlIjo2MDAwMDAwMDAwMDAsImRlbGV0ZSI6MTIwMDAwMDAwMDAwMH0sInNjaGVtYV92ZXJzaW9uIjoiMSJ9",
          "dependencies": [
            "module.vpc.aws_vpc.vpc",
            "module.vpc.data.aws_availability_zones.available"
          ]
        },
        {
          "index_key": 3,
          "schema_version": 1,
          "attributes": {
            "arn": "arn:aws:ec2:us-east-1:052730242331:subnet/subnet-0d685bcc3ba625ef0",
            "assign_ipv6_address_on_creation": false,
            "availability_zone": "us-east-1d",
            "availability_zone_id": "use1-az2",
            "cidr_block": "10.0.3.0/24",
            "customer_owned_ipv4_pool": "",
            "id": "subnet-0d685bcc3ba625ef0",
            "ipv6_cidr_block": "",
            "ipv6_cidr_block_association_id": "",
            "map_customer_owned_ip_on_launch": false,
            "map_public_ip_on_launch": false,
            "outpost_arn": "",
            "owner_id": "052730242331",
            "tags": {
              "Environment": "ce-ci",
              "Name": "ce-ci-us-east-1d-public",
              "Project": "",
              "Tier": "public"
            },
            "tags_all": {
              "Environment": "ce-ci",
              "Name": "ce-ci-us-east-1d-public",
              "Project": "",
              "Tier": "public"
            },
            "timeouts": null,
            "vpc_id": "vpc-04ab1da9ffa64bb53"
          },
          "sensitive_attributes": [],
          "private": "eyJlMmJmYjczMC1lY2FhLTExZTYtOGY4OC0zNDM2M2JjN2M0YzAiOnsiY3JlYXRlIjo2MDAwMDAwMDAwMDAsImRlbGV0ZSI6MTIwMDAwMDAwMDAwMH0sInNjaGVtYV92ZXJzaW9uIjoiMSJ9",
          "dependencies": [
            "module.vpc.aws_vpc.vpc",
            "module.vpc.data.aws_availability_zones.available"
          ]
        },
        {
          "index_key": 4,
          "schema_version": 1,
          "attributes": {
            "arn": "arn:aws:ec2:us-east-1:052730242331:subnet/subnet-028a17ea1fb7d6785",
            "assign_ipv6_address_on_creation": false,
            "availability_zone": "us-east-1e",
            "availability_zone_id": "use1-az3",
            "cidr_block": "10.0.4.0/24",
            "customer_owned_ipv4_pool": "",
            "id": "subnet-028a17ea1fb7d6785",
            "ipv6_cidr_block": "",
            "ipv6_cidr_block_association_id": "",
            "map_customer_owned_ip_on_launch": false,
            "map_public_ip_on_launch": false,
            "outpost_arn": "",
            "owner_id": "052730242331",
            "tags": {
              "Environment": "ce-ci",
              "Name": "ce-ci-us-east-1e-public",
              "Project": "",
              "Tier": "public"
            },
            "tags_all": {
              "Environment": "ce-ci",
              "Name": "ce-ci-us-east-1e-public",
              "Project": "",
              "Tier": "public"
            },
            "timeouts": null,
            "vpc_id": "vpc-04ab1da9ffa64bb53"
          },
          "sensitive_attributes": [],
          "private": "eyJlMmJmYjczMC1lY2FhLTExZTYtOGY4OC0zNDM2M2JjN2M0YzAiOnsiY3JlYXRlIjo2MDAwMDAwMDAwMDAsImRlbGV0ZSI6MTIwMDAwMDAwMDAwMH0sInNjaGVtYV92ZXJzaW9uIjoiMSJ9",
          "dependencies": [
            "module.vpc.aws_vpc.vpc",
            "module.vpc.data.aws_availability_zones.available"
          ]
        },
        {
          "index_key": 5,
          "schema_version": 1,
          "attributes": {
            "arn": "arn:aws:ec2:us-east-1:052730242331:subnet/subnet-0992bbcffbef706d9",
            "assign_ipv6_address_on_creation": false,
            "availability_zone": "us-east-1f",
            "availability_zone_id": "use1-az5",
            "cidr_block": "10.0.5.0/24",
            "customer_owned_ipv4_pool": "",
            "id": "subnet-0992bbcffbef706d9",
            "ipv6_cidr_block": "",
            "ipv6_cidr_block_association_id": "",
            "map_customer_owned_ip_on_launch": false,
            "map_public_ip_on_launch": false,
            "outpost_arn": "",
            "owner_id": "052730242331",
            "tags": {
              "Environment": "ce-ci",
              "Name": "ce-ci-us-east-1f-public",
              "Project": "",
              "Tier": "public"
            },
            "tags_all": {
              "Environment": "ce-ci",
              "Name": "ce-ci-us-east-1f-public",
              "Project": "",
              "Tier": "public"
            },
            "timeouts": null,
            "vpc_id": "vpc-04ab1da9ffa64bb53"
          },
          "sensitive_attributes": [],
          "private": "eyJlMmJmYjczMC1lY2FhLTExZTYtOGY4OC0zNDM2M2JjN2M0YzAiOnsiY3JlYXRlIjo2MDAwMDAwMDAwMDAsImRlbGV0ZSI6MTIwMDAwMDAwMDAwMH0sInNjaGVtYV92ZXJzaW9uIjoiMSJ9",
          "dependencies": [
            "module.vpc.aws_vpc.vpc",
            "module.vpc.data.aws_availability_zones.available"
          ]
        }
      ]
    },
    {
      "module": "module.vpc",
      "mode": "managed",
      "type": "aws_vpc",
      "name": "vpc",
      "provider": "provider[\"registry.terraform.io/hashicorp/aws\"]",
      "instances": [
        {
          "schema_version": 1,
          "attributes": {
            "arn": "arn:aws:ec2:us-east-1:052730242331:vpc/vpc-04ab1da9ffa64bb53",
            "assign_generated_ipv6_cidr_block": false,
            "cidr_block": "10.0.0.0/16",
            "default_network_acl_id": "acl-0a0da9c8d98f61bdb",
            "default_route_table_id": "rtb-07bc6f7437c0e3c9c",
            "default_security_group_id": "sg-0544c7551a0066929",
            "dhcp_options_id": "dopt-4a2c3128",
            "enable_classiclink": false,
            "enable_classiclink_dns_support": false,
            "enable_dns_hostnames": true,
            "enable_dns_support": true,
            "id": "vpc-04ab1da9ffa64bb53",
            "instance_tenancy": "default",
            "ipv6_association_id": "",
            "ipv6_cidr_block": "",
            "main_route_table_id": "rtb-07bc6f7437c0e3c9c",
            "owner_id": "052730242331",
            "tags": {
              "Environment": "ce-ci",
              "Name": "ce-ci-vpc",
              "Project": ""
            },
            "tags_all": {
              "Environment": "ce-ci",
              "Name": "ce-ci-vpc",
              "Project": ""
            }
          },
          "sensitive_attributes": [],
          "private": "eyJzY2hlbWFfdmVyc2lvbiI6IjEifQ=="
        }
      ]
    },
    {
      "module": "module.vpc",
      "mode": "managed",
      "type": "aws_vpc_endpoint",
      "name": "s3_vpc_endpoint",
      "provider": "provider[\"registry.terraform.io/hashicorp/aws\"]",
      "instances": [
        {
          "index_key": 0,
          "schema_version": 0,
          "attributes": {
            "arn": "arn:aws:ec2:us-east-1:052730242331:vpc-endpoint/vpce-0fcfaa9c687d59785",
            "auto_accept": null,
            "cidr_blocks": [
              "52.216.0.0/15",
              "54.231.0.0/16",
              "3.5.0.0/19"
            ],
            "dns_entry": [],
            "id": "vpce-0fcfaa9c687d59785",
            "network_interface_ids": [],
            "owner_id": "052730242331",
            "policy": "{\"Statement\":[{\"Action\":\"*\",\"Effect\":\"Allow\",\"Principal\":\"*\",\"Resource\":\"*\"}],\"Version\":\"2008-10-17\"}",
            "prefix_list_id": "pl-63a5400a",
            "private_dns_enabled": false,
            "requester_managed": false,
            "route_table_ids": [
              "rtb-06cee837e10cb353f",
              "rtb-0bdcdeebf772cae6a"
            ],
            "security_group_ids": [],
            "service_name": "com.amazonaws.us-east-1.s3",
            "state": "available",
            "subnet_ids": [],
            "tags": {
              "Environment": "ce-ci",
              "Name": "ce-ci-vpc",
              "Project": ""
            },
            "tags_all": {
              "Environment": "ce-ci",
              "Name": "ce-ci-vpc",
              "Project": ""
            },
            "timeouts": null,
            "vpc_endpoint_type": "Gateway",
            "vpc_id": "vpc-04ab1da9ffa64bb53"
          },
          "sensitive_attributes": [],
          "private": "eyJlMmJmYjczMC1lY2FhLTExZTYtOGY4OC0zNDM2M2JjN2M0YzAiOnsiY3JlYXRlIjo2MDAwMDAwMDAwMDAsImRlbGV0ZSI6NjAwMDAwMDAwMDAwLCJ1cGRhdGUiOjYwMDAwMDAwMDAwMH19",
          "dependencies": [
            "module.vpc.aws_vpc.vpc",
            "module.vpc.data.aws_vpc_endpoint_service.s3"
          ]
        }
      ]
    },
    {
      "module": "module.vpc",
      "mode": "managed",
      "type": "aws_vpc_endpoint_route_table_association",
      "name": "private_s3",
      "provider": "provider[\"registry.terraform.io/hashicorp/aws\"]",
      "instances": [
        {
          "index_key": 0,
          "schema_version": 0,
          "attributes": {
            "id": "a-vpce-0fcfaa9c687d597852894782985",
            "route_table_id": "rtb-0bdcdeebf772cae6a",
            "vpc_endpoint_id": "vpce-0fcfaa9c687d59785"
          },
          "sensitive_attributes": [],
          "private": "bnVsbA==",
          "dependencies": [
            "module.vpc.aws_vpc.vpc",
            "module.vpc.aws_vpc_endpoint.s3_vpc_endpoint",
            "module.vpc.data.aws_vpc_endpoint_service.s3",
            "module.vpc.aws_route_table.private_routetable"
          ]
        }
      ]
    },
    {
      "module": "module.vpc",
      "mode": "managed",
      "type": "aws_vpc_endpoint_route_table_association",
      "name": "public_s3",
      "provider": "provider[\"registry.terraform.io/hashicorp/aws\"]",
      "instances": [
        {
          "index_key": 0,
          "schema_version": 0,
          "attributes": {
            "id": "a-vpce-0fcfaa9c687d597851292471067",
            "route_table_id": "rtb-06cee837e10cb353f",
            "vpc_endpoint_id": "vpce-0fcfaa9c687d59785"
          },
          "sensitive_attributes": [],
          "private": "bnVsbA==",
          "dependencies": [
            "module.vpc.aws_route_table.public_routetable",
            "module.vpc.aws_vpc.vpc",
            "module.vpc.aws_vpc_endpoint.s3_vpc_endpoint",
            "module.vpc.data.aws_vpc_endpoint_service.s3"
          ]
        }
      ]
    }
  ]
}
